
Microsoft Visual Studio Solution File, Format Version 12.00
# Visual Studio Version 16
VisualStudioVersion = 16.0.28729.10
MinimumVisualStudioVersion = 10.0.40219.1
Project("{2150E333-8FDC-42A3-9474-1A3956D46DE8}") = "Source", "Source", "{3E1FA31D-9222-4530-9CEF-67463938C822}"
EndProject
Project("{9A19103F-16F7-4668-BE54-9A1E7A4F7556}") = "MvvmLib.Core", "Source\MvvmLib.Core\MvvmLib.Core.csproj", "{8ADAFEEA-FF6E-4888-9D07-01E5CF6B21DA}"
EndProject
Project("{9A19103F-16F7-4668-BE54-9A1E7A4F7556}") = "MvvmLib.IoC", "Source\MvvmLib.IoC\MvvmLib.IoC.csproj", "{B5DB3F58-1CD2-421D-9762-2E371D8A168E}"
EndProject
Project("{2150E333-8FDC-42A3-9474-1A3956D46DE8}") = "Common", "Common", "{AD759876-A903-4D12-A8E9-551243070219}"
EndProject
Project("{2150E333-8FDC-42A3-9474-1A3956D46DE8}") = "Wpf", "Wpf", "{0C8E45E1-0667-4BCE-95B8-F1CD69221001}"
EndProject
Project("{FAE04EC0-301F-11D3-BF4B-00C04F79EFBC}") = "MvvmLib.Wpf", "Source\MvvmLib.Wpf\MvvmLib.Wpf.csproj", "{99912EA1-46FC-4D13-8295-BA786582CA74}"
EndProject
Project("{2150E333-8FDC-42A3-9474-1A3956D46DE8}") = "Samples", "Samples", "{CBBB5919-FB4F-4642-99A1-8169E29F711A}"
EndProject
Project("{FAE04EC0-301F-11D3-BF4B-00C04F79EFBC}") = "NavigationSample.Wpf", "Samples\NavigationSample.Wpf\NavigationSample.Wpf.csproj", "{E22B3C3A-0813-4759-9B13-72ECD8DF5AE2}"
EndProject
Project("{2150E333-8FDC-42A3-9474-1A3956D46DE8}") = "Tests", "Tests", "{45B293F2-720E-4770-99C6-0DFA3E65AD60}"
EndProject
Project("{FAE04EC0-301F-11D3-BF4B-00C04F79EFBC}") = "MvvmLib.Wpf.Tests", "Tests\MvvmLib.Wpf.Tests\MvvmLib.Wpf.Tests.csproj", "{D7722531-9EE7-4CBD-9DC7-5F1D9F6C204D}"
EndProject
Project("{FAE04EC0-301F-11D3-BF4B-00C04F79EFBC}") = "MyTestLibrary", "Tests\MyTestLibrary\MyTestLibrary.csproj", "{F765C302-B21C-4948-8AF2-6B1F37D3431E}"
EndProject
Project("{2150E333-8FDC-42A3-9474-1A3956D46DE8}") = "Wpf", "Wpf", "{1BE8A214-386C-4BF5-85C0-17F3FCB899C3}"
EndProject
Project("{2150E333-8FDC-42A3-9474-1A3956D46DE8}") = "Common", "Common", "{F3BFC3E4-0313-44BC-8895-9B024AEC4B7D}"
EndProject
Project("{9A19103F-16F7-4668-BE54-9A1E7A4F7556}") = "MvvmLib.Adaptive.Wpf", "Source\MvvmLib.Adaptive.Wpf\MvvmLib.Adaptive.Wpf.csproj", "{62C5B3C1-0EF8-472A-A324-676756810F95}"
EndProject
Project("{2150E333-8FDC-42A3-9474-1A3956D46DE8}") = "Uwp", "Uwp", "{B82D342E-671B-4571-B725-FDEF7EFF6152}"
EndProject
Project("{FAE04EC0-301F-11D3-BF4B-00C04F79EFBC}") = "MvvmLib.Windows", "Source\MvvmLib.Windows\MvvmLib.Windows.csproj", "{64F48FB6-147D-46D3-B854-820384D9DFC2}"
EndProject
Project("{FAE04EC0-301F-11D3-BF4B-00C04F79EFBC}") = "MvvmLib.Adaptive.Win", "Source\MvvmLib.Adaptive.Win\MvvmLib.Adaptive.Win.csproj", "{1A2BEB9E-82CD-4963-976D-7A4B7B55131F}"
EndProject
Project("{2150E333-8FDC-42A3-9474-1A3956D46DE8}") = "XF", "XF", "{D1048067-E392-43B3-B9EF-5A73E5E5A13B}"
EndProject
Project("{9A19103F-16F7-4668-BE54-9A1E7A4F7556}") = "MvvmLib.XF", "Source\MvvmLib.XF\MvvmLib.XF.csproj", "{A58AB8F7-336B-43FC-BEA8-CA479CF8391D}"
EndProject
Project("{9A19103F-16F7-4668-BE54-9A1E7A4F7556}") = "MvvmLib.Core.Tests", "Tests\MvvmLib.Core.Tests\MvvmLib.Core.Tests.csproj", "{EC14DED0-C9AF-4F44-9AD7-12382D459EA7}"
EndProject
Project("{9A19103F-16F7-4668-BE54-9A1E7A4F7556}") = "MvvmLib.IoC.Tests", "Tests\MvvmLib.IoC.Tests\MvvmLib.IoC.Tests.csproj", "{D14E5CBF-3093-4968-BF49-127F125ADBFD}"
EndProject
Project("{9A19103F-16F7-4668-BE54-9A1E7A4F7556}") = "MyIoCTestLibrary", "Tests\MyIoCTestLibrary\MyIoCTestLibrary.csproj", "{D07F71AD-ABC8-4E9C-A3A8-41791B37F15B}"
EndProject
Project("{FAE04EC0-301F-11D3-BF4B-00C04F79EFBC}") = "MvvmLib.NETFwk.Tests", "Tests\MvvmLib.NETFwk.Tests\MvvmLib.NETFwk.Tests.csproj", "{716ADDD5-D1FE-455F-92DA-2069643D73A0}"
EndProject
Project("{FAE04EC0-301F-11D3-BF4B-00C04F79EFBC}") = "MvvmLib.Adaptive.Wpf.Tests", "Tests\MvvmLib.Adaptive.Wpf.Tests\MvvmLib.Adaptive.Wpf.Tests.csproj", "{F72C16B0-EDAD-4FAD-8D12-78F03497B6F5}"
EndProject
Project("{2150E333-8FDC-42A3-9474-1A3956D46DE8}") = "Uwp", "Uwp", "{D4B139F9-B881-417E-840E-AC41BA561E0A}"
EndProject
Project("{2150E333-8FDC-42A3-9474-1A3956D46DE8}") = "XF", "XF", "{92316826-A14E-4E76-B9E4-67915A992AFB}"
EndProject
Project("{FAE04EC0-301F-11D3-BF4B-00C04F79EFBC}") = "MvvmLib.Adaptive.Win.Tests", "Tests\MvvmLib.Adaptive.Win.Tests\MvvmLib.Adaptive.Win.Tests.csproj", "{35F975A3-1C30-4E55-8C02-DEBF815F8224}"
EndProject
Project("{FAE04EC0-301F-11D3-BF4B-00C04F79EFBC}") = "MvvmLib.Windows.Tests", "Tests\MvvmLib.Windows.Tests\MvvmLib.Windows.Tests.csproj", "{4CD732CE-17A2-4A71-B5CB-AE009A7A6B85}"
EndProject
Project("{9A19103F-16F7-4668-BE54-9A1E7A4F7556}") = "MvvmLib.XF.Tests", "Tests\MvvmLib.XF.Tests\MvvmLib.XF.Tests.csproj", "{E05EA4EE-6F6F-4FF3-8497-9D95D81F91C9}"
EndProject
Project("{2150E333-8FDC-42A3-9474-1A3956D46DE8}") = "Wpf", "Wpf", "{2EF3F4E9-A20D-48A0-BE96-6CAD1546A90E}"
EndProject
Project("{FAE04EC0-301F-11D3-BF4B-00C04F79EFBC}") = "AdaptiveSample", "Samples\AdaptiveSample\AdaptiveSample.csproj", "{675F27FD-25E0-40B2-A7E8-F7645876EE16}"
EndProject
Project("{FAE04EC0-301F-11D3-BF4B-00C04F79EFBC}") = "CompositeCommandSample", "Samples\CompositeCommandSample\CompositeCommandSample.csproj", "{C7A5EF07-E886-49FA-988D-7F9354C89F69}"
EndProject
Project("{FAE04EC0-301F-11D3-BF4B-00C04F79EFBC}") = "HelloWorld", "Samples\HelloWorld\HelloWorld.csproj", "{138FCBAD-9B17-4E44-91D6-06F753604256}"
EndProject
Project("{FAE04EC0-301F-11D3-BF4B-00C04F79EFBC}") = "ValidationSample", "Samples\ValidationSample\ValidationSample.csproj", "{B0591291-1972-45C6-A4B2-992580CD3D6A}"
EndProject
Project("{2150E333-8FDC-42A3-9474-1A3956D46DE8}") = "Uwp", "Uwp", "{EB3030E4-EF18-4121-A80C-87635EDF9BB9}"
EndProject
Project("{FAE04EC0-301F-11D3-BF4B-00C04F79EFBC}") = "AdaptiveSample.Windows", "Samples\AdaptiveSample.Windows\AdaptiveSample.Windows.csproj", "{42071646-6AC9-4891-A23B-552664304AB0}"
EndProject
Project("{FAE04EC0-301F-11D3-BF4B-00C04F79EFBC}") = "NavigationSample.Windows", "Samples\NavigationSample.Windows\NavigationSample.Windows.csproj", "{5750C1F5-50B4-4BF9-A1F6-9A75B48199DA}"
EndProject
Project("{FAE04EC0-301F-11D3-BF4B-00C04F79EFBC}") = "ValidationSample.Windows", "Samples\ValidationSample.Windows\ValidationSample.Windows.csproj", "{5FE29FF7-16ED-48EB-AD8C-A8D71C3B464A}"
EndProject
Project("{2150E333-8FDC-42A3-9474-1A3956D46DE8}") = "XF", "XF", "{9CDC70F5-54C3-46D3-80D2-A452399F7482}"
EndProject
Project("{9A19103F-16F7-4668-BE54-9A1E7A4F7556}") = "NavigationSample", "Samples\XF\NavigationSample\NavigationSample\NavigationSample.csproj", "{9249E8E9-50EE-481A-9376-B3D9AB072260}"
EndProject
Project("{FAE04EC0-301F-11D3-BF4B-00C04F79EFBC}") = "NavigationSample.Android", "Samples\XF\NavigationSample\NavigationSample.Android\NavigationSample.Android.csproj", "{9523610A-962D-4E8C-8A4D-9A610E56D67B}"
EndProject
Project("{2150E333-8FDC-42A3-9474-1A3956D46DE8}") = "Modules", "Modules", "{89A45B0E-0282-4783-8968-DF6959395887}"
EndProject
Project("{FAE04EC0-301F-11D3-BF4B-00C04F79EFBC}") = "ModuleSample", "Samples\Modules\ModuleSample\ModuleSample.csproj", "{E25121CA-1C92-4163-806C-8104DE6FADF3}"
EndProject
Project("{FAE04EC0-301F-11D3-BF4B-00C04F79EFBC}") = "ModuleA", "Samples\Modules\ModuleA\ModuleA.csproj", "{D1CEFBAF-4BC0-421A-BE7D-CB1F31E49693}"
EndProject
Global
	GlobalSection(SolutionConfigurationPlatforms) = preSolution
		Debug|Any CPU = Debug|Any CPU
		Debug|ARM = Debug|ARM
		Debug|ARM64 = Debug|ARM64
		Debug|x64 = Debug|x64
		Debug|x86 = Debug|x86
		Release|Any CPU = Release|Any CPU
		Release|ARM = Release|ARM
		Release|ARM64 = Release|ARM64
		Release|x64 = Release|x64
		Release|x86 = Release|x86
	EndGlobalSection
	GlobalSection(ProjectConfigurationPlatforms) = postSolution
		{8ADAFEEA-FF6E-4888-9D07-01E5CF6B21DA}.Debug|Any CPU.ActiveCfg = Debug|Any CPU
		{8ADAFEEA-FF6E-4888-9D07-01E5CF6B21DA}.Debug|Any CPU.Build.0 = Debug|Any CPU
		{8ADAFEEA-FF6E-4888-9D07-01E5CF6B21DA}.Debug|ARM.ActiveCfg = Debug|Any CPU
		{8ADAFEEA-FF6E-4888-9D07-01E5CF6B21DA}.Debug|ARM.Build.0 = Debug|Any CPU
		{8ADAFEEA-FF6E-4888-9D07-01E5CF6B21DA}.Debug|ARM64.ActiveCfg = Debug|Any CPU
		{8ADAFEEA-FF6E-4888-9D07-01E5CF6B21DA}.Debug|ARM64.Build.0 = Debug|Any CPU
		{8ADAFEEA-FF6E-4888-9D07-01E5CF6B21DA}.Debug|x64.ActiveCfg = Debug|Any CPU
		{8ADAFEEA-FF6E-4888-9D07-01E5CF6B21DA}.Debug|x64.Build.0 = Debug|Any CPU
		{8ADAFEEA-FF6E-4888-9D07-01E5CF6B21DA}.Debug|x86.ActiveCfg = Debug|Any CPU
		{8ADAFEEA-FF6E-4888-9D07-01E5CF6B21DA}.Debug|x86.Build.0 = Debug|Any CPU
		{8ADAFEEA-FF6E-4888-9D07-01E5CF6B21DA}.Release|Any CPU.ActiveCfg = Release|Any CPU
		{8ADAFEEA-FF6E-4888-9D07-01E5CF6B21DA}.Release|Any CPU.Build.0 = Release|Any CPU
		{8ADAFEEA-FF6E-4888-9D07-01E5CF6B21DA}.Release|ARM.ActiveCfg = Release|Any CPU
		{8ADAFEEA-FF6E-4888-9D07-01E5CF6B21DA}.Release|ARM.Build.0 = Release|Any CPU
		{8ADAFEEA-FF6E-4888-9D07-01E5CF6B21DA}.Release|ARM64.ActiveCfg = Release|Any CPU
		{8ADAFEEA-FF6E-4888-9D07-01E5CF6B21DA}.Release|ARM64.Build.0 = Release|Any CPU
		{8ADAFEEA-FF6E-4888-9D07-01E5CF6B21DA}.Release|x64.ActiveCfg = Release|Any CPU
		{8ADAFEEA-FF6E-4888-9D07-01E5CF6B21DA}.Release|x64.Build.0 = Release|Any CPU
		{8ADAFEEA-FF6E-4888-9D07-01E5CF6B21DA}.Release|x86.ActiveCfg = Release|Any CPU
		{8ADAFEEA-FF6E-4888-9D07-01E5CF6B21DA}.Release|x86.Build.0 = Release|Any CPU
		{B5DB3F58-1CD2-421D-9762-2E371D8A168E}.Debug|Any CPU.ActiveCfg = Debug|Any CPU
		{B5DB3F58-1CD2-421D-9762-2E371D8A168E}.Debug|Any CPU.Build.0 = Debug|Any CPU
		{B5DB3F58-1CD2-421D-9762-2E371D8A168E}.Debug|ARM.ActiveCfg = Debug|Any CPU
		{B5DB3F58-1CD2-421D-9762-2E371D8A168E}.Debug|ARM.Build.0 = Debug|Any CPU
		{B5DB3F58-1CD2-421D-9762-2E371D8A168E}.Debug|ARM64.ActiveCfg = Debug|Any CPU
		{B5DB3F58-1CD2-421D-9762-2E371D8A168E}.Debug|ARM64.Build.0 = Debug|Any CPU
		{B5DB3F58-1CD2-421D-9762-2E371D8A168E}.Debug|x64.ActiveCfg = Debug|Any CPU
		{B5DB3F58-1CD2-421D-9762-2E371D8A168E}.Debug|x64.Build.0 = Debug|Any CPU
		{B5DB3F58-1CD2-421D-9762-2E371D8A168E}.Debug|x86.ActiveCfg = Debug|Any CPU
		{B5DB3F58-1CD2-421D-9762-2E371D8A168E}.Debug|x86.Build.0 = Debug|Any CPU
		{B5DB3F58-1CD2-421D-9762-2E371D8A168E}.Release|Any CPU.ActiveCfg = Release|Any CPU
		{B5DB3F58-1CD2-421D-9762-2E371D8A168E}.Release|Any CPU.Build.0 = Release|Any CPU
		{B5DB3F58-1CD2-421D-9762-2E371D8A168E}.Release|ARM.ActiveCfg = Release|Any CPU
		{B5DB3F58-1CD2-421D-9762-2E371D8A168E}.Release|ARM.Build.0 = Release|Any CPU
		{B5DB3F58-1CD2-421D-9762-2E371D8A168E}.Release|ARM64.ActiveCfg = Release|Any CPU
		{B5DB3F58-1CD2-421D-9762-2E371D8A168E}.Release|ARM64.Build.0 = Release|Any CPU
		{B5DB3F58-1CD2-421D-9762-2E371D8A168E}.Release|x64.ActiveCfg = Release|Any CPU
		{B5DB3F58-1CD2-421D-9762-2E371D8A168E}.Release|x64.Build.0 = Release|Any CPU
		{B5DB3F58-1CD2-421D-9762-2E371D8A168E}.Release|x86.ActiveCfg = Release|Any CPU
		{B5DB3F58-1CD2-421D-9762-2E371D8A168E}.Release|x86.Build.0 = Release|Any CPU
		{99912EA1-46FC-4D13-8295-BA786582CA74}.Debug|Any CPU.ActiveCfg = Debug|Any CPU
		{99912EA1-46FC-4D13-8295-BA786582CA74}.Debug|Any CPU.Build.0 = Debug|Any CPU
		{99912EA1-46FC-4D13-8295-BA786582CA74}.Debug|ARM.ActiveCfg = Debug|Any CPU
		{99912EA1-46FC-4D13-8295-BA786582CA74}.Debug|ARM.Build.0 = Debug|Any CPU
		{99912EA1-46FC-4D13-8295-BA786582CA74}.Debug|ARM64.ActiveCfg = Debug|Any CPU
		{99912EA1-46FC-4D13-8295-BA786582CA74}.Debug|ARM64.Build.0 = Debug|Any CPU
		{99912EA1-46FC-4D13-8295-BA786582CA74}.Debug|x64.ActiveCfg = Debug|Any CPU
		{99912EA1-46FC-4D13-8295-BA786582CA74}.Debug|x64.Build.0 = Debug|Any CPU
		{99912EA1-46FC-4D13-8295-BA786582CA74}.Debug|x86.ActiveCfg = Debug|Any CPU
		{99912EA1-46FC-4D13-8295-BA786582CA74}.Debug|x86.Build.0 = Debug|Any CPU
		{99912EA1-46FC-4D13-8295-BA786582CA74}.Release|Any CPU.ActiveCfg = Release|Any CPU
		{99912EA1-46FC-4D13-8295-BA786582CA74}.Release|Any CPU.Build.0 = Release|Any CPU
		{99912EA1-46FC-4D13-8295-BA786582CA74}.Release|ARM.ActiveCfg = Release|Any CPU
		{99912EA1-46FC-4D13-8295-BA786582CA74}.Release|ARM.Build.0 = Release|Any CPU
		{99912EA1-46FC-4D13-8295-BA786582CA74}.Release|ARM64.ActiveCfg = Release|Any CPU
		{99912EA1-46FC-4D13-8295-BA786582CA74}.Release|ARM64.Build.0 = Release|Any CPU
		{99912EA1-46FC-4D13-8295-BA786582CA74}.Release|x64.ActiveCfg = Release|Any CPU
		{99912EA1-46FC-4D13-8295-BA786582CA74}.Release|x64.Build.0 = Release|Any CPU
		{99912EA1-46FC-4D13-8295-BA786582CA74}.Release|x86.ActiveCfg = Release|Any CPU
		{99912EA1-46FC-4D13-8295-BA786582CA74}.Release|x86.Build.0 = Release|Any CPU
		{E22B3C3A-0813-4759-9B13-72ECD8DF5AE2}.Debug|Any CPU.ActiveCfg = Debug|Any CPU
		{E22B3C3A-0813-4759-9B13-72ECD8DF5AE2}.Debug|Any CPU.Build.0 = Debug|Any CPU
		{E22B3C3A-0813-4759-9B13-72ECD8DF5AE2}.Debug|ARM.ActiveCfg = Debug|Any CPU
		{E22B3C3A-0813-4759-9B13-72ECD8DF5AE2}.Debug|ARM.Build.0 = Debug|Any CPU
		{E22B3C3A-0813-4759-9B13-72ECD8DF5AE2}.Debug|ARM64.ActiveCfg = Debug|Any CPU
		{E22B3C3A-0813-4759-9B13-72ECD8DF5AE2}.Debug|ARM64.Build.0 = Debug|Any CPU
		{E22B3C3A-0813-4759-9B13-72ECD8DF5AE2}.Debug|x64.ActiveCfg = Debug|Any CPU
		{E22B3C3A-0813-4759-9B13-72ECD8DF5AE2}.Debug|x64.Build.0 = Debug|Any CPU
		{E22B3C3A-0813-4759-9B13-72ECD8DF5AE2}.Debug|x86.ActiveCfg = Debug|Any CPU
		{E22B3C3A-0813-4759-9B13-72ECD8DF5AE2}.Debug|x86.Build.0 = Debug|Any CPU
		{E22B3C3A-0813-4759-9B13-72ECD8DF5AE2}.Release|Any CPU.ActiveCfg = Release|Any CPU
		{E22B3C3A-0813-4759-9B13-72ECD8DF5AE2}.Release|Any CPU.Build.0 = Release|Any CPU
		{E22B3C3A-0813-4759-9B13-72ECD8DF5AE2}.Release|ARM.ActiveCfg = Release|Any CPU
		{E22B3C3A-0813-4759-9B13-72ECD8DF5AE2}.Release|ARM.Build.0 = Release|Any CPU
		{E22B3C3A-0813-4759-9B13-72ECD8DF5AE2}.Release|ARM64.ActiveCfg = Release|Any CPU
		{E22B3C3A-0813-4759-9B13-72ECD8DF5AE2}.Release|ARM64.Build.0 = Release|Any CPU
		{E22B3C3A-0813-4759-9B13-72ECD8DF5AE2}.Release|x64.ActiveCfg = Release|Any CPU
		{E22B3C3A-0813-4759-9B13-72ECD8DF5AE2}.Release|x64.Build.0 = Release|Any CPU
		{E22B3C3A-0813-4759-9B13-72ECD8DF5AE2}.Release|x86.ActiveCfg = Release|Any CPU
		{E22B3C3A-0813-4759-9B13-72ECD8DF5AE2}.Release|x86.Build.0 = Release|Any CPU
		{D7722531-9EE7-4CBD-9DC7-5F1D9F6C204D}.Debug|Any CPU.ActiveCfg = Debug|Any CPU
		{D7722531-9EE7-4CBD-9DC7-5F1D9F6C204D}.Debug|Any CPU.Build.0 = Debug|Any CPU
		{D7722531-9EE7-4CBD-9DC7-5F1D9F6C204D}.Debug|ARM.ActiveCfg = Debug|Any CPU
		{D7722531-9EE7-4CBD-9DC7-5F1D9F6C204D}.Debug|ARM.Build.0 = Debug|Any CPU
		{D7722531-9EE7-4CBD-9DC7-5F1D9F6C204D}.Debug|ARM64.ActiveCfg = Debug|Any CPU
		{D7722531-9EE7-4CBD-9DC7-5F1D9F6C204D}.Debug|ARM64.Build.0 = Debug|Any CPU
		{D7722531-9EE7-4CBD-9DC7-5F1D9F6C204D}.Debug|x64.ActiveCfg = Debug|Any CPU
		{D7722531-9EE7-4CBD-9DC7-5F1D9F6C204D}.Debug|x64.Build.0 = Debug|Any CPU
		{D7722531-9EE7-4CBD-9DC7-5F1D9F6C204D}.Debug|x86.ActiveCfg = Debug|Any CPU
		{D7722531-9EE7-4CBD-9DC7-5F1D9F6C204D}.Debug|x86.Build.0 = Debug|Any CPU
		{D7722531-9EE7-4CBD-9DC7-5F1D9F6C204D}.Release|Any CPU.ActiveCfg = Release|Any CPU
		{D7722531-9EE7-4CBD-9DC7-5F1D9F6C204D}.Release|Any CPU.Build.0 = Release|Any CPU
		{D7722531-9EE7-4CBD-9DC7-5F1D9F6C204D}.Release|ARM.ActiveCfg = Release|Any CPU
		{D7722531-9EE7-4CBD-9DC7-5F1D9F6C204D}.Release|ARM.Build.0 = Release|Any CPU
		{D7722531-9EE7-4CBD-9DC7-5F1D9F6C204D}.Release|ARM64.ActiveCfg = Release|Any CPU
		{D7722531-9EE7-4CBD-9DC7-5F1D9F6C204D}.Release|ARM64.Build.0 = Release|Any CPU
		{D7722531-9EE7-4CBD-9DC7-5F1D9F6C204D}.Release|x64.ActiveCfg = Release|Any CPU
		{D7722531-9EE7-4CBD-9DC7-5F1D9F6C204D}.Release|x64.Build.0 = Release|Any CPU
		{D7722531-9EE7-4CBD-9DC7-5F1D9F6C204D}.Release|x86.ActiveCfg = Release|Any CPU
		{D7722531-9EE7-4CBD-9DC7-5F1D9F6C204D}.Release|x86.Build.0 = Release|Any CPU
		{F765C302-B21C-4948-8AF2-6B1F37D3431E}.Debug|Any CPU.ActiveCfg = Debug|Any CPU
		{F765C302-B21C-4948-8AF2-6B1F37D3431E}.Debug|Any CPU.Build.0 = Debug|Any CPU
		{F765C302-B21C-4948-8AF2-6B1F37D3431E}.Debug|ARM.ActiveCfg = Debug|Any CPU
		{F765C302-B21C-4948-8AF2-6B1F37D3431E}.Debug|ARM.Build.0 = Debug|Any CPU
		{F765C302-B21C-4948-8AF2-6B1F37D3431E}.Debug|ARM64.ActiveCfg = Debug|Any CPU
		{F765C302-B21C-4948-8AF2-6B1F37D3431E}.Debug|ARM64.Build.0 = Debug|Any CPU
		{F765C302-B21C-4948-8AF2-6B1F37D3431E}.Debug|x64.ActiveCfg = Debug|Any CPU
		{F765C302-B21C-4948-8AF2-6B1F37D3431E}.Debug|x64.Build.0 = Debug|Any CPU
		{F765C302-B21C-4948-8AF2-6B1F37D3431E}.Debug|x86.ActiveCfg = Debug|Any CPU
		{F765C302-B21C-4948-8AF2-6B1F37D3431E}.Debug|x86.Build.0 = Debug|Any CPU
		{F765C302-B21C-4948-8AF2-6B1F37D3431E}.Release|Any CPU.ActiveCfg = Release|Any CPU
		{F765C302-B21C-4948-8AF2-6B1F37D3431E}.Release|Any CPU.Build.0 = Release|Any CPU
		{F765C302-B21C-4948-8AF2-6B1F37D3431E}.Release|ARM.ActiveCfg = Release|Any CPU
		{F765C302-B21C-4948-8AF2-6B1F37D3431E}.Release|ARM.Build.0 = Release|Any CPU
		{F765C302-B21C-4948-8AF2-6B1F37D3431E}.Release|ARM64.ActiveCfg = Release|Any CPU
		{F765C302-B21C-4948-8AF2-6B1F37D3431E}.Release|ARM64.Build.0 = Release|Any CPU
		{F765C302-B21C-4948-8AF2-6B1F37D3431E}.Release|x64.ActiveCfg = Release|Any CPU
		{F765C302-B21C-4948-8AF2-6B1F37D3431E}.Release|x64.Build.0 = Release|Any CPU
		{F765C302-B21C-4948-8AF2-6B1F37D3431E}.Release|x86.ActiveCfg = Release|Any CPU
		{F765C302-B21C-4948-8AF2-6B1F37D3431E}.Release|x86.Build.0 = Release|Any CPU
		{62C5B3C1-0EF8-472A-A324-676756810F95}.Debug|Any CPU.ActiveCfg = Debug|Any CPU
		{62C5B3C1-0EF8-472A-A324-676756810F95}.Debug|Any CPU.Build.0 = Debug|Any CPU
		{62C5B3C1-0EF8-472A-A324-676756810F95}.Debug|ARM.ActiveCfg = Debug|Any CPU
		{62C5B3C1-0EF8-472A-A324-676756810F95}.Debug|ARM.Build.0 = Debug|Any CPU
		{62C5B3C1-0EF8-472A-A324-676756810F95}.Debug|ARM64.ActiveCfg = Debug|Any CPU
		{62C5B3C1-0EF8-472A-A324-676756810F95}.Debug|ARM64.Build.0 = Debug|Any CPU
		{62C5B3C1-0EF8-472A-A324-676756810F95}.Debug|x64.ActiveCfg = Debug|Any CPU
		{62C5B3C1-0EF8-472A-A324-676756810F95}.Debug|x64.Build.0 = Debug|Any CPU
		{62C5B3C1-0EF8-472A-A324-676756810F95}.Debug|x86.ActiveCfg = Debug|Any CPU
		{62C5B3C1-0EF8-472A-A324-676756810F95}.Debug|x86.Build.0 = Debug|Any CPU
		{62C5B3C1-0EF8-472A-A324-676756810F95}.Release|Any CPU.ActiveCfg = Release|Any CPU
		{62C5B3C1-0EF8-472A-A324-676756810F95}.Release|Any CPU.Build.0 = Release|Any CPU
		{62C5B3C1-0EF8-472A-A324-676756810F95}.Release|ARM.ActiveCfg = Release|Any CPU
		{62C5B3C1-0EF8-472A-A324-676756810F95}.Release|ARM.Build.0 = Release|Any CPU
		{62C5B3C1-0EF8-472A-A324-676756810F95}.Release|ARM64.ActiveCfg = Release|Any CPU
		{62C5B3C1-0EF8-472A-A324-676756810F95}.Release|ARM64.Build.0 = Release|Any CPU
		{62C5B3C1-0EF8-472A-A324-676756810F95}.Release|x64.ActiveCfg = Release|Any CPU
		{62C5B3C1-0EF8-472A-A324-676756810F95}.Release|x64.Build.0 = Release|Any CPU
		{62C5B3C1-0EF8-472A-A324-676756810F95}.Release|x86.ActiveCfg = Release|Any CPU
		{62C5B3C1-0EF8-472A-A324-676756810F95}.Release|x86.Build.0 = Release|Any CPU
		{64F48FB6-147D-46D3-B854-820384D9DFC2}.Debug|Any CPU.ActiveCfg = Debug|Any CPU
		{64F48FB6-147D-46D3-B854-820384D9DFC2}.Debug|Any CPU.Build.0 = Debug|Any CPU
		{64F48FB6-147D-46D3-B854-820384D9DFC2}.Debug|ARM.ActiveCfg = Debug|ARM
		{64F48FB6-147D-46D3-B854-820384D9DFC2}.Debug|ARM.Build.0 = Debug|ARM
		{64F48FB6-147D-46D3-B854-820384D9DFC2}.Debug|ARM64.ActiveCfg = Debug|ARM64
		{64F48FB6-147D-46D3-B854-820384D9DFC2}.Debug|ARM64.Build.0 = Debug|ARM64
		{64F48FB6-147D-46D3-B854-820384D9DFC2}.Debug|x64.ActiveCfg = Debug|x64
		{64F48FB6-147D-46D3-B854-820384D9DFC2}.Debug|x64.Build.0 = Debug|x64
		{64F48FB6-147D-46D3-B854-820384D9DFC2}.Debug|x86.ActiveCfg = Debug|x86
		{64F48FB6-147D-46D3-B854-820384D9DFC2}.Debug|x86.Build.0 = Debug|x86
		{64F48FB6-147D-46D3-B854-820384D9DFC2}.Release|Any CPU.ActiveCfg = Release|Any CPU
		{64F48FB6-147D-46D3-B854-820384D9DFC2}.Release|Any CPU.Build.0 = Release|Any CPU
		{64F48FB6-147D-46D3-B854-820384D9DFC2}.Release|ARM.ActiveCfg = Release|ARM
		{64F48FB6-147D-46D3-B854-820384D9DFC2}.Release|ARM.Build.0 = Release|ARM
		{64F48FB6-147D-46D3-B854-820384D9DFC2}.Release|ARM64.ActiveCfg = Release|ARM64
		{64F48FB6-147D-46D3-B854-820384D9DFC2}.Release|ARM64.Build.0 = Release|ARM64
		{64F48FB6-147D-46D3-B854-820384D9DFC2}.Release|x64.ActiveCfg = Release|x64
		{64F48FB6-147D-46D3-B854-820384D9DFC2}.Release|x64.Build.0 = Release|x64
		{64F48FB6-147D-46D3-B854-820384D9DFC2}.Release|x86.ActiveCfg = Release|x86
		{64F48FB6-147D-46D3-B854-820384D9DFC2}.Release|x86.Build.0 = Release|x86
		{1A2BEB9E-82CD-4963-976D-7A4B7B55131F}.Debug|Any CPU.ActiveCfg = Debug|Any CPU
		{1A2BEB9E-82CD-4963-976D-7A4B7B55131F}.Debug|Any CPU.Build.0 = Debug|Any CPU
		{1A2BEB9E-82CD-4963-976D-7A4B7B55131F}.Debug|ARM.ActiveCfg = Debug|ARM
		{1A2BEB9E-82CD-4963-976D-7A4B7B55131F}.Debug|ARM.Build.0 = Debug|ARM
		{1A2BEB9E-82CD-4963-976D-7A4B7B55131F}.Debug|ARM64.ActiveCfg = Debug|ARM64
		{1A2BEB9E-82CD-4963-976D-7A4B7B55131F}.Debug|ARM64.Build.0 = Debug|ARM64
		{1A2BEB9E-82CD-4963-976D-7A4B7B55131F}.Debug|x64.ActiveCfg = Debug|x64
		{1A2BEB9E-82CD-4963-976D-7A4B7B55131F}.Debug|x64.Build.0 = Debug|x64
		{1A2BEB9E-82CD-4963-976D-7A4B7B55131F}.Debug|x86.ActiveCfg = Debug|x86
		{1A2BEB9E-82CD-4963-976D-7A4B7B55131F}.Debug|x86.Build.0 = Debug|x86
		{1A2BEB9E-82CD-4963-976D-7A4B7B55131F}.Release|Any CPU.ActiveCfg = Release|Any CPU
		{1A2BEB9E-82CD-4963-976D-7A4B7B55131F}.Release|Any CPU.Build.0 = Release|Any CPU
		{1A2BEB9E-82CD-4963-976D-7A4B7B55131F}.Release|ARM.ActiveCfg = Release|ARM
		{1A2BEB9E-82CD-4963-976D-7A4B7B55131F}.Release|ARM.Build.0 = Release|ARM
		{1A2BEB9E-82CD-4963-976D-7A4B7B55131F}.Release|ARM64.ActiveCfg = Release|ARM64
		{1A2BEB9E-82CD-4963-976D-7A4B7B55131F}.Release|ARM64.Build.0 = Release|ARM64
		{1A2BEB9E-82CD-4963-976D-7A4B7B55131F}.Release|x64.ActiveCfg = Release|x64
		{1A2BEB9E-82CD-4963-976D-7A4B7B55131F}.Release|x64.Build.0 = Release|x64
		{1A2BEB9E-82CD-4963-976D-7A4B7B55131F}.Release|x86.ActiveCfg = Release|x86
		{1A2BEB9E-82CD-4963-976D-7A4B7B55131F}.Release|x86.Build.0 = Release|x86
		{A58AB8F7-336B-43FC-BEA8-CA479CF8391D}.Debug|Any CPU.ActiveCfg = Debug|Any CPU
		{A58AB8F7-336B-43FC-BEA8-CA479CF8391D}.Debug|Any CPU.Build.0 = Debug|Any CPU
		{A58AB8F7-336B-43FC-BEA8-CA479CF8391D}.Debug|ARM.ActiveCfg = Debug|Any CPU
		{A58AB8F7-336B-43FC-BEA8-CA479CF8391D}.Debug|ARM.Build.0 = Debug|Any CPU
		{A58AB8F7-336B-43FC-BEA8-CA479CF8391D}.Debug|ARM64.ActiveCfg = Debug|Any CPU
		{A58AB8F7-336B-43FC-BEA8-CA479CF8391D}.Debug|ARM64.Build.0 = Debug|Any CPU
		{A58AB8F7-336B-43FC-BEA8-CA479CF8391D}.Debug|x64.ActiveCfg = Debug|Any CPU
		{A58AB8F7-336B-43FC-BEA8-CA479CF8391D}.Debug|x64.Build.0 = Debug|Any CPU
		{A58AB8F7-336B-43FC-BEA8-CA479CF8391D}.Debug|x86.ActiveCfg = Debug|Any CPU
		{A58AB8F7-336B-43FC-BEA8-CA479CF8391D}.Debug|x86.Build.0 = Debug|Any CPU
		{A58AB8F7-336B-43FC-BEA8-CA479CF8391D}.Release|Any CPU.ActiveCfg = Release|Any CPU
		{A58AB8F7-336B-43FC-BEA8-CA479CF8391D}.Release|Any CPU.Build.0 = Release|Any CPU
		{A58AB8F7-336B-43FC-BEA8-CA479CF8391D}.Release|ARM.ActiveCfg = Release|Any CPU
		{A58AB8F7-336B-43FC-BEA8-CA479CF8391D}.Release|ARM.Build.0 = Release|Any CPU
		{A58AB8F7-336B-43FC-BEA8-CA479CF8391D}.Release|ARM64.ActiveCfg = Release|Any CPU
		{A58AB8F7-336B-43FC-BEA8-CA479CF8391D}.Release|ARM64.Build.0 = Release|Any CPU
		{A58AB8F7-336B-43FC-BEA8-CA479CF8391D}.Release|x64.ActiveCfg = Release|Any CPU
		{A58AB8F7-336B-43FC-BEA8-CA479CF8391D}.Release|x64.Build.0 = Release|Any CPU
		{A58AB8F7-336B-43FC-BEA8-CA479CF8391D}.Release|x86.ActiveCfg = Release|Any CPU
		{A58AB8F7-336B-43FC-BEA8-CA479CF8391D}.Release|x86.Build.0 = Release|Any CPU
		{EC14DED0-C9AF-4F44-9AD7-12382D459EA7}.Debug|Any CPU.ActiveCfg = Debug|Any CPU
		{EC14DED0-C9AF-4F44-9AD7-12382D459EA7}.Debug|Any CPU.Build.0 = Debug|Any CPU
		{EC14DED0-C9AF-4F44-9AD7-12382D459EA7}.Debug|ARM.ActiveCfg = Debug|Any CPU
		{EC14DED0-C9AF-4F44-9AD7-12382D459EA7}.Debug|ARM.Build.0 = Debug|Any CPU
		{EC14DED0-C9AF-4F44-9AD7-12382D459EA7}.Debug|ARM64.ActiveCfg = Debug|Any CPU
		{EC14DED0-C9AF-4F44-9AD7-12382D459EA7}.Debug|ARM64.Build.0 = Debug|Any CPU
		{EC14DED0-C9AF-4F44-9AD7-12382D459EA7}.Debug|x64.ActiveCfg = Debug|Any CPU
		{EC14DED0-C9AF-4F44-9AD7-12382D459EA7}.Debug|x64.Build.0 = Debug|Any CPU
		{EC14DED0-C9AF-4F44-9AD7-12382D459EA7}.Debug|x86.ActiveCfg = Debug|Any CPU
		{EC14DED0-C9AF-4F44-9AD7-12382D459EA7}.Debug|x86.Build.0 = Debug|Any CPU
		{EC14DED0-C9AF-4F44-9AD7-12382D459EA7}.Release|Any CPU.ActiveCfg = Release|Any CPU
		{EC14DED0-C9AF-4F44-9AD7-12382D459EA7}.Release|Any CPU.Build.0 = Release|Any CPU
		{EC14DED0-C9AF-4F44-9AD7-12382D459EA7}.Release|ARM.ActiveCfg = Release|Any CPU
		{EC14DED0-C9AF-4F44-9AD7-12382D459EA7}.Release|ARM.Build.0 = Release|Any CPU
		{EC14DED0-C9AF-4F44-9AD7-12382D459EA7}.Release|ARM64.ActiveCfg = Release|Any CPU
		{EC14DED0-C9AF-4F44-9AD7-12382D459EA7}.Release|ARM64.Build.0 = Release|Any CPU
		{EC14DED0-C9AF-4F44-9AD7-12382D459EA7}.Release|x64.ActiveCfg = Release|Any CPU
		{EC14DED0-C9AF-4F44-9AD7-12382D459EA7}.Release|x64.Build.0 = Release|Any CPU
		{EC14DED0-C9AF-4F44-9AD7-12382D459EA7}.Release|x86.ActiveCfg = Release|Any CPU
		{EC14DED0-C9AF-4F44-9AD7-12382D459EA7}.Release|x86.Build.0 = Release|Any CPU
		{D14E5CBF-3093-4968-BF49-127F125ADBFD}.Debug|Any CPU.ActiveCfg = Debug|Any CPU
		{D14E5CBF-3093-4968-BF49-127F125ADBFD}.Debug|Any CPU.Build.0 = Debug|Any CPU
		{D14E5CBF-3093-4968-BF49-127F125ADBFD}.Debug|ARM.ActiveCfg = Debug|Any CPU
		{D14E5CBF-3093-4968-BF49-127F125ADBFD}.Debug|ARM.Build.0 = Debug|Any CPU
		{D14E5CBF-3093-4968-BF49-127F125ADBFD}.Debug|ARM64.ActiveCfg = Debug|Any CPU
		{D14E5CBF-3093-4968-BF49-127F125ADBFD}.Debug|ARM64.Build.0 = Debug|Any CPU
		{D14E5CBF-3093-4968-BF49-127F125ADBFD}.Debug|x64.ActiveCfg = Debug|Any CPU
		{D14E5CBF-3093-4968-BF49-127F125ADBFD}.Debug|x64.Build.0 = Debug|Any CPU
		{D14E5CBF-3093-4968-BF49-127F125ADBFD}.Debug|x86.ActiveCfg = Debug|Any CPU
		{D14E5CBF-3093-4968-BF49-127F125ADBFD}.Debug|x86.Build.0 = Debug|Any CPU
		{D14E5CBF-3093-4968-BF49-127F125ADBFD}.Release|Any CPU.ActiveCfg = Release|Any CPU
		{D14E5CBF-3093-4968-BF49-127F125ADBFD}.Release|Any CPU.Build.0 = Release|Any CPU
		{D14E5CBF-3093-4968-BF49-127F125ADBFD}.Release|ARM.ActiveCfg = Release|Any CPU
		{D14E5CBF-3093-4968-BF49-127F125ADBFD}.Release|ARM.Build.0 = Release|Any CPU
		{D14E5CBF-3093-4968-BF49-127F125ADBFD}.Release|ARM64.ActiveCfg = Release|Any CPU
		{D14E5CBF-3093-4968-BF49-127F125ADBFD}.Release|ARM64.Build.0 = Release|Any CPU
		{D14E5CBF-3093-4968-BF49-127F125ADBFD}.Release|x64.ActiveCfg = Release|Any CPU
		{D14E5CBF-3093-4968-BF49-127F125ADBFD}.Release|x64.Build.0 = Release|Any CPU
		{D14E5CBF-3093-4968-BF49-127F125ADBFD}.Release|x86.ActiveCfg = Release|Any CPU
		{D14E5CBF-3093-4968-BF49-127F125ADBFD}.Release|x86.Build.0 = Release|Any CPU
		{D07F71AD-ABC8-4E9C-A3A8-41791B37F15B}.Debug|Any CPU.ActiveCfg = Debug|Any CPU
		{D07F71AD-ABC8-4E9C-A3A8-41791B37F15B}.Debug|Any CPU.Build.0 = Debug|Any CPU
		{D07F71AD-ABC8-4E9C-A3A8-41791B37F15B}.Debug|ARM.ActiveCfg = Debug|Any CPU
		{D07F71AD-ABC8-4E9C-A3A8-41791B37F15B}.Debug|ARM.Build.0 = Debug|Any CPU
		{D07F71AD-ABC8-4E9C-A3A8-41791B37F15B}.Debug|ARM64.ActiveCfg = Debug|Any CPU
		{D07F71AD-ABC8-4E9C-A3A8-41791B37F15B}.Debug|ARM64.Build.0 = Debug|Any CPU
		{D07F71AD-ABC8-4E9C-A3A8-41791B37F15B}.Debug|x64.ActiveCfg = Debug|Any CPU
		{D07F71AD-ABC8-4E9C-A3A8-41791B37F15B}.Debug|x64.Build.0 = Debug|Any CPU
		{D07F71AD-ABC8-4E9C-A3A8-41791B37F15B}.Debug|x86.ActiveCfg = Debug|Any CPU
		{D07F71AD-ABC8-4E9C-A3A8-41791B37F15B}.Debug|x86.Build.0 = Debug|Any CPU
		{D07F71AD-ABC8-4E9C-A3A8-41791B37F15B}.Release|Any CPU.ActiveCfg = Release|Any CPU
		{D07F71AD-ABC8-4E9C-A3A8-41791B37F15B}.Release|Any CPU.Build.0 = Release|Any CPU
		{D07F71AD-ABC8-4E9C-A3A8-41791B37F15B}.Release|ARM.ActiveCfg = Release|Any CPU
		{D07F71AD-ABC8-4E9C-A3A8-41791B37F15B}.Release|ARM.Build.0 = Release|Any CPU
		{D07F71AD-ABC8-4E9C-A3A8-41791B37F15B}.Release|ARM64.ActiveCfg = Release|Any CPU
		{D07F71AD-ABC8-4E9C-A3A8-41791B37F15B}.Release|ARM64.Build.0 = Release|Any CPU
		{D07F71AD-ABC8-4E9C-A3A8-41791B37F15B}.Release|x64.ActiveCfg = Release|Any CPU
		{D07F71AD-ABC8-4E9C-A3A8-41791B37F15B}.Release|x64.Build.0 = Release|Any CPU
		{D07F71AD-ABC8-4E9C-A3A8-41791B37F15B}.Release|x86.ActiveCfg = Release|Any CPU
		{D07F71AD-ABC8-4E9C-A3A8-41791B37F15B}.Release|x86.Build.0 = Release|Any CPU
		{716ADDD5-D1FE-455F-92DA-2069643D73A0}.Debug|Any CPU.ActiveCfg = Debug|Any CPU
		{716ADDD5-D1FE-455F-92DA-2069643D73A0}.Debug|Any CPU.Build.0 = Debug|Any CPU
		{716ADDD5-D1FE-455F-92DA-2069643D73A0}.Debug|ARM.ActiveCfg = Debug|Any CPU
		{716ADDD5-D1FE-455F-92DA-2069643D73A0}.Debug|ARM.Build.0 = Debug|Any CPU
		{716ADDD5-D1FE-455F-92DA-2069643D73A0}.Debug|ARM64.ActiveCfg = Debug|Any CPU
		{716ADDD5-D1FE-455F-92DA-2069643D73A0}.Debug|ARM64.Build.0 = Debug|Any CPU
		{716ADDD5-D1FE-455F-92DA-2069643D73A0}.Debug|x64.ActiveCfg = Debug|Any CPU
		{716ADDD5-D1FE-455F-92DA-2069643D73A0}.Debug|x64.Build.0 = Debug|Any CPU
		{716ADDD5-D1FE-455F-92DA-2069643D73A0}.Debug|x86.ActiveCfg = Debug|Any CPU
		{716ADDD5-D1FE-455F-92DA-2069643D73A0}.Debug|x86.Build.0 = Debug|Any CPU
		{716ADDD5-D1FE-455F-92DA-2069643D73A0}.Release|Any CPU.ActiveCfg = Release|Any CPU
		{716ADDD5-D1FE-455F-92DA-2069643D73A0}.Release|Any CPU.Build.0 = Release|Any CPU
		{716ADDD5-D1FE-455F-92DA-2069643D73A0}.Release|ARM.ActiveCfg = Release|Any CPU
		{716ADDD5-D1FE-455F-92DA-2069643D73A0}.Release|ARM.Build.0 = Release|Any CPU
		{716ADDD5-D1FE-455F-92DA-2069643D73A0}.Release|ARM64.ActiveCfg = Release|Any CPU
		{716ADDD5-D1FE-455F-92DA-2069643D73A0}.Release|ARM64.Build.0 = Release|Any CPU
		{716ADDD5-D1FE-455F-92DA-2069643D73A0}.Release|x64.ActiveCfg = Release|Any CPU
		{716ADDD5-D1FE-455F-92DA-2069643D73A0}.Release|x64.Build.0 = Release|Any CPU
		{716ADDD5-D1FE-455F-92DA-2069643D73A0}.Release|x86.ActiveCfg = Release|Any CPU
		{716ADDD5-D1FE-455F-92DA-2069643D73A0}.Release|x86.Build.0 = Release|Any CPU
		{F72C16B0-EDAD-4FAD-8D12-78F03497B6F5}.Debug|Any CPU.ActiveCfg = Debug|Any CPU
		{F72C16B0-EDAD-4FAD-8D12-78F03497B6F5}.Debug|Any CPU.Build.0 = Debug|Any CPU
		{F72C16B0-EDAD-4FAD-8D12-78F03497B6F5}.Debug|ARM.ActiveCfg = Debug|Any CPU
		{F72C16B0-EDAD-4FAD-8D12-78F03497B6F5}.Debug|ARM.Build.0 = Debug|Any CPU
		{F72C16B0-EDAD-4FAD-8D12-78F03497B6F5}.Debug|ARM64.ActiveCfg = Debug|Any CPU
		{F72C16B0-EDAD-4FAD-8D12-78F03497B6F5}.Debug|ARM64.Build.0 = Debug|Any CPU
		{F72C16B0-EDAD-4FAD-8D12-78F03497B6F5}.Debug|x64.ActiveCfg = Debug|Any CPU
		{F72C16B0-EDAD-4FAD-8D12-78F03497B6F5}.Debug|x64.Build.0 = Debug|Any CPU
		{F72C16B0-EDAD-4FAD-8D12-78F03497B6F5}.Debug|x86.ActiveCfg = Debug|Any CPU
		{F72C16B0-EDAD-4FAD-8D12-78F03497B6F5}.Debug|x86.Build.0 = Debug|Any CPU
		{F72C16B0-EDAD-4FAD-8D12-78F03497B6F5}.Release|Any CPU.ActiveCfg = Release|Any CPU
		{F72C16B0-EDAD-4FAD-8D12-78F03497B6F5}.Release|Any CPU.Build.0 = Release|Any CPU
		{F72C16B0-EDAD-4FAD-8D12-78F03497B6F5}.Release|ARM.ActiveCfg = Release|Any CPU
		{F72C16B0-EDAD-4FAD-8D12-78F03497B6F5}.Release|ARM.Build.0 = Release|Any CPU
		{F72C16B0-EDAD-4FAD-8D12-78F03497B6F5}.Release|ARM64.ActiveCfg = Release|Any CPU
		{F72C16B0-EDAD-4FAD-8D12-78F03497B6F5}.Release|ARM64.Build.0 = Release|Any CPU
		{F72C16B0-EDAD-4FAD-8D12-78F03497B6F5}.Release|x64.ActiveCfg = Release|Any CPU
		{F72C16B0-EDAD-4FAD-8D12-78F03497B6F5}.Release|x64.Build.0 = Release|Any CPU
		{F72C16B0-EDAD-4FAD-8D12-78F03497B6F5}.Release|x86.ActiveCfg = Release|Any CPU
		{F72C16B0-EDAD-4FAD-8D12-78F03497B6F5}.Release|x86.Build.0 = Release|Any CPU
		{35F975A3-1C30-4E55-8C02-DEBF815F8224}.Debug|Any CPU.ActiveCfg = Debug|x86
		{35F975A3-1C30-4E55-8C02-DEBF815F8224}.Debug|ARM.ActiveCfg = Debug|ARM
		{35F975A3-1C30-4E55-8C02-DEBF815F8224}.Debug|ARM.Build.0 = Debug|ARM
		{35F975A3-1C30-4E55-8C02-DEBF815F8224}.Debug|ARM.Deploy.0 = Debug|ARM
		{35F975A3-1C30-4E55-8C02-DEBF815F8224}.Debug|ARM64.ActiveCfg = Debug|ARM64
		{35F975A3-1C30-4E55-8C02-DEBF815F8224}.Debug|ARM64.Build.0 = Debug|ARM64
		{35F975A3-1C30-4E55-8C02-DEBF815F8224}.Debug|ARM64.Deploy.0 = Debug|ARM64
		{35F975A3-1C30-4E55-8C02-DEBF815F8224}.Debug|x64.ActiveCfg = Debug|x64
		{35F975A3-1C30-4E55-8C02-DEBF815F8224}.Debug|x64.Build.0 = Debug|x64
		{35F975A3-1C30-4E55-8C02-DEBF815F8224}.Debug|x64.Deploy.0 = Debug|x64
		{35F975A3-1C30-4E55-8C02-DEBF815F8224}.Debug|x86.ActiveCfg = Debug|x86
		{35F975A3-1C30-4E55-8C02-DEBF815F8224}.Debug|x86.Build.0 = Debug|x86
		{35F975A3-1C30-4E55-8C02-DEBF815F8224}.Debug|x86.Deploy.0 = Debug|x86
		{35F975A3-1C30-4E55-8C02-DEBF815F8224}.Release|Any CPU.ActiveCfg = Release|x86
		{35F975A3-1C30-4E55-8C02-DEBF815F8224}.Release|ARM.ActiveCfg = Release|ARM
		{35F975A3-1C30-4E55-8C02-DEBF815F8224}.Release|ARM.Build.0 = Release|ARM
		{35F975A3-1C30-4E55-8C02-DEBF815F8224}.Release|ARM.Deploy.0 = Release|ARM
		{35F975A3-1C30-4E55-8C02-DEBF815F8224}.Release|ARM64.ActiveCfg = Release|ARM64
		{35F975A3-1C30-4E55-8C02-DEBF815F8224}.Release|ARM64.Build.0 = Release|ARM64
		{35F975A3-1C30-4E55-8C02-DEBF815F8224}.Release|ARM64.Deploy.0 = Release|ARM64
		{35F975A3-1C30-4E55-8C02-DEBF815F8224}.Release|x64.ActiveCfg = Release|x64
		{35F975A3-1C30-4E55-8C02-DEBF815F8224}.Release|x64.Build.0 = Release|x64
		{35F975A3-1C30-4E55-8C02-DEBF815F8224}.Release|x64.Deploy.0 = Release|x64
		{35F975A3-1C30-4E55-8C02-DEBF815F8224}.Release|x86.ActiveCfg = Release|x86
		{35F975A3-1C30-4E55-8C02-DEBF815F8224}.Release|x86.Build.0 = Release|x86
		{35F975A3-1C30-4E55-8C02-DEBF815F8224}.Release|x86.Deploy.0 = Release|x86
		{4CD732CE-17A2-4A71-B5CB-AE009A7A6B85}.Debug|Any CPU.ActiveCfg = Debug|x86
		{4CD732CE-17A2-4A71-B5CB-AE009A7A6B85}.Debug|ARM.ActiveCfg = Debug|ARM
		{4CD732CE-17A2-4A71-B5CB-AE009A7A6B85}.Debug|ARM.Build.0 = Debug|ARM
		{4CD732CE-17A2-4A71-B5CB-AE009A7A6B85}.Debug|ARM.Deploy.0 = Debug|ARM
		{4CD732CE-17A2-4A71-B5CB-AE009A7A6B85}.Debug|ARM64.ActiveCfg = Debug|ARM64
		{4CD732CE-17A2-4A71-B5CB-AE009A7A6B85}.Debug|ARM64.Build.0 = Debug|ARM64
		{4CD732CE-17A2-4A71-B5CB-AE009A7A6B85}.Debug|ARM64.Deploy.0 = Debug|ARM64
		{4CD732CE-17A2-4A71-B5CB-AE009A7A6B85}.Debug|x64.ActiveCfg = Debug|x64
		{4CD732CE-17A2-4A71-B5CB-AE009A7A6B85}.Debug|x64.Build.0 = Debug|x64
		{4CD732CE-17A2-4A71-B5CB-AE009A7A6B85}.Debug|x64.Deploy.0 = Debug|x64
		{4CD732CE-17A2-4A71-B5CB-AE009A7A6B85}.Debug|x86.ActiveCfg = Debug|x86
		{4CD732CE-17A2-4A71-B5CB-AE009A7A6B85}.Debug|x86.Build.0 = Debug|x86
		{4CD732CE-17A2-4A71-B5CB-AE009A7A6B85}.Debug|x86.Deploy.0 = Debug|x86
		{4CD732CE-17A2-4A71-B5CB-AE009A7A6B85}.Release|Any CPU.ActiveCfg = Release|x86
		{4CD732CE-17A2-4A71-B5CB-AE009A7A6B85}.Release|ARM.ActiveCfg = Release|ARM
		{4CD732CE-17A2-4A71-B5CB-AE009A7A6B85}.Release|ARM.Build.0 = Release|ARM
		{4CD732CE-17A2-4A71-B5CB-AE009A7A6B85}.Release|ARM.Deploy.0 = Release|ARM
		{4CD732CE-17A2-4A71-B5CB-AE009A7A6B85}.Release|ARM64.ActiveCfg = Release|ARM64
		{4CD732CE-17A2-4A71-B5CB-AE009A7A6B85}.Release|ARM64.Build.0 = Release|ARM64
		{4CD732CE-17A2-4A71-B5CB-AE009A7A6B85}.Release|ARM64.Deploy.0 = Release|ARM64
		{4CD732CE-17A2-4A71-B5CB-AE009A7A6B85}.Release|x64.ActiveCfg = Release|x64
		{4CD732CE-17A2-4A71-B5CB-AE009A7A6B85}.Release|x64.Build.0 = Release|x64
		{4CD732CE-17A2-4A71-B5CB-AE009A7A6B85}.Release|x64.Deploy.0 = Release|x64
		{4CD732CE-17A2-4A71-B5CB-AE009A7A6B85}.Release|x86.ActiveCfg = Release|x86
		{4CD732CE-17A2-4A71-B5CB-AE009A7A6B85}.Release|x86.Build.0 = Release|x86
		{4CD732CE-17A2-4A71-B5CB-AE009A7A6B85}.Release|x86.Deploy.0 = Release|x86
		{E05EA4EE-6F6F-4FF3-8497-9D95D81F91C9}.Debug|Any CPU.ActiveCfg = Debug|Any CPU
		{E05EA4EE-6F6F-4FF3-8497-9D95D81F91C9}.Debug|Any CPU.Build.0 = Debug|Any CPU
		{E05EA4EE-6F6F-4FF3-8497-9D95D81F91C9}.Debug|ARM.ActiveCfg = Debug|Any CPU
		{E05EA4EE-6F6F-4FF3-8497-9D95D81F91C9}.Debug|ARM.Build.0 = Debug|Any CPU
		{E05EA4EE-6F6F-4FF3-8497-9D95D81F91C9}.Debug|ARM64.ActiveCfg = Debug|Any CPU
		{E05EA4EE-6F6F-4FF3-8497-9D95D81F91C9}.Debug|ARM64.Build.0 = Debug|Any CPU
		{E05EA4EE-6F6F-4FF3-8497-9D95D81F91C9}.Debug|x64.ActiveCfg = Debug|Any CPU
		{E05EA4EE-6F6F-4FF3-8497-9D95D81F91C9}.Debug|x64.Build.0 = Debug|Any CPU
		{E05EA4EE-6F6F-4FF3-8497-9D95D81F91C9}.Debug|x86.ActiveCfg = Debug|Any CPU
		{E05EA4EE-6F6F-4FF3-8497-9D95D81F91C9}.Debug|x86.Build.0 = Debug|Any CPU
		{E05EA4EE-6F6F-4FF3-8497-9D95D81F91C9}.Release|Any CPU.ActiveCfg = Release|Any CPU
		{E05EA4EE-6F6F-4FF3-8497-9D95D81F91C9}.Release|Any CPU.Build.0 = Release|Any CPU
		{E05EA4EE-6F6F-4FF3-8497-9D95D81F91C9}.Release|ARM.ActiveCfg = Release|Any CPU
		{E05EA4EE-6F6F-4FF3-8497-9D95D81F91C9}.Release|ARM.Build.0 = Release|Any CPU
		{E05EA4EE-6F6F-4FF3-8497-9D95D81F91C9}.Release|ARM64.ActiveCfg = Release|Any CPU
		{E05EA4EE-6F6F-4FF3-8497-9D95D81F91C9}.Release|ARM64.Build.0 = Release|Any CPU
		{E05EA4EE-6F6F-4FF3-8497-9D95D81F91C9}.Release|x64.ActiveCfg = Release|Any CPU
		{E05EA4EE-6F6F-4FF3-8497-9D95D81F91C9}.Release|x64.Build.0 = Release|Any CPU
		{E05EA4EE-6F6F-4FF3-8497-9D95D81F91C9}.Release|x86.ActiveCfg = Release|Any CPU
		{E05EA4EE-6F6F-4FF3-8497-9D95D81F91C9}.Release|x86.Build.0 = Release|Any CPU
		{675F27FD-25E0-40B2-A7E8-F7645876EE16}.Debug|Any CPU.ActiveCfg = Debug|Any CPU
		{675F27FD-25E0-40B2-A7E8-F7645876EE16}.Debug|Any CPU.Build.0 = Debug|Any CPU
		{675F27FD-25E0-40B2-A7E8-F7645876EE16}.Debug|ARM.ActiveCfg = Debug|Any CPU
		{675F27FD-25E0-40B2-A7E8-F7645876EE16}.Debug|ARM.Build.0 = Debug|Any CPU
		{675F27FD-25E0-40B2-A7E8-F7645876EE16}.Debug|ARM64.ActiveCfg = Debug|Any CPU
		{675F27FD-25E0-40B2-A7E8-F7645876EE16}.Debug|ARM64.Build.0 = Debug|Any CPU
		{675F27FD-25E0-40B2-A7E8-F7645876EE16}.Debug|x64.ActiveCfg = Debug|Any CPU
		{675F27FD-25E0-40B2-A7E8-F7645876EE16}.Debug|x64.Build.0 = Debug|Any CPU
		{675F27FD-25E0-40B2-A7E8-F7645876EE16}.Debug|x86.ActiveCfg = Debug|Any CPU
		{675F27FD-25E0-40B2-A7E8-F7645876EE16}.Debug|x86.Build.0 = Debug|Any CPU
		{675F27FD-25E0-40B2-A7E8-F7645876EE16}.Release|Any CPU.ActiveCfg = Release|Any CPU
		{675F27FD-25E0-40B2-A7E8-F7645876EE16}.Release|Any CPU.Build.0 = Release|Any CPU
		{675F27FD-25E0-40B2-A7E8-F7645876EE16}.Release|ARM.ActiveCfg = Release|Any CPU
		{675F27FD-25E0-40B2-A7E8-F7645876EE16}.Release|ARM.Build.0 = Release|Any CPU
		{675F27FD-25E0-40B2-A7E8-F7645876EE16}.Release|ARM64.ActiveCfg = Release|Any CPU
		{675F27FD-25E0-40B2-A7E8-F7645876EE16}.Release|ARM64.Build.0 = Release|Any CPU
		{675F27FD-25E0-40B2-A7E8-F7645876EE16}.Release|x64.ActiveCfg = Release|Any CPU
		{675F27FD-25E0-40B2-A7E8-F7645876EE16}.Release|x64.Build.0 = Release|Any CPU
		{675F27FD-25E0-40B2-A7E8-F7645876EE16}.Release|x86.ActiveCfg = Release|Any CPU
		{675F27FD-25E0-40B2-A7E8-F7645876EE16}.Release|x86.Build.0 = Release|Any CPU
		{C7A5EF07-E886-49FA-988D-7F9354C89F69}.Debug|Any CPU.ActiveCfg = Debug|Any CPU
		{C7A5EF07-E886-49FA-988D-7F9354C89F69}.Debug|Any CPU.Build.0 = Debug|Any CPU
		{C7A5EF07-E886-49FA-988D-7F9354C89F69}.Debug|ARM.ActiveCfg = Debug|Any CPU
		{C7A5EF07-E886-49FA-988D-7F9354C89F69}.Debug|ARM.Build.0 = Debug|Any CPU
		{C7A5EF07-E886-49FA-988D-7F9354C89F69}.Debug|ARM64.ActiveCfg = Debug|Any CPU
		{C7A5EF07-E886-49FA-988D-7F9354C89F69}.Debug|ARM64.Build.0 = Debug|Any CPU
		{C7A5EF07-E886-49FA-988D-7F9354C89F69}.Debug|x64.ActiveCfg = Debug|Any CPU
		{C7A5EF07-E886-49FA-988D-7F9354C89F69}.Debug|x64.Build.0 = Debug|Any CPU
		{C7A5EF07-E886-49FA-988D-7F9354C89F69}.Debug|x86.ActiveCfg = Debug|Any CPU
		{C7A5EF07-E886-49FA-988D-7F9354C89F69}.Debug|x86.Build.0 = Debug|Any CPU
		{C7A5EF07-E886-49FA-988D-7F9354C89F69}.Release|Any CPU.ActiveCfg = Release|Any CPU
		{C7A5EF07-E886-49FA-988D-7F9354C89F69}.Release|Any CPU.Build.0 = Release|Any CPU
		{C7A5EF07-E886-49FA-988D-7F9354C89F69}.Release|ARM.ActiveCfg = Release|Any CPU
		{C7A5EF07-E886-49FA-988D-7F9354C89F69}.Release|ARM.Build.0 = Release|Any CPU
		{C7A5EF07-E886-49FA-988D-7F9354C89F69}.Release|ARM64.ActiveCfg = Release|Any CPU
		{C7A5EF07-E886-49FA-988D-7F9354C89F69}.Release|ARM64.Build.0 = Release|Any CPU
		{C7A5EF07-E886-49FA-988D-7F9354C89F69}.Release|x64.ActiveCfg = Release|Any CPU
		{C7A5EF07-E886-49FA-988D-7F9354C89F69}.Release|x64.Build.0 = Release|Any CPU
		{C7A5EF07-E886-49FA-988D-7F9354C89F69}.Release|x86.ActiveCfg = Release|Any CPU
		{C7A5EF07-E886-49FA-988D-7F9354C89F69}.Release|x86.Build.0 = Release|Any CPU
		{138FCBAD-9B17-4E44-91D6-06F753604256}.Debug|Any CPU.ActiveCfg = Debug|Any CPU
		{138FCBAD-9B17-4E44-91D6-06F753604256}.Debug|Any CPU.Build.0 = Debug|Any CPU
		{138FCBAD-9B17-4E44-91D6-06F753604256}.Debug|ARM.ActiveCfg = Debug|Any CPU
		{138FCBAD-9B17-4E44-91D6-06F753604256}.Debug|ARM.Build.0 = Debug|Any CPU
		{138FCBAD-9B17-4E44-91D6-06F753604256}.Debug|ARM64.ActiveCfg = Debug|Any CPU
		{138FCBAD-9B17-4E44-91D6-06F753604256}.Debug|ARM64.Build.0 = Debug|Any CPU
		{138FCBAD-9B17-4E44-91D6-06F753604256}.Debug|x64.ActiveCfg = Debug|Any CPU
		{138FCBAD-9B17-4E44-91D6-06F753604256}.Debug|x64.Build.0 = Debug|Any CPU
		{138FCBAD-9B17-4E44-91D6-06F753604256}.Debug|x86.ActiveCfg = Debug|Any CPU
		{138FCBAD-9B17-4E44-91D6-06F753604256}.Debug|x86.Build.0 = Debug|Any CPU
		{138FCBAD-9B17-4E44-91D6-06F753604256}.Release|Any CPU.ActiveCfg = Release|Any CPU
		{138FCBAD-9B17-4E44-91D6-06F753604256}.Release|Any CPU.Build.0 = Release|Any CPU
		{138FCBAD-9B17-4E44-91D6-06F753604256}.Release|ARM.ActiveCfg = Release|Any CPU
		{138FCBAD-9B17-4E44-91D6-06F753604256}.Release|ARM.Build.0 = Release|Any CPU
		{138FCBAD-9B17-4E44-91D6-06F753604256}.Release|ARM64.ActiveCfg = Release|Any CPU
		{138FCBAD-9B17-4E44-91D6-06F753604256}.Release|ARM64.Build.0 = Release|Any CPU
		{138FCBAD-9B17-4E44-91D6-06F753604256}.Release|x64.ActiveCfg = Release|Any CPU
		{138FCBAD-9B17-4E44-91D6-06F753604256}.Release|x64.Build.0 = Release|Any CPU
		{138FCBAD-9B17-4E44-91D6-06F753604256}.Release|x86.ActiveCfg = Release|Any CPU
		{138FCBAD-9B17-4E44-91D6-06F753604256}.Release|x86.Build.0 = Release|Any CPU
		{B0591291-1972-45C6-A4B2-992580CD3D6A}.Debug|Any CPU.ActiveCfg = Debug|Any CPU
		{B0591291-1972-45C6-A4B2-992580CD3D6A}.Debug|Any CPU.Build.0 = Debug|Any CPU
		{B0591291-1972-45C6-A4B2-992580CD3D6A}.Debug|ARM.ActiveCfg = Debug|Any CPU
		{B0591291-1972-45C6-A4B2-992580CD3D6A}.Debug|ARM.Build.0 = Debug|Any CPU
		{B0591291-1972-45C6-A4B2-992580CD3D6A}.Debug|ARM64.ActiveCfg = Debug|Any CPU
		{B0591291-1972-45C6-A4B2-992580CD3D6A}.Debug|ARM64.Build.0 = Debug|Any CPU
		{B0591291-1972-45C6-A4B2-992580CD3D6A}.Debug|x64.ActiveCfg = Debug|Any CPU
		{B0591291-1972-45C6-A4B2-992580CD3D6A}.Debug|x64.Build.0 = Debug|Any CPU
		{B0591291-1972-45C6-A4B2-992580CD3D6A}.Debug|x86.ActiveCfg = Debug|Any CPU
		{B0591291-1972-45C6-A4B2-992580CD3D6A}.Debug|x86.Build.0 = Debug|Any CPU
		{B0591291-1972-45C6-A4B2-992580CD3D6A}.Release|Any CPU.ActiveCfg = Release|Any CPU
		{B0591291-1972-45C6-A4B2-992580CD3D6A}.Release|Any CPU.Build.0 = Release|Any CPU
		{B0591291-1972-45C6-A4B2-992580CD3D6A}.Release|ARM.ActiveCfg = Release|Any CPU
		{B0591291-1972-45C6-A4B2-992580CD3D6A}.Release|ARM.Build.0 = Release|Any CPU
		{B0591291-1972-45C6-A4B2-992580CD3D6A}.Release|ARM64.ActiveCfg = Release|Any CPU
		{B0591291-1972-45C6-A4B2-992580CD3D6A}.Release|ARM64.Build.0 = Release|Any CPU
		{B0591291-1972-45C6-A4B2-992580CD3D6A}.Release|x64.ActiveCfg = Release|Any CPU
		{B0591291-1972-45C6-A4B2-992580CD3D6A}.Release|x64.Build.0 = Release|Any CPU
		{B0591291-1972-45C6-A4B2-992580CD3D6A}.Release|x86.ActiveCfg = Release|Any CPU
		{B0591291-1972-45C6-A4B2-992580CD3D6A}.Release|x86.Build.0 = Release|Any CPU
		{42071646-6AC9-4891-A23B-552664304AB0}.Debug|Any CPU.ActiveCfg = Debug|x86
		{42071646-6AC9-4891-A23B-552664304AB0}.Debug|ARM.ActiveCfg = Debug|ARM
		{42071646-6AC9-4891-A23B-552664304AB0}.Debug|ARM.Build.0 = Debug|ARM
		{42071646-6AC9-4891-A23B-552664304AB0}.Debug|ARM.Deploy.0 = Debug|ARM
		{42071646-6AC9-4891-A23B-552664304AB0}.Debug|ARM64.ActiveCfg = Debug|ARM64
		{42071646-6AC9-4891-A23B-552664304AB0}.Debug|ARM64.Build.0 = Debug|ARM64
		{42071646-6AC9-4891-A23B-552664304AB0}.Debug|ARM64.Deploy.0 = Debug|ARM64
		{42071646-6AC9-4891-A23B-552664304AB0}.Debug|x64.ActiveCfg = Debug|x64
		{42071646-6AC9-4891-A23B-552664304AB0}.Debug|x64.Build.0 = Debug|x64
		{42071646-6AC9-4891-A23B-552664304AB0}.Debug|x64.Deploy.0 = Debug|x64
		{42071646-6AC9-4891-A23B-552664304AB0}.Debug|x86.ActiveCfg = Debug|x86
		{42071646-6AC9-4891-A23B-552664304AB0}.Debug|x86.Build.0 = Debug|x86
		{42071646-6AC9-4891-A23B-552664304AB0}.Debug|x86.Deploy.0 = Debug|x86
		{42071646-6AC9-4891-A23B-552664304AB0}.Release|Any CPU.ActiveCfg = Release|x86
		{42071646-6AC9-4891-A23B-552664304AB0}.Release|ARM.ActiveCfg = Release|ARM
		{42071646-6AC9-4891-A23B-552664304AB0}.Release|ARM.Build.0 = Release|ARM
		{42071646-6AC9-4891-A23B-552664304AB0}.Release|ARM.Deploy.0 = Release|ARM
		{42071646-6AC9-4891-A23B-552664304AB0}.Release|ARM64.ActiveCfg = Release|ARM64
		{42071646-6AC9-4891-A23B-552664304AB0}.Release|ARM64.Build.0 = Release|ARM64
		{42071646-6AC9-4891-A23B-552664304AB0}.Release|ARM64.Deploy.0 = Release|ARM64
		{42071646-6AC9-4891-A23B-552664304AB0}.Release|x64.ActiveCfg = Release|x64
		{42071646-6AC9-4891-A23B-552664304AB0}.Release|x64.Build.0 = Release|x64
		{42071646-6AC9-4891-A23B-552664304AB0}.Release|x64.Deploy.0 = Release|x64
		{42071646-6AC9-4891-A23B-552664304AB0}.Release|x86.ActiveCfg = Release|x86
		{42071646-6AC9-4891-A23B-552664304AB0}.Release|x86.Build.0 = Release|x86
		{42071646-6AC9-4891-A23B-552664304AB0}.Release|x86.Deploy.0 = Release|x86
		{5750C1F5-50B4-4BF9-A1F6-9A75B48199DA}.Debug|Any CPU.ActiveCfg = Debug|x86
		{5750C1F5-50B4-4BF9-A1F6-9A75B48199DA}.Debug|ARM.ActiveCfg = Debug|ARM
		{5750C1F5-50B4-4BF9-A1F6-9A75B48199DA}.Debug|ARM.Build.0 = Debug|ARM
		{5750C1F5-50B4-4BF9-A1F6-9A75B48199DA}.Debug|ARM.Deploy.0 = Debug|ARM
		{5750C1F5-50B4-4BF9-A1F6-9A75B48199DA}.Debug|ARM64.ActiveCfg = Debug|ARM64
		{5750C1F5-50B4-4BF9-A1F6-9A75B48199DA}.Debug|ARM64.Build.0 = Debug|ARM64
		{5750C1F5-50B4-4BF9-A1F6-9A75B48199DA}.Debug|ARM64.Deploy.0 = Debug|ARM64
		{5750C1F5-50B4-4BF9-A1F6-9A75B48199DA}.Debug|x64.ActiveCfg = Debug|x64
		{5750C1F5-50B4-4BF9-A1F6-9A75B48199DA}.Debug|x64.Build.0 = Debug|x64
		{5750C1F5-50B4-4BF9-A1F6-9A75B48199DA}.Debug|x64.Deploy.0 = Debug|x64
		{5750C1F5-50B4-4BF9-A1F6-9A75B48199DA}.Debug|x86.ActiveCfg = Debug|x86
		{5750C1F5-50B4-4BF9-A1F6-9A75B48199DA}.Debug|x86.Build.0 = Debug|x86
		{5750C1F5-50B4-4BF9-A1F6-9A75B48199DA}.Debug|x86.Deploy.0 = Debug|x86
		{5750C1F5-50B4-4BF9-A1F6-9A75B48199DA}.Release|Any CPU.ActiveCfg = Release|x86
		{5750C1F5-50B4-4BF9-A1F6-9A75B48199DA}.Release|ARM.ActiveCfg = Release|ARM
		{5750C1F5-50B4-4BF9-A1F6-9A75B48199DA}.Release|ARM.Build.0 = Release|ARM
		{5750C1F5-50B4-4BF9-A1F6-9A75B48199DA}.Release|ARM.Deploy.0 = Release|ARM
		{5750C1F5-50B4-4BF9-A1F6-9A75B48199DA}.Release|ARM64.ActiveCfg = Release|ARM64
		{5750C1F5-50B4-4BF9-A1F6-9A75B48199DA}.Release|ARM64.Build.0 = Release|ARM64
		{5750C1F5-50B4-4BF9-A1F6-9A75B48199DA}.Release|ARM64.Deploy.0 = Release|ARM64
		{5750C1F5-50B4-4BF9-A1F6-9A75B48199DA}.Release|x64.ActiveCfg = Release|x64
		{5750C1F5-50B4-4BF9-A1F6-9A75B48199DA}.Release|x64.Build.0 = Release|x64
		{5750C1F5-50B4-4BF9-A1F6-9A75B48199DA}.Release|x64.Deploy.0 = Release|x64
		{5750C1F5-50B4-4BF9-A1F6-9A75B48199DA}.Release|x86.ActiveCfg = Release|x86
		{5750C1F5-50B4-4BF9-A1F6-9A75B48199DA}.Release|x86.Build.0 = Release|x86
		{5750C1F5-50B4-4BF9-A1F6-9A75B48199DA}.Release|x86.Deploy.0 = Release|x86
		{5FE29FF7-16ED-48EB-AD8C-A8D71C3B464A}.Debug|Any CPU.ActiveCfg = Debug|x86
		{5FE29FF7-16ED-48EB-AD8C-A8D71C3B464A}.Debug|ARM.ActiveCfg = Debug|ARM
		{5FE29FF7-16ED-48EB-AD8C-A8D71C3B464A}.Debug|ARM.Build.0 = Debug|ARM
		{5FE29FF7-16ED-48EB-AD8C-A8D71C3B464A}.Debug|ARM.Deploy.0 = Debug|ARM
		{5FE29FF7-16ED-48EB-AD8C-A8D71C3B464A}.Debug|ARM64.ActiveCfg = Debug|ARM64
		{5FE29FF7-16ED-48EB-AD8C-A8D71C3B464A}.Debug|ARM64.Build.0 = Debug|ARM64
		{5FE29FF7-16ED-48EB-AD8C-A8D71C3B464A}.Debug|ARM64.Deploy.0 = Debug|ARM64
		{5FE29FF7-16ED-48EB-AD8C-A8D71C3B464A}.Debug|x64.ActiveCfg = Debug|x64
		{5FE29FF7-16ED-48EB-AD8C-A8D71C3B464A}.Debug|x64.Build.0 = Debug|x64
		{5FE29FF7-16ED-48EB-AD8C-A8D71C3B464A}.Debug|x64.Deploy.0 = Debug|x64
		{5FE29FF7-16ED-48EB-AD8C-A8D71C3B464A}.Debug|x86.ActiveCfg = Debug|x86
		{5FE29FF7-16ED-48EB-AD8C-A8D71C3B464A}.Debug|x86.Build.0 = Debug|x86
		{5FE29FF7-16ED-48EB-AD8C-A8D71C3B464A}.Debug|x86.Deploy.0 = Debug|x86
		{5FE29FF7-16ED-48EB-AD8C-A8D71C3B464A}.Release|Any CPU.ActiveCfg = Release|x86
		{5FE29FF7-16ED-48EB-AD8C-A8D71C3B464A}.Release|ARM.ActiveCfg = Release|ARM
		{5FE29FF7-16ED-48EB-AD8C-A8D71C3B464A}.Release|ARM.Build.0 = Release|ARM
		{5FE29FF7-16ED-48EB-AD8C-A8D71C3B464A}.Release|ARM.Deploy.0 = Release|ARM
		{5FE29FF7-16ED-48EB-AD8C-A8D71C3B464A}.Release|ARM64.ActiveCfg = Release|ARM64
		{5FE29FF7-16ED-48EB-AD8C-A8D71C3B464A}.Release|ARM64.Build.0 = Release|ARM64
		{5FE29FF7-16ED-48EB-AD8C-A8D71C3B464A}.Release|ARM64.Deploy.0 = Release|ARM64
		{5FE29FF7-16ED-48EB-AD8C-A8D71C3B464A}.Release|x64.ActiveCfg = Release|x64
		{5FE29FF7-16ED-48EB-AD8C-A8D71C3B464A}.Release|x64.Build.0 = Release|x64
		{5FE29FF7-16ED-48EB-AD8C-A8D71C3B464A}.Release|x64.Deploy.0 = Release|x64
		{5FE29FF7-16ED-48EB-AD8C-A8D71C3B464A}.Release|x86.ActiveCfg = Release|x86
		{5FE29FF7-16ED-48EB-AD8C-A8D71C3B464A}.Release|x86.Build.0 = Release|x86
		{5FE29FF7-16ED-48EB-AD8C-A8D71C3B464A}.Release|x86.Deploy.0 = Release|x86
		{9249E8E9-50EE-481A-9376-B3D9AB072260}.Debug|Any CPU.ActiveCfg = Debug|Any CPU
		{9249E8E9-50EE-481A-9376-B3D9AB072260}.Debug|Any CPU.Build.0 = Debug|Any CPU
		{9249E8E9-50EE-481A-9376-B3D9AB072260}.Debug|ARM.ActiveCfg = Debug|Any CPU
		{9249E8E9-50EE-481A-9376-B3D9AB072260}.Debug|ARM.Build.0 = Debug|Any CPU
		{9249E8E9-50EE-481A-9376-B3D9AB072260}.Debug|ARM64.ActiveCfg = Debug|Any CPU
		{9249E8E9-50EE-481A-9376-B3D9AB072260}.Debug|ARM64.Build.0 = Debug|Any CPU
		{9249E8E9-50EE-481A-9376-B3D9AB072260}.Debug|x64.ActiveCfg = Debug|Any CPU
		{9249E8E9-50EE-481A-9376-B3D9AB072260}.Debug|x64.Build.0 = Debug|Any CPU
		{9249E8E9-50EE-481A-9376-B3D9AB072260}.Debug|x86.ActiveCfg = Debug|Any CPU
		{9249E8E9-50EE-481A-9376-B3D9AB072260}.Debug|x86.Build.0 = Debug|Any CPU
		{9249E8E9-50EE-481A-9376-B3D9AB072260}.Release|Any CPU.ActiveCfg = Release|Any CPU
		{9249E8E9-50EE-481A-9376-B3D9AB072260}.Release|Any CPU.Build.0 = Release|Any CPU
		{9249E8E9-50EE-481A-9376-B3D9AB072260}.Release|ARM.ActiveCfg = Release|Any CPU
		{9249E8E9-50EE-481A-9376-B3D9AB072260}.Release|ARM.Build.0 = Release|Any CPU
		{9249E8E9-50EE-481A-9376-B3D9AB072260}.Release|ARM64.ActiveCfg = Release|Any CPU
		{9249E8E9-50EE-481A-9376-B3D9AB072260}.Release|ARM64.Build.0 = Release|Any CPU
		{9249E8E9-50EE-481A-9376-B3D9AB072260}.Release|x64.ActiveCfg = Release|Any CPU
		{9249E8E9-50EE-481A-9376-B3D9AB072260}.Release|x64.Build.0 = Release|Any CPU
		{9249E8E9-50EE-481A-9376-B3D9AB072260}.Release|x86.ActiveCfg = Release|Any CPU
		{9249E8E9-50EE-481A-9376-B3D9AB072260}.Release|x86.Build.0 = Release|Any CPU
		{9523610A-962D-4E8C-8A4D-9A610E56D67B}.Debug|Any CPU.ActiveCfg = Debug|Any CPU
		{9523610A-962D-4E8C-8A4D-9A610E56D67B}.Debug|Any CPU.Build.0 = Debug|Any CPU
		{9523610A-962D-4E8C-8A4D-9A610E56D67B}.Debug|Any CPU.Deploy.0 = Debug|Any CPU
		{9523610A-962D-4E8C-8A4D-9A610E56D67B}.Debug|ARM.ActiveCfg = Debug|Any CPU
		{9523610A-962D-4E8C-8A4D-9A610E56D67B}.Debug|ARM.Build.0 = Debug|Any CPU
		{9523610A-962D-4E8C-8A4D-9A610E56D67B}.Debug|ARM.Deploy.0 = Debug|Any CPU
		{9523610A-962D-4E8C-8A4D-9A610E56D67B}.Debug|ARM64.ActiveCfg = Debug|Any CPU
		{9523610A-962D-4E8C-8A4D-9A610E56D67B}.Debug|ARM64.Build.0 = Debug|Any CPU
		{9523610A-962D-4E8C-8A4D-9A610E56D67B}.Debug|ARM64.Deploy.0 = Debug|Any CPU
		{9523610A-962D-4E8C-8A4D-9A610E56D67B}.Debug|x64.ActiveCfg = Debug|Any CPU
		{9523610A-962D-4E8C-8A4D-9A610E56D67B}.Debug|x64.Build.0 = Debug|Any CPU
		{9523610A-962D-4E8C-8A4D-9A610E56D67B}.Debug|x64.Deploy.0 = Debug|Any CPU
		{9523610A-962D-4E8C-8A4D-9A610E56D67B}.Debug|x86.ActiveCfg = Debug|Any CPU
		{9523610A-962D-4E8C-8A4D-9A610E56D67B}.Debug|x86.Build.0 = Debug|Any CPU
		{9523610A-962D-4E8C-8A4D-9A610E56D67B}.Debug|x86.Deploy.0 = Debug|Any CPU
		{9523610A-962D-4E8C-8A4D-9A610E56D67B}.Release|Any CPU.ActiveCfg = Release|Any CPU
		{9523610A-962D-4E8C-8A4D-9A610E56D67B}.Release|Any CPU.Build.0 = Release|Any CPU
		{9523610A-962D-4E8C-8A4D-9A610E56D67B}.Release|Any CPU.Deploy.0 = Release|Any CPU
		{9523610A-962D-4E8C-8A4D-9A610E56D67B}.Release|ARM.ActiveCfg = Release|Any CPU
		{9523610A-962D-4E8C-8A4D-9A610E56D67B}.Release|ARM.Build.0 = Release|Any CPU
		{9523610A-962D-4E8C-8A4D-9A610E56D67B}.Release|ARM.Deploy.0 = Release|Any CPU
		{9523610A-962D-4E8C-8A4D-9A610E56D67B}.Release|ARM64.ActiveCfg = Release|Any CPU
		{9523610A-962D-4E8C-8A4D-9A610E56D67B}.Release|ARM64.Build.0 = Release|Any CPU
		{9523610A-962D-4E8C-8A4D-9A610E56D67B}.Release|ARM64.Deploy.0 = Release|Any CPU
		{9523610A-962D-4E8C-8A4D-9A610E56D67B}.Release|x64.ActiveCfg = Release|Any CPU
		{9523610A-962D-4E8C-8A4D-9A610E56D67B}.Release|x64.Build.0 = Release|Any CPU
		{9523610A-962D-4E8C-8A4D-9A610E56D67B}.Release|x64.Deploy.0 = Release|Any CPU
		{9523610A-962D-4E8C-8A4D-9A610E56D67B}.Release|x86.ActiveCfg = Release|Any CPU
		{9523610A-962D-4E8C-8A4D-9A610E56D67B}.Release|x86.Build.0 = Release|Any CPU
		{9523610A-962D-4E8C-8A4D-9A610E56D67B}.Release|x86.Deploy.0 = Release|Any CPU
		{E25121CA-1C92-4163-806C-8104DE6FADF3}.Debug|Any CPU.ActiveCfg = Debug|Any CPU
		{E25121CA-1C92-4163-806C-8104DE6FADF3}.Debug|Any CPU.Build.0 = Debug|Any CPU
		{E25121CA-1C92-4163-806C-8104DE6FADF3}.Debug|ARM.ActiveCfg = Debug|Any CPU
		{E25121CA-1C92-4163-806C-8104DE6FADF3}.Debug|ARM.Build.0 = Debug|Any CPU
		{E25121CA-1C92-4163-806C-8104DE6FADF3}.Debug|ARM64.ActiveCfg = Debug|Any CPU
		{E25121CA-1C92-4163-806C-8104DE6FADF3}.Debug|ARM64.Build.0 = Debug|Any CPU
		{E25121CA-1C92-4163-806C-8104DE6FADF3}.Debug|x64.ActiveCfg = Debug|Any CPU
		{E25121CA-1C92-4163-806C-8104DE6FADF3}.Debug|x64.Build.0 = Debug|Any CPU
		{E25121CA-1C92-4163-806C-8104DE6FADF3}.Debug|x86.ActiveCfg = Debug|Any CPU
		{E25121CA-1C92-4163-806C-8104DE6FADF3}.Debug|x86.Build.0 = Debug|Any CPU
		{E25121CA-1C92-4163-806C-8104DE6FADF3}.Release|Any CPU.ActiveCfg = Release|Any CPU
		{E25121CA-1C92-4163-806C-8104DE6FADF3}.Release|Any CPU.Build.0 = Release|Any CPU
		{E25121CA-1C92-4163-806C-8104DE6FADF3}.Release|ARM.ActiveCfg = Release|Any CPU
		{E25121CA-1C92-4163-806C-8104DE6FADF3}.Release|ARM.Build.0 = Release|Any CPU
		{E25121CA-1C92-4163-806C-8104DE6FADF3}.Release|ARM64.ActiveCfg = Release|Any CPU
		{E25121CA-1C92-4163-806C-8104DE6FADF3}.Release|ARM64.Build.0 = Release|Any CPU
		{E25121CA-1C92-4163-806C-8104DE6FADF3}.Release|x64.ActiveCfg = Release|Any CPU
		{E25121CA-1C92-4163-806C-8104DE6FADF3}.Release|x64.Build.0 = Release|Any CPU
		{E25121CA-1C92-4163-806C-8104DE6FADF3}.Release|x86.ActiveCfg = Release|Any CPU
		{E25121CA-1C92-4163-806C-8104DE6FADF3}.Release|x86.Build.0 = Release|Any CPU
		{D1CEFBAF-4BC0-421A-BE7D-CB1F31E49693}.Debug|Any CPU.ActiveCfg = Debug|Any CPU
		{D1CEFBAF-4BC0-421A-BE7D-CB1F31E49693}.Debug|Any CPU.Build.0 = Debug|Any CPU
		{D1CEFBAF-4BC0-421A-BE7D-CB1F31E49693}.Debug|ARM.ActiveCfg = Debug|Any CPU
		{D1CEFBAF-4BC0-421A-BE7D-CB1F31E49693}.Debug|ARM.Build.0 = Debug|Any CPU
		{D1CEFBAF-4BC0-421A-BE7D-CB1F31E49693}.Debug|ARM64.ActiveCfg = Debug|Any CPU
		{D1CEFBAF-4BC0-421A-BE7D-CB1F31E49693}.Debug|ARM64.Build.0 = Debug|Any CPU
		{D1CEFBAF-4BC0-421A-BE7D-CB1F31E49693}.Debug|x64.ActiveCfg = Debug|Any CPU
		{D1CEFBAF-4BC0-421A-BE7D-CB1F31E49693}.Debug|x64.Build.0 = Debug|Any CPU
		{D1CEFBAF-4BC0-421A-BE7D-CB1F31E49693}.Debug|x86.ActiveCfg = Debug|Any CPU
		{D1CEFBAF-4BC0-421A-BE7D-CB1F31E49693}.Debug|x86.Build.0 = Debug|Any CPU
		{D1CEFBAF-4BC0-421A-BE7D-CB1F31E49693}.Release|Any CPU.ActiveCfg = Release|Any CPU
		{D1CEFBAF-4BC0-421A-BE7D-CB1F31E49693}.Release|Any CPU.Build.0 = Release|Any CPU
		{D1CEFBAF-4BC0-421A-BE7D-CB1F31E49693}.Release|ARM.ActiveCfg = Release|Any CPU
		{D1CEFBAF-4BC0-421A-BE7D-CB1F31E49693}.Release|ARM.Build.0 = Release|Any CPU
		{D1CEFBAF-4BC0-421A-BE7D-CB1F31E49693}.Release|ARM64.ActiveCfg = Release|Any CPU
		{D1CEFBAF-4BC0-421A-BE7D-CB1F31E49693}.Release|ARM64.Build.0 = Release|Any CPU
		{D1CEFBAF-4BC0-421A-BE7D-CB1F31E49693}.Release|x64.ActiveCfg = Release|Any CPU
		{D1CEFBAF-4BC0-421A-BE7D-CB1F31E49693}.Release|x64.Build.0 = Release|Any CPU
		{D1CEFBAF-4BC0-421A-BE7D-CB1F31E49693}.Release|x86.ActiveCfg = Release|Any CPU
		{D1CEFBAF-4BC0-421A-BE7D-CB1F31E49693}.Release|x86.Build.0 = Release|Any CPU
	EndGlobalSection
	GlobalSection(SolutionProperties) = preSolution
		HideSolutionNode = FALSE
	EndGlobalSection
	GlobalSection(NestedProjects) = preSolution
		{8ADAFEEA-FF6E-4888-9D07-01E5CF6B21DA} = {AD759876-A903-4D12-A8E9-551243070219}
		{B5DB3F58-1CD2-421D-9762-2E371D8A168E} = {AD759876-A903-4D12-A8E9-551243070219}
		{AD759876-A903-4D12-A8E9-551243070219} = {3E1FA31D-9222-4530-9CEF-67463938C822}
		{0C8E45E1-0667-4BCE-95B8-F1CD69221001} = {3E1FA31D-9222-4530-9CEF-67463938C822}
		{99912EA1-46FC-4D13-8295-BA786582CA74} = {0C8E45E1-0667-4BCE-95B8-F1CD69221001}
		{E22B3C3A-0813-4759-9B13-72ECD8DF5AE2} = {2EF3F4E9-A20D-48A0-BE96-6CAD1546A90E}
		{D7722531-9EE7-4CBD-9DC7-5F1D9F6C204D} = {1BE8A214-386C-4BF5-85C0-17F3FCB899C3}
		{F765C302-B21C-4948-8AF2-6B1F37D3431E} = {1BE8A214-386C-4BF5-85C0-17F3FCB899C3}
		{1BE8A214-386C-4BF5-85C0-17F3FCB899C3} = {45B293F2-720E-4770-99C6-0DFA3E65AD60}
		{F3BFC3E4-0313-44BC-8895-9B024AEC4B7D} = {45B293F2-720E-4770-99C6-0DFA3E65AD60}
		{62C5B3C1-0EF8-472A-A324-676756810F95} = {0C8E45E1-0667-4BCE-95B8-F1CD69221001}
		{B82D342E-671B-4571-B725-FDEF7EFF6152} = {3E1FA31D-9222-4530-9CEF-67463938C822}
		{64F48FB6-147D-46D3-B854-820384D9DFC2} = {B82D342E-671B-4571-B725-FDEF7EFF6152}
		{1A2BEB9E-82CD-4963-976D-7A4B7B55131F} = {B82D342E-671B-4571-B725-FDEF7EFF6152}
		{D1048067-E392-43B3-B9EF-5A73E5E5A13B} = {3E1FA31D-9222-4530-9CEF-67463938C822}
		{A58AB8F7-336B-43FC-BEA8-CA479CF8391D} = {D1048067-E392-43B3-B9EF-5A73E5E5A13B}
		{EC14DED0-C9AF-4F44-9AD7-12382D459EA7} = {F3BFC3E4-0313-44BC-8895-9B024AEC4B7D}
		{D14E5CBF-3093-4968-BF49-127F125ADBFD} = {F3BFC3E4-0313-44BC-8895-9B024AEC4B7D}
		{D07F71AD-ABC8-4E9C-A3A8-41791B37F15B} = {F3BFC3E4-0313-44BC-8895-9B024AEC4B7D}
		{716ADDD5-D1FE-455F-92DA-2069643D73A0} = {F3BFC3E4-0313-44BC-8895-9B024AEC4B7D}
		{F72C16B0-EDAD-4FAD-8D12-78F03497B6F5} = {1BE8A214-386C-4BF5-85C0-17F3FCB899C3}
		{D4B139F9-B881-417E-840E-AC41BA561E0A} = {45B293F2-720E-4770-99C6-0DFA3E65AD60}
		{92316826-A14E-4E76-B9E4-67915A992AFB} = {45B293F2-720E-4770-99C6-0DFA3E65AD60}
		{35F975A3-1C30-4E55-8C02-DEBF815F8224} = {D4B139F9-B881-417E-840E-AC41BA561E0A}
		{4CD732CE-17A2-4A71-B5CB-AE009A7A6B85} = {D4B139F9-B881-417E-840E-AC41BA561E0A}
		{E05EA4EE-6F6F-4FF3-8497-9D95D81F91C9} = {92316826-A14E-4E76-B9E4-67915A992AFB}
		{2EF3F4E9-A20D-48A0-BE96-6CAD1546A90E} = {CBBB5919-FB4F-4642-99A1-8169E29F711A}
		{675F27FD-25E0-40B2-A7E8-F7645876EE16} = {2EF3F4E9-A20D-48A0-BE96-6CAD1546A90E}
		{C7A5EF07-E886-49FA-988D-7F9354C89F69} = {2EF3F4E9-A20D-48A0-BE96-6CAD1546A90E}
		{138FCBAD-9B17-4E44-91D6-06F753604256} = {2EF3F4E9-A20D-48A0-BE96-6CAD1546A90E}
		{B0591291-1972-45C6-A4B2-992580CD3D6A} = {2EF3F4E9-A20D-48A0-BE96-6CAD1546A90E}
		{EB3030E4-EF18-4121-A80C-87635EDF9BB9} = {CBBB5919-FB4F-4642-99A1-8169E29F711A}
		{42071646-6AC9-4891-A23B-552664304AB0} = {EB3030E4-EF18-4121-A80C-87635EDF9BB9}
		{5750C1F5-50B4-4BF9-A1F6-9A75B48199DA} = {EB3030E4-EF18-4121-A80C-87635EDF9BB9}
		{5FE29FF7-16ED-48EB-AD8C-A8D71C3B464A} = {EB3030E4-EF18-4121-A80C-87635EDF9BB9}
		{9CDC70F5-54C3-46D3-80D2-A452399F7482} = {CBBB5919-FB4F-4642-99A1-8169E29F711A}
		{9249E8E9-50EE-481A-9376-B3D9AB072260} = {9CDC70F5-54C3-46D3-80D2-A452399F7482}
		{9523610A-962D-4E8C-8A4D-9A610E56D67B} = {9CDC70F5-54C3-46D3-80D2-A452399F7482}
		{89A45B0E-0282-4783-8968-DF6959395887} = {2EF3F4E9-A20D-48A0-BE96-6CAD1546A90E}
		{E25121CA-1C92-4163-806C-8104DE6FADF3} = {89A45B0E-0282-4783-8968-DF6959395887}
		{D1CEFBAF-4BC0-421A-BE7D-CB1F31E49693} = {89A45B0E-0282-4783-8968-DF6959395887}
	EndGlobalSection
	GlobalSection(ExtensibilityGlobals) = postSolution
		SolutionGuid = {29499FE6-266B-4756-9B3D-9CCCB6EE59F3}
	EndGlobalSection
EndGlobal
