
Microsoft Visual Studio Solution File, Format Version 12.00
# Visual Studio Version 16
VisualStudioVersion = 16.0.28729.10
MinimumVisualStudioVersion = 10.0.40219.1
Project("{2150E333-8FDC-42A3-9474-1A3956D46DE8}") = "Source", "Source", "{B458F476-08DB-4DA8-8ECF-1CE241CD7101}"
EndProject
Project("{FAE04EC0-301F-11D3-BF4B-00C04F79EFBC}") = "MvvmLib.Wpf", "Source\MvvmLib.Wpf\MvvmLib.Wpf.csproj", "{42A0EE09-1F4E-495B-BA10-950E51DB6DEE}"
EndProject
Project("{2150E333-8FDC-42A3-9474-1A3956D46DE8}") = "Samples", "Samples", "{B5E98AA0-DAB4-4494-9E98-E4D3ADA78068}"
EndProject
Project("{FAE04EC0-301F-11D3-BF4B-00C04F79EFBC}") = "NavigationSample.Wpf", "Samples\NavigationSample.Wpf\NavigationSample.Wpf.csproj", "{05599420-E32F-43EA-8CB3-70167026ACAC}"
EndProject
Project("{9A19103F-16F7-4668-BE54-9A1E7A4F7556}") = "MvvmLib.Core", "Source\MvvmLib.Core\MvvmLib.Core.csproj", "{204995E8-E36B-4FEF-9D4E-F2FB3DE28C71}"
EndProject
Project("{9A19103F-16F7-4668-BE54-9A1E7A4F7556}") = "MvvmLib.IoC", "Source\MvvmLib.IoC\MvvmLib.IoC.csproj", "{1C0F33D0-6868-4D47-A990-2B8ED91D547E}"
EndProject
Project("{2150E333-8FDC-42A3-9474-1A3956D46DE8}") = "Common", "Common", "{B79CC79F-C763-4F20-BA4C-9D093F2C4542}"
EndProject
Project("{2150E333-8FDC-42A3-9474-1A3956D46DE8}") = "Wpf", "Wpf", "{AF6FFC56-5728-4534-915F-AD01C4ABFDC0}"
EndProject
Project("{2150E333-8FDC-42A3-9474-1A3956D46DE8}") = "Tests", "Tests", "{529DB57A-1514-4BAE-BA6B-F50B5A2BE7C5}"
EndProject
Project("{2150E333-8FDC-42A3-9474-1A3956D46DE8}") = "Wpf", "Wpf", "{36810463-6008-4554-A731-5F9836B7F512}"
EndProject
Project("{FAE04EC0-301F-11D3-BF4B-00C04F79EFBC}") = "MvvmLib.Wpf.Tests", "Tests\MvvmLib.Wpf.Tests\MvvmLib.Wpf.Tests.csproj", "{6E364AE9-15D0-486A-AE2E-7C50BBA3A6E8}"
EndProject
Project("{2150E333-8FDC-42A3-9474-1A3956D46DE8}") = "Common", "Common", "{3EC3C9E3-1D21-4B35-8442-51152B99757F}"
EndProject
Project("{FAE04EC0-301F-11D3-BF4B-00C04F79EFBC}") = "MvvmLib.NETFwk.Tests", "Tests\MvvmLib.NETFwk.Tests\MvvmLib.NETFwk.Tests.csproj", "{716ADDD5-D1FE-455F-92DA-2069643D73A0}"
EndProject
Project("{9A19103F-16F7-4668-BE54-9A1E7A4F7556}") = "MvvmLib.IoC.Tests", "Tests\MvvmLib.IoC.Tests\MvvmLib.IoC.Tests.csproj", "{FF5EB756-F83E-4EE7-8292-05D1630062BE}"
EndProject
Project("{9A19103F-16F7-4668-BE54-9A1E7A4F7556}") = "MvvmLib.Core.Tests", "Tests\MvvmLib.Core.Tests\MvvmLib.Core.Tests.csproj", "{43C6FC89-A723-468F-BA95-4EAD24118885}"
EndProject
Project("{2150E333-8FDC-42A3-9474-1A3956D46DE8}") = "Uwp", "Uwp", "{73AB0D29-389C-4D07-9C4E-184A346A464C}"
EndProject
Project("{2150E333-8FDC-42A3-9474-1A3956D46DE8}") = "XF", "XF", "{1C23DB36-4844-4314-83AA-63E5ABDF03B5}"
EndProject
Project("{9A19103F-16F7-4668-BE54-9A1E7A4F7556}") = "MvvmLib.Adaptive.Wpf", "Source\MvvmLib.Adaptive.Wpf\MvvmLib.Adaptive.Wpf.csproj", "{9A1D53AB-A5DD-40DB-A8CB-64801506FA1D}"
EndProject
Project("{2150E333-8FDC-42A3-9474-1A3956D46DE8}") = "Uwp", "Uwp", "{B2073F99-7A08-4FC0-9D47-5EC693407808}"
EndProject
Project("{2150E333-8FDC-42A3-9474-1A3956D46DE8}") = "XF", "XF", "{A0E9DC18-6C19-4B93-B16E-7607C2837D2C}"
EndProject
Project("{FAE04EC0-301F-11D3-BF4B-00C04F79EFBC}") = "MvvmLib.Adaptive.Win", "Source\MvvmLib.Adaptive.Win\MvvmLib.Adaptive.Win.csproj", "{1A2BEB9E-82CD-4963-976D-7A4B7B55131F}"
EndProject
Project("{FAE04EC0-301F-11D3-BF4B-00C04F79EFBC}") = "MvvmLib.Windows", "Source\MvvmLib.Windows\MvvmLib.Windows.csproj", "{64F48FB6-147D-46D3-B854-820384D9DFC2}"
EndProject
Project("{9A19103F-16F7-4668-BE54-9A1E7A4F7556}") = "MvvmLib.XF", "Source\MvvmLib.XF\MvvmLib.XF.csproj", "{1DC80896-94C5-4F75-9F47-ACD81FDD09B7}"
EndProject
Project("{FAE04EC0-301F-11D3-BF4B-00C04F79EFBC}") = "MvvmLib.Adaptive.Wpf.Tests", "Tests\MvvmLib.Adaptive.Wpf.Tests\MvvmLib.Adaptive.Wpf.Tests.csproj", "{F72C16B0-EDAD-4FAD-8D12-78F03497B6F5}"
EndProject
Project("{FAE04EC0-301F-11D3-BF4B-00C04F79EFBC}") = "MvvmLib.Windows.Tests", "Tests\MvvmLib.Windows.Tests\MvvmLib.Windows.Tests.csproj", "{4CD732CE-17A2-4A71-B5CB-AE009A7A6B85}"
EndProject
Project("{FAE04EC0-301F-11D3-BF4B-00C04F79EFBC}") = "MvvmLib.Adaptive.Win.Tests", "Tests\MvvmLib.Adaptive.Win.Tests\MvvmLib.Adaptive.Win.Tests.csproj", "{35F975A3-1C30-4E55-8C02-DEBF815F8224}"
EndProject
Project("{9A19103F-16F7-4668-BE54-9A1E7A4F7556}") = "MvvmLib.XF.Tests", "Tests\MvvmLib.XF.Tests\MvvmLib.XF.Tests.csproj", "{73C0A3B5-24AB-4624-9E9C-143D863B1F17}"
EndProject
Project("{2150E333-8FDC-42A3-9474-1A3956D46DE8}") = "Wpf", "Wpf", "{0B2FCDA0-0337-4D42-961A-2C62A7DE4EE7}"
EndProject
Project("{2150E333-8FDC-42A3-9474-1A3956D46DE8}") = "Uwp", "Uwp", "{7FBA8142-02E0-47E4-A77A-3A527F6E2047}"
EndProject
Project("{2150E333-8FDC-42A3-9474-1A3956D46DE8}") = "XF", "XF", "{5F376170-7FFB-4F6A-BEC0-AC6F0E16F9AF}"
EndProject
Project("{FAE04EC0-301F-11D3-BF4B-00C04F79EFBC}") = "AdaptiveSample.Windows", "Samples\AdaptiveSample.Windows\AdaptiveSample.Windows.csproj", "{42071646-6AC9-4891-A23B-552664304AB0}"
EndProject
Project("{FAE04EC0-301F-11D3-BF4B-00C04F79EFBC}") = "NavigationSample.Windows", "Samples\NavigationSample.Windows\NavigationSample.Windows.csproj", "{5750C1F5-50B4-4BF9-A1F6-9A75B48199DA}"
EndProject
Project("{FAE04EC0-301F-11D3-BF4B-00C04F79EFBC}") = "ValidationSample.Windows", "Samples\ValidationSample.Windows\ValidationSample.Windows.csproj", "{5FE29FF7-16ED-48EB-AD8C-A8D71C3B464A}"
EndProject
Project("{FAE04EC0-301F-11D3-BF4B-00C04F79EFBC}") = "AdaptiveSample", "Samples\AdaptiveSample\AdaptiveSample.csproj", "{675F27FD-25E0-40B2-A7E8-F7645876EE16}"
EndProject
Project("{FAE04EC0-301F-11D3-BF4B-00C04F79EFBC}") = "HelloWorld", "Samples\HelloWorld\HelloWorld.csproj", "{138FCBAD-9B17-4E44-91D6-06F753604256}"
EndProject
Project("{FAE04EC0-301F-11D3-BF4B-00C04F79EFBC}") = "ValidationSample", "Samples\ValidationSample\ValidationSample.csproj", "{B0591291-1972-45C6-A4B2-992580CD3D6A}"
EndProject
Project("{FAE04EC0-301F-11D3-BF4B-00C04F79EFBC}") = "CompositeCommandSample", "Samples\CompositeCommandSample\CompositeCommandSample.csproj", "{C7A5EF07-E886-49FA-988D-7F9354C89F69}"
EndProject
Project("{9A19103F-16F7-4668-BE54-9A1E7A4F7556}") = "NavigationSample", "Samples\XF\NavigationSample\NavigationSample\NavigationSample.csproj", "{82E43F03-C116-4C81-A505-41BD1935EAAF}"
EndProject
Project("{FAE04EC0-301F-11D3-BF4B-00C04F79EFBC}") = "NavigationSample.Android", "Samples\XF\NavigationSample\NavigationSample.Android\NavigationSample.Android.csproj", "{9523610A-962D-4E8C-8A4D-9A610E56D67B}"
EndProject
Project("{FAE04EC0-301F-11D3-BF4B-00C04F79EFBC}") = "MyTestLibrary", "Tests\MyTestLibrary\MyTestLibrary.csproj", "{F765C302-B21C-4948-8AF2-6B1F37D3431E}"
EndProject
Project("{FAE04EC0-301F-11D3-BF4B-00C04F79EFBC}") = "MyIoCTestLibrary", "Tests\MyTestLibrary\MyIoCTestLibrary\MyIoCTestLibrary.csproj", "{550A241B-EF3C-4461-9BF4-AE0CFC891344}"
EndProject
Global
	GlobalSection(SolutionConfigurationPlatforms) = preSolution
		Debug|Any CPU = Debug|Any CPU
		Debug|ARM = Debug|ARM
		Debug|ARM64 = Debug|ARM64
		Debug|x64 = Debug|x64
		Debug|x86 = Debug|x86
		Release|Any CPU = Release|Any CPU
		Release|ARM = Release|ARM
		Release|ARM64 = Release|ARM64
		Release|x64 = Release|x64
		Release|x86 = Release|x86
	EndGlobalSection
	GlobalSection(ProjectConfigurationPlatforms) = postSolution
		{42A0EE09-1F4E-495B-BA10-950E51DB6DEE}.Debug|Any CPU.ActiveCfg = Debug|Any CPU
		{42A0EE09-1F4E-495B-BA10-950E51DB6DEE}.Debug|Any CPU.Build.0 = Debug|Any CPU
		{42A0EE09-1F4E-495B-BA10-950E51DB6DEE}.Debug|ARM.ActiveCfg = Debug|Any CPU
		{42A0EE09-1F4E-495B-BA10-950E51DB6DEE}.Debug|ARM.Build.0 = Debug|Any CPU
		{42A0EE09-1F4E-495B-BA10-950E51DB6DEE}.Debug|ARM64.ActiveCfg = Debug|Any CPU
		{42A0EE09-1F4E-495B-BA10-950E51DB6DEE}.Debug|ARM64.Build.0 = Debug|Any CPU
		{42A0EE09-1F4E-495B-BA10-950E51DB6DEE}.Debug|x64.ActiveCfg = Debug|Any CPU
		{42A0EE09-1F4E-495B-BA10-950E51DB6DEE}.Debug|x64.Build.0 = Debug|Any CPU
		{42A0EE09-1F4E-495B-BA10-950E51DB6DEE}.Debug|x86.ActiveCfg = Debug|Any CPU
		{42A0EE09-1F4E-495B-BA10-950E51DB6DEE}.Debug|x86.Build.0 = Debug|Any CPU
		{42A0EE09-1F4E-495B-BA10-950E51DB6DEE}.Release|Any CPU.ActiveCfg = Release|Any CPU
		{42A0EE09-1F4E-495B-BA10-950E51DB6DEE}.Release|Any CPU.Build.0 = Release|Any CPU
		{42A0EE09-1F4E-495B-BA10-950E51DB6DEE}.Release|ARM.ActiveCfg = Release|Any CPU
		{42A0EE09-1F4E-495B-BA10-950E51DB6DEE}.Release|ARM.Build.0 = Release|Any CPU
		{42A0EE09-1F4E-495B-BA10-950E51DB6DEE}.Release|ARM64.ActiveCfg = Release|Any CPU
		{42A0EE09-1F4E-495B-BA10-950E51DB6DEE}.Release|ARM64.Build.0 = Release|Any CPU
		{42A0EE09-1F4E-495B-BA10-950E51DB6DEE}.Release|x64.ActiveCfg = Release|Any CPU
		{42A0EE09-1F4E-495B-BA10-950E51DB6DEE}.Release|x64.Build.0 = Release|Any CPU
		{42A0EE09-1F4E-495B-BA10-950E51DB6DEE}.Release|x86.ActiveCfg = Release|Any CPU
		{42A0EE09-1F4E-495B-BA10-950E51DB6DEE}.Release|x86.Build.0 = Release|Any CPU
		{05599420-E32F-43EA-8CB3-70167026ACAC}.Debug|Any CPU.ActiveCfg = Debug|Any CPU
		{05599420-E32F-43EA-8CB3-70167026ACAC}.Debug|Any CPU.Build.0 = Debug|Any CPU
		{05599420-E32F-43EA-8CB3-70167026ACAC}.Debug|ARM.ActiveCfg = Debug|Any CPU
		{05599420-E32F-43EA-8CB3-70167026ACAC}.Debug|ARM.Build.0 = Debug|Any CPU
		{05599420-E32F-43EA-8CB3-70167026ACAC}.Debug|ARM64.ActiveCfg = Debug|Any CPU
		{05599420-E32F-43EA-8CB3-70167026ACAC}.Debug|ARM64.Build.0 = Debug|Any CPU
		{05599420-E32F-43EA-8CB3-70167026ACAC}.Debug|x64.ActiveCfg = Debug|Any CPU
		{05599420-E32F-43EA-8CB3-70167026ACAC}.Debug|x64.Build.0 = Debug|Any CPU
		{05599420-E32F-43EA-8CB3-70167026ACAC}.Debug|x86.ActiveCfg = Debug|Any CPU
		{05599420-E32F-43EA-8CB3-70167026ACAC}.Debug|x86.Build.0 = Debug|Any CPU
		{05599420-E32F-43EA-8CB3-70167026ACAC}.Release|Any CPU.ActiveCfg = Release|Any CPU
		{05599420-E32F-43EA-8CB3-70167026ACAC}.Release|Any CPU.Build.0 = Release|Any CPU
		{05599420-E32F-43EA-8CB3-70167026ACAC}.Release|ARM.ActiveCfg = Release|Any CPU
		{05599420-E32F-43EA-8CB3-70167026ACAC}.Release|ARM.Build.0 = Release|Any CPU
		{05599420-E32F-43EA-8CB3-70167026ACAC}.Release|ARM64.ActiveCfg = Release|Any CPU
		{05599420-E32F-43EA-8CB3-70167026ACAC}.Release|ARM64.Build.0 = Release|Any CPU
		{05599420-E32F-43EA-8CB3-70167026ACAC}.Release|x64.ActiveCfg = Release|Any CPU
		{05599420-E32F-43EA-8CB3-70167026ACAC}.Release|x64.Build.0 = Release|Any CPU
		{05599420-E32F-43EA-8CB3-70167026ACAC}.Release|x86.ActiveCfg = Release|Any CPU
		{05599420-E32F-43EA-8CB3-70167026ACAC}.Release|x86.Build.0 = Release|Any CPU
		{204995E8-E36B-4FEF-9D4E-F2FB3DE28C71}.Debug|Any CPU.ActiveCfg = Debug|Any CPU
		{204995E8-E36B-4FEF-9D4E-F2FB3DE28C71}.Debug|Any CPU.Build.0 = Debug|Any CPU
		{204995E8-E36B-4FEF-9D4E-F2FB3DE28C71}.Debug|ARM.ActiveCfg = Debug|Any CPU
		{204995E8-E36B-4FEF-9D4E-F2FB3DE28C71}.Debug|ARM.Build.0 = Debug|Any CPU
		{204995E8-E36B-4FEF-9D4E-F2FB3DE28C71}.Debug|ARM64.ActiveCfg = Debug|Any CPU
		{204995E8-E36B-4FEF-9D4E-F2FB3DE28C71}.Debug|ARM64.Build.0 = Debug|Any CPU
		{204995E8-E36B-4FEF-9D4E-F2FB3DE28C71}.Debug|x64.ActiveCfg = Debug|Any CPU
		{204995E8-E36B-4FEF-9D4E-F2FB3DE28C71}.Debug|x64.Build.0 = Debug|Any CPU
		{204995E8-E36B-4FEF-9D4E-F2FB3DE28C71}.Debug|x86.ActiveCfg = Debug|Any CPU
		{204995E8-E36B-4FEF-9D4E-F2FB3DE28C71}.Debug|x86.Build.0 = Debug|Any CPU
		{204995E8-E36B-4FEF-9D4E-F2FB3DE28C71}.Release|Any CPU.ActiveCfg = Release|Any CPU
		{204995E8-E36B-4FEF-9D4E-F2FB3DE28C71}.Release|Any CPU.Build.0 = Release|Any CPU
		{204995E8-E36B-4FEF-9D4E-F2FB3DE28C71}.Release|ARM.ActiveCfg = Release|Any CPU
		{204995E8-E36B-4FEF-9D4E-F2FB3DE28C71}.Release|ARM.Build.0 = Release|Any CPU
		{204995E8-E36B-4FEF-9D4E-F2FB3DE28C71}.Release|ARM64.ActiveCfg = Release|Any CPU
		{204995E8-E36B-4FEF-9D4E-F2FB3DE28C71}.Release|ARM64.Build.0 = Release|Any CPU
		{204995E8-E36B-4FEF-9D4E-F2FB3DE28C71}.Release|x64.ActiveCfg = Release|Any CPU
		{204995E8-E36B-4FEF-9D4E-F2FB3DE28C71}.Release|x64.Build.0 = Release|Any CPU
		{204995E8-E36B-4FEF-9D4E-F2FB3DE28C71}.Release|x86.ActiveCfg = Release|Any CPU
		{204995E8-E36B-4FEF-9D4E-F2FB3DE28C71}.Release|x86.Build.0 = Release|Any CPU
		{1C0F33D0-6868-4D47-A990-2B8ED91D547E}.Debug|Any CPU.ActiveCfg = Debug|Any CPU
		{1C0F33D0-6868-4D47-A990-2B8ED91D547E}.Debug|Any CPU.Build.0 = Debug|Any CPU
		{1C0F33D0-6868-4D47-A990-2B8ED91D547E}.Debug|ARM.ActiveCfg = Debug|Any CPU
		{1C0F33D0-6868-4D47-A990-2B8ED91D547E}.Debug|ARM.Build.0 = Debug|Any CPU
		{1C0F33D0-6868-4D47-A990-2B8ED91D547E}.Debug|ARM64.ActiveCfg = Debug|Any CPU
		{1C0F33D0-6868-4D47-A990-2B8ED91D547E}.Debug|ARM64.Build.0 = Debug|Any CPU
		{1C0F33D0-6868-4D47-A990-2B8ED91D547E}.Debug|x64.ActiveCfg = Debug|Any CPU
		{1C0F33D0-6868-4D47-A990-2B8ED91D547E}.Debug|x64.Build.0 = Debug|Any CPU
		{1C0F33D0-6868-4D47-A990-2B8ED91D547E}.Debug|x86.ActiveCfg = Debug|Any CPU
		{1C0F33D0-6868-4D47-A990-2B8ED91D547E}.Debug|x86.Build.0 = Debug|Any CPU
		{1C0F33D0-6868-4D47-A990-2B8ED91D547E}.Release|Any CPU.ActiveCfg = Release|Any CPU
		{1C0F33D0-6868-4D47-A990-2B8ED91D547E}.Release|Any CPU.Build.0 = Release|Any CPU
		{1C0F33D0-6868-4D47-A990-2B8ED91D547E}.Release|ARM.ActiveCfg = Release|Any CPU
		{1C0F33D0-6868-4D47-A990-2B8ED91D547E}.Release|ARM.Build.0 = Release|Any CPU
		{1C0F33D0-6868-4D47-A990-2B8ED91D547E}.Release|ARM64.ActiveCfg = Release|Any CPU
		{1C0F33D0-6868-4D47-A990-2B8ED91D547E}.Release|ARM64.Build.0 = Release|Any CPU
		{1C0F33D0-6868-4D47-A990-2B8ED91D547E}.Release|x64.ActiveCfg = Release|Any CPU
		{1C0F33D0-6868-4D47-A990-2B8ED91D547E}.Release|x64.Build.0 = Release|Any CPU
		{1C0F33D0-6868-4D47-A990-2B8ED91D547E}.Release|x86.ActiveCfg = Release|Any CPU
		{1C0F33D0-6868-4D47-A990-2B8ED91D547E}.Release|x86.Build.0 = Release|Any CPU
		{6E364AE9-15D0-486A-AE2E-7C50BBA3A6E8}.Debug|Any CPU.ActiveCfg = Debug|Any CPU
		{6E364AE9-15D0-486A-AE2E-7C50BBA3A6E8}.Debug|Any CPU.Build.0 = Debug|Any CPU
		{6E364AE9-15D0-486A-AE2E-7C50BBA3A6E8}.Debug|ARM.ActiveCfg = Debug|Any CPU
		{6E364AE9-15D0-486A-AE2E-7C50BBA3A6E8}.Debug|ARM.Build.0 = Debug|Any CPU
		{6E364AE9-15D0-486A-AE2E-7C50BBA3A6E8}.Debug|ARM64.ActiveCfg = Debug|Any CPU
		{6E364AE9-15D0-486A-AE2E-7C50BBA3A6E8}.Debug|ARM64.Build.0 = Debug|Any CPU
		{6E364AE9-15D0-486A-AE2E-7C50BBA3A6E8}.Debug|x64.ActiveCfg = Debug|Any CPU
		{6E364AE9-15D0-486A-AE2E-7C50BBA3A6E8}.Debug|x64.Build.0 = Debug|Any CPU
		{6E364AE9-15D0-486A-AE2E-7C50BBA3A6E8}.Debug|x86.ActiveCfg = Debug|Any CPU
		{6E364AE9-15D0-486A-AE2E-7C50BBA3A6E8}.Debug|x86.Build.0 = Debug|Any CPU
		{6E364AE9-15D0-486A-AE2E-7C50BBA3A6E8}.Release|Any CPU.ActiveCfg = Release|Any CPU
		{6E364AE9-15D0-486A-AE2E-7C50BBA3A6E8}.Release|Any CPU.Build.0 = Release|Any CPU
		{6E364AE9-15D0-486A-AE2E-7C50BBA3A6E8}.Release|ARM.ActiveCfg = Release|Any CPU
		{6E364AE9-15D0-486A-AE2E-7C50BBA3A6E8}.Release|ARM.Build.0 = Release|Any CPU
		{6E364AE9-15D0-486A-AE2E-7C50BBA3A6E8}.Release|ARM64.ActiveCfg = Release|Any CPU
		{6E364AE9-15D0-486A-AE2E-7C50BBA3A6E8}.Release|ARM64.Build.0 = Release|Any CPU
		{6E364AE9-15D0-486A-AE2E-7C50BBA3A6E8}.Release|x64.ActiveCfg = Release|Any CPU
		{6E364AE9-15D0-486A-AE2E-7C50BBA3A6E8}.Release|x64.Build.0 = Release|Any CPU
		{6E364AE9-15D0-486A-AE2E-7C50BBA3A6E8}.Release|x86.ActiveCfg = Release|Any CPU
		{6E364AE9-15D0-486A-AE2E-7C50BBA3A6E8}.Release|x86.Build.0 = Release|Any CPU
		{716ADDD5-D1FE-455F-92DA-2069643D73A0}.Debug|Any CPU.ActiveCfg = Debug|Any CPU
		{716ADDD5-D1FE-455F-92DA-2069643D73A0}.Debug|Any CPU.Build.0 = Debug|Any CPU
		{716ADDD5-D1FE-455F-92DA-2069643D73A0}.Debug|ARM.ActiveCfg = Debug|Any CPU
		{716ADDD5-D1FE-455F-92DA-2069643D73A0}.Debug|ARM.Build.0 = Debug|Any CPU
		{716ADDD5-D1FE-455F-92DA-2069643D73A0}.Debug|ARM64.ActiveCfg = Debug|Any CPU
		{716ADDD5-D1FE-455F-92DA-2069643D73A0}.Debug|ARM64.Build.0 = Debug|Any CPU
		{716ADDD5-D1FE-455F-92DA-2069643D73A0}.Debug|x64.ActiveCfg = Debug|Any CPU
		{716ADDD5-D1FE-455F-92DA-2069643D73A0}.Debug|x64.Build.0 = Debug|Any CPU
		{716ADDD5-D1FE-455F-92DA-2069643D73A0}.Debug|x86.ActiveCfg = Debug|Any CPU
		{716ADDD5-D1FE-455F-92DA-2069643D73A0}.Debug|x86.Build.0 = Debug|Any CPU
		{716ADDD5-D1FE-455F-92DA-2069643D73A0}.Release|Any CPU.ActiveCfg = Release|Any CPU
		{716ADDD5-D1FE-455F-92DA-2069643D73A0}.Release|Any CPU.Build.0 = Release|Any CPU
		{716ADDD5-D1FE-455F-92DA-2069643D73A0}.Release|ARM.ActiveCfg = Release|Any CPU
		{716ADDD5-D1FE-455F-92DA-2069643D73A0}.Release|ARM.Build.0 = Release|Any CPU
		{716ADDD5-D1FE-455F-92DA-2069643D73A0}.Release|ARM64.ActiveCfg = Release|Any CPU
		{716ADDD5-D1FE-455F-92DA-2069643D73A0}.Release|ARM64.Build.0 = Release|Any CPU
		{716ADDD5-D1FE-455F-92DA-2069643D73A0}.Release|x64.ActiveCfg = Release|Any CPU
		{716ADDD5-D1FE-455F-92DA-2069643D73A0}.Release|x64.Build.0 = Release|Any CPU
		{716ADDD5-D1FE-455F-92DA-2069643D73A0}.Release|x86.ActiveCfg = Release|Any CPU
		{716ADDD5-D1FE-455F-92DA-2069643D73A0}.Release|x86.Build.0 = Release|Any CPU
		{FF5EB756-F83E-4EE7-8292-05D1630062BE}.Debug|Any CPU.ActiveCfg = Debug|Any CPU
		{FF5EB756-F83E-4EE7-8292-05D1630062BE}.Debug|Any CPU.Build.0 = Debug|Any CPU
		{FF5EB756-F83E-4EE7-8292-05D1630062BE}.Debug|ARM.ActiveCfg = Debug|Any CPU
		{FF5EB756-F83E-4EE7-8292-05D1630062BE}.Debug|ARM.Build.0 = Debug|Any CPU
		{FF5EB756-F83E-4EE7-8292-05D1630062BE}.Debug|ARM64.ActiveCfg = Debug|Any CPU
		{FF5EB756-F83E-4EE7-8292-05D1630062BE}.Debug|ARM64.Build.0 = Debug|Any CPU
		{FF5EB756-F83E-4EE7-8292-05D1630062BE}.Debug|x64.ActiveCfg = Debug|Any CPU
		{FF5EB756-F83E-4EE7-8292-05D1630062BE}.Debug|x64.Build.0 = Debug|Any CPU
		{FF5EB756-F83E-4EE7-8292-05D1630062BE}.Debug|x86.ActiveCfg = Debug|Any CPU
		{FF5EB756-F83E-4EE7-8292-05D1630062BE}.Debug|x86.Build.0 = Debug|Any CPU
		{FF5EB756-F83E-4EE7-8292-05D1630062BE}.Release|Any CPU.ActiveCfg = Release|Any CPU
		{FF5EB756-F83E-4EE7-8292-05D1630062BE}.Release|Any CPU.Build.0 = Release|Any CPU
		{FF5EB756-F83E-4EE7-8292-05D1630062BE}.Release|ARM.ActiveCfg = Release|Any CPU
		{FF5EB756-F83E-4EE7-8292-05D1630062BE}.Release|ARM.Build.0 = Release|Any CPU
		{FF5EB756-F83E-4EE7-8292-05D1630062BE}.Release|ARM64.ActiveCfg = Release|Any CPU
		{FF5EB756-F83E-4EE7-8292-05D1630062BE}.Release|ARM64.Build.0 = Release|Any CPU
		{FF5EB756-F83E-4EE7-8292-05D1630062BE}.Release|x64.ActiveCfg = Release|Any CPU
		{FF5EB756-F83E-4EE7-8292-05D1630062BE}.Release|x64.Build.0 = Release|Any CPU
		{FF5EB756-F83E-4EE7-8292-05D1630062BE}.Release|x86.ActiveCfg = Release|Any CPU
		{FF5EB756-F83E-4EE7-8292-05D1630062BE}.Release|x86.Build.0 = Release|Any CPU
		{43C6FC89-A723-468F-BA95-4EAD24118885}.Debug|Any CPU.ActiveCfg = Debug|Any CPU
		{43C6FC89-A723-468F-BA95-4EAD24118885}.Debug|Any CPU.Build.0 = Debug|Any CPU
		{43C6FC89-A723-468F-BA95-4EAD24118885}.Debug|ARM.ActiveCfg = Debug|Any CPU
		{43C6FC89-A723-468F-BA95-4EAD24118885}.Debug|ARM.Build.0 = Debug|Any CPU
		{43C6FC89-A723-468F-BA95-4EAD24118885}.Debug|ARM64.ActiveCfg = Debug|Any CPU
		{43C6FC89-A723-468F-BA95-4EAD24118885}.Debug|ARM64.Build.0 = Debug|Any CPU
		{43C6FC89-A723-468F-BA95-4EAD24118885}.Debug|x64.ActiveCfg = Debug|Any CPU
		{43C6FC89-A723-468F-BA95-4EAD24118885}.Debug|x64.Build.0 = Debug|Any CPU
		{43C6FC89-A723-468F-BA95-4EAD24118885}.Debug|x86.ActiveCfg = Debug|Any CPU
		{43C6FC89-A723-468F-BA95-4EAD24118885}.Debug|x86.Build.0 = Debug|Any CPU
		{43C6FC89-A723-468F-BA95-4EAD24118885}.Release|Any CPU.ActiveCfg = Release|Any CPU
		{43C6FC89-A723-468F-BA95-4EAD24118885}.Release|Any CPU.Build.0 = Release|Any CPU
		{43C6FC89-A723-468F-BA95-4EAD24118885}.Release|ARM.ActiveCfg = Release|Any CPU
		{43C6FC89-A723-468F-BA95-4EAD24118885}.Release|ARM.Build.0 = Release|Any CPU
		{43C6FC89-A723-468F-BA95-4EAD24118885}.Release|ARM64.ActiveCfg = Release|Any CPU
		{43C6FC89-A723-468F-BA95-4EAD24118885}.Release|ARM64.Build.0 = Release|Any CPU
		{43C6FC89-A723-468F-BA95-4EAD24118885}.Release|x64.ActiveCfg = Release|Any CPU
		{43C6FC89-A723-468F-BA95-4EAD24118885}.Release|x64.Build.0 = Release|Any CPU
		{43C6FC89-A723-468F-BA95-4EAD24118885}.Release|x86.ActiveCfg = Release|Any CPU
		{43C6FC89-A723-468F-BA95-4EAD24118885}.Release|x86.Build.0 = Release|Any CPU
		{9A1D53AB-A5DD-40DB-A8CB-64801506FA1D}.Debug|Any CPU.ActiveCfg = Debug|Any CPU
		{9A1D53AB-A5DD-40DB-A8CB-64801506FA1D}.Debug|Any CPU.Build.0 = Debug|Any CPU
		{9A1D53AB-A5DD-40DB-A8CB-64801506FA1D}.Debug|ARM.ActiveCfg = Debug|Any CPU
		{9A1D53AB-A5DD-40DB-A8CB-64801506FA1D}.Debug|ARM.Build.0 = Debug|Any CPU
		{9A1D53AB-A5DD-40DB-A8CB-64801506FA1D}.Debug|ARM64.ActiveCfg = Debug|Any CPU
		{9A1D53AB-A5DD-40DB-A8CB-64801506FA1D}.Debug|ARM64.Build.0 = Debug|Any CPU
		{9A1D53AB-A5DD-40DB-A8CB-64801506FA1D}.Debug|x64.ActiveCfg = Debug|Any CPU
		{9A1D53AB-A5DD-40DB-A8CB-64801506FA1D}.Debug|x64.Build.0 = Debug|Any CPU
		{9A1D53AB-A5DD-40DB-A8CB-64801506FA1D}.Debug|x86.ActiveCfg = Debug|Any CPU
		{9A1D53AB-A5DD-40DB-A8CB-64801506FA1D}.Debug|x86.Build.0 = Debug|Any CPU
		{9A1D53AB-A5DD-40DB-A8CB-64801506FA1D}.Release|Any CPU.ActiveCfg = Release|Any CPU
		{9A1D53AB-A5DD-40DB-A8CB-64801506FA1D}.Release|Any CPU.Build.0 = Release|Any CPU
		{9A1D53AB-A5DD-40DB-A8CB-64801506FA1D}.Release|ARM.ActiveCfg = Release|Any CPU
		{9A1D53AB-A5DD-40DB-A8CB-64801506FA1D}.Release|ARM.Build.0 = Release|Any CPU
		{9A1D53AB-A5DD-40DB-A8CB-64801506FA1D}.Release|ARM64.ActiveCfg = Release|Any CPU
		{9A1D53AB-A5DD-40DB-A8CB-64801506FA1D}.Release|ARM64.Build.0 = Release|Any CPU
		{9A1D53AB-A5DD-40DB-A8CB-64801506FA1D}.Release|x64.ActiveCfg = Release|Any CPU
		{9A1D53AB-A5DD-40DB-A8CB-64801506FA1D}.Release|x64.Build.0 = Release|Any CPU
		{9A1D53AB-A5DD-40DB-A8CB-64801506FA1D}.Release|x86.ActiveCfg = Release|Any CPU
		{9A1D53AB-A5DD-40DB-A8CB-64801506FA1D}.Release|x86.Build.0 = Release|Any CPU
		{1A2BEB9E-82CD-4963-976D-7A4B7B55131F}.Debug|Any CPU.ActiveCfg = Debug|Any CPU
		{1A2BEB9E-82CD-4963-976D-7A4B7B55131F}.Debug|Any CPU.Build.0 = Debug|Any CPU
		{1A2BEB9E-82CD-4963-976D-7A4B7B55131F}.Debug|ARM.ActiveCfg = Debug|ARM
		{1A2BEB9E-82CD-4963-976D-7A4B7B55131F}.Debug|ARM.Build.0 = Debug|ARM
		{1A2BEB9E-82CD-4963-976D-7A4B7B55131F}.Debug|ARM64.ActiveCfg = Debug|ARM64
		{1A2BEB9E-82CD-4963-976D-7A4B7B55131F}.Debug|ARM64.Build.0 = Debug|ARM64
		{1A2BEB9E-82CD-4963-976D-7A4B7B55131F}.Debug|x64.ActiveCfg = Debug|x64
		{1A2BEB9E-82CD-4963-976D-7A4B7B55131F}.Debug|x64.Build.0 = Debug|x64
		{1A2BEB9E-82CD-4963-976D-7A4B7B55131F}.Debug|x86.ActiveCfg = Debug|x86
		{1A2BEB9E-82CD-4963-976D-7A4B7B55131F}.Debug|x86.Build.0 = Debug|x86
		{1A2BEB9E-82CD-4963-976D-7A4B7B55131F}.Release|Any CPU.ActiveCfg = Release|Any CPU
		{1A2BEB9E-82CD-4963-976D-7A4B7B55131F}.Release|Any CPU.Build.0 = Release|Any CPU
		{1A2BEB9E-82CD-4963-976D-7A4B7B55131F}.Release|ARM.ActiveCfg = Release|ARM
		{1A2BEB9E-82CD-4963-976D-7A4B7B55131F}.Release|ARM.Build.0 = Release|ARM
		{1A2BEB9E-82CD-4963-976D-7A4B7B55131F}.Release|ARM64.ActiveCfg = Release|ARM64
		{1A2BEB9E-82CD-4963-976D-7A4B7B55131F}.Release|ARM64.Build.0 = Release|ARM64
		{1A2BEB9E-82CD-4963-976D-7A4B7B55131F}.Release|x64.ActiveCfg = Release|x64
		{1A2BEB9E-82CD-4963-976D-7A4B7B55131F}.Release|x64.Build.0 = Release|x64
		{1A2BEB9E-82CD-4963-976D-7A4B7B55131F}.Release|x86.ActiveCfg = Release|x86
		{1A2BEB9E-82CD-4963-976D-7A4B7B55131F}.Release|x86.Build.0 = Release|x86
		{64F48FB6-147D-46D3-B854-820384D9DFC2}.Debug|Any CPU.ActiveCfg = Debug|Any CPU
		{64F48FB6-147D-46D3-B854-820384D9DFC2}.Debug|Any CPU.Build.0 = Debug|Any CPU
		{64F48FB6-147D-46D3-B854-820384D9DFC2}.Debug|ARM.ActiveCfg = Debug|ARM
		{64F48FB6-147D-46D3-B854-820384D9DFC2}.Debug|ARM.Build.0 = Debug|ARM
		{64F48FB6-147D-46D3-B854-820384D9DFC2}.Debug|ARM64.ActiveCfg = Debug|ARM64
		{64F48FB6-147D-46D3-B854-820384D9DFC2}.Debug|ARM64.Build.0 = Debug|ARM64
		{64F48FB6-147D-46D3-B854-820384D9DFC2}.Debug|x64.ActiveCfg = Debug|x64
		{64F48FB6-147D-46D3-B854-820384D9DFC2}.Debug|x64.Build.0 = Debug|x64
		{64F48FB6-147D-46D3-B854-820384D9DFC2}.Debug|x86.ActiveCfg = Debug|x86
		{64F48FB6-147D-46D3-B854-820384D9DFC2}.Debug|x86.Build.0 = Debug|x86
		{64F48FB6-147D-46D3-B854-820384D9DFC2}.Release|Any CPU.ActiveCfg = Release|Any CPU
		{64F48FB6-147D-46D3-B854-820384D9DFC2}.Release|Any CPU.Build.0 = Release|Any CPU
		{64F48FB6-147D-46D3-B854-820384D9DFC2}.Release|ARM.ActiveCfg = Release|ARM
		{64F48FB6-147D-46D3-B854-820384D9DFC2}.Release|ARM.Build.0 = Release|ARM
		{64F48FB6-147D-46D3-B854-820384D9DFC2}.Release|ARM64.ActiveCfg = Release|ARM64
		{64F48FB6-147D-46D3-B854-820384D9DFC2}.Release|ARM64.Build.0 = Release|ARM64
		{64F48FB6-147D-46D3-B854-820384D9DFC2}.Release|x64.ActiveCfg = Release|x64
		{64F48FB6-147D-46D3-B854-820384D9DFC2}.Release|x64.Build.0 = Release|x64
		{64F48FB6-147D-46D3-B854-820384D9DFC2}.Release|x86.ActiveCfg = Release|x86
		{64F48FB6-147D-46D3-B854-820384D9DFC2}.Release|x86.Build.0 = Release|x86
		{1DC80896-94C5-4F75-9F47-ACD81FDD09B7}.Debug|Any CPU.ActiveCfg = Debug|Any CPU
		{1DC80896-94C5-4F75-9F47-ACD81FDD09B7}.Debug|Any CPU.Build.0 = Debug|Any CPU
		{1DC80896-94C5-4F75-9F47-ACD81FDD09B7}.Debug|ARM.ActiveCfg = Debug|Any CPU
		{1DC80896-94C5-4F75-9F47-ACD81FDD09B7}.Debug|ARM.Build.0 = Debug|Any CPU
		{1DC80896-94C5-4F75-9F47-ACD81FDD09B7}.Debug|ARM64.ActiveCfg = Debug|Any CPU
		{1DC80896-94C5-4F75-9F47-ACD81FDD09B7}.Debug|ARM64.Build.0 = Debug|Any CPU
		{1DC80896-94C5-4F75-9F47-ACD81FDD09B7}.Debug|x64.ActiveCfg = Debug|Any CPU
		{1DC80896-94C5-4F75-9F47-ACD81FDD09B7}.Debug|x64.Build.0 = Debug|Any CPU
		{1DC80896-94C5-4F75-9F47-ACD81FDD09B7}.Debug|x86.ActiveCfg = Debug|Any CPU
		{1DC80896-94C5-4F75-9F47-ACD81FDD09B7}.Debug|x86.Build.0 = Debug|Any CPU
		{1DC80896-94C5-4F75-9F47-ACD81FDD09B7}.Release|Any CPU.ActiveCfg = Release|Any CPU
		{1DC80896-94C5-4F75-9F47-ACD81FDD09B7}.Release|Any CPU.Build.0 = Release|Any CPU
		{1DC80896-94C5-4F75-9F47-ACD81FDD09B7}.Release|ARM.ActiveCfg = Release|Any CPU
		{1DC80896-94C5-4F75-9F47-ACD81FDD09B7}.Release|ARM.Build.0 = Release|Any CPU
		{1DC80896-94C5-4F75-9F47-ACD81FDD09B7}.Release|ARM64.ActiveCfg = Release|Any CPU
		{1DC80896-94C5-4F75-9F47-ACD81FDD09B7}.Release|ARM64.Build.0 = Release|Any CPU
		{1DC80896-94C5-4F75-9F47-ACD81FDD09B7}.Release|x64.ActiveCfg = Release|Any CPU
		{1DC80896-94C5-4F75-9F47-ACD81FDD09B7}.Release|x64.Build.0 = Release|Any CPU
		{1DC80896-94C5-4F75-9F47-ACD81FDD09B7}.Release|x86.ActiveCfg = Release|Any CPU
		{1DC80896-94C5-4F75-9F47-ACD81FDD09B7}.Release|x86.Build.0 = Release|Any CPU
		{F72C16B0-EDAD-4FAD-8D12-78F03497B6F5}.Debug|Any CPU.ActiveCfg = Debug|Any CPU
		{F72C16B0-EDAD-4FAD-8D12-78F03497B6F5}.Debug|Any CPU.Build.0 = Debug|Any CPU
		{F72C16B0-EDAD-4FAD-8D12-78F03497B6F5}.Debug|ARM.ActiveCfg = Debug|Any CPU
		{F72C16B0-EDAD-4FAD-8D12-78F03497B6F5}.Debug|ARM.Build.0 = Debug|Any CPU
		{F72C16B0-EDAD-4FAD-8D12-78F03497B6F5}.Debug|ARM64.ActiveCfg = Debug|Any CPU
		{F72C16B0-EDAD-4FAD-8D12-78F03497B6F5}.Debug|ARM64.Build.0 = Debug|Any CPU
		{F72C16B0-EDAD-4FAD-8D12-78F03497B6F5}.Debug|x64.ActiveCfg = Debug|Any CPU
		{F72C16B0-EDAD-4FAD-8D12-78F03497B6F5}.Debug|x64.Build.0 = Debug|Any CPU
		{F72C16B0-EDAD-4FAD-8D12-78F03497B6F5}.Debug|x86.ActiveCfg = Debug|Any CPU
		{F72C16B0-EDAD-4FAD-8D12-78F03497B6F5}.Debug|x86.Build.0 = Debug|Any CPU
		{F72C16B0-EDAD-4FAD-8D12-78F03497B6F5}.Release|Any CPU.ActiveCfg = Release|Any CPU
		{F72C16B0-EDAD-4FAD-8D12-78F03497B6F5}.Release|Any CPU.Build.0 = Release|Any CPU
		{F72C16B0-EDAD-4FAD-8D12-78F03497B6F5}.Release|ARM.ActiveCfg = Release|Any CPU
		{F72C16B0-EDAD-4FAD-8D12-78F03497B6F5}.Release|ARM.Build.0 = Release|Any CPU
		{F72C16B0-EDAD-4FAD-8D12-78F03497B6F5}.Release|ARM64.ActiveCfg = Release|Any CPU
		{F72C16B0-EDAD-4FAD-8D12-78F03497B6F5}.Release|ARM64.Build.0 = Release|Any CPU
		{F72C16B0-EDAD-4FAD-8D12-78F03497B6F5}.Release|x64.ActiveCfg = Release|Any CPU
		{F72C16B0-EDAD-4FAD-8D12-78F03497B6F5}.Release|x64.Build.0 = Release|Any CPU
		{F72C16B0-EDAD-4FAD-8D12-78F03497B6F5}.Release|x86.ActiveCfg = Release|Any CPU
		{F72C16B0-EDAD-4FAD-8D12-78F03497B6F5}.Release|x86.Build.0 = Release|Any CPU
		{4CD732CE-17A2-4A71-B5CB-AE009A7A6B85}.Debug|Any CPU.ActiveCfg = Debug|x86
		{4CD732CE-17A2-4A71-B5CB-AE009A7A6B85}.Debug|ARM.ActiveCfg = Debug|ARM
		{4CD732CE-17A2-4A71-B5CB-AE009A7A6B85}.Debug|ARM.Build.0 = Debug|ARM
		{4CD732CE-17A2-4A71-B5CB-AE009A7A6B85}.Debug|ARM.Deploy.0 = Debug|ARM
		{4CD732CE-17A2-4A71-B5CB-AE009A7A6B85}.Debug|ARM64.ActiveCfg = Debug|ARM64
		{4CD732CE-17A2-4A71-B5CB-AE009A7A6B85}.Debug|ARM64.Build.0 = Debug|ARM64
		{4CD732CE-17A2-4A71-B5CB-AE009A7A6B85}.Debug|ARM64.Deploy.0 = Debug|ARM64
		{4CD732CE-17A2-4A71-B5CB-AE009A7A6B85}.Debug|x64.ActiveCfg = Debug|x64
		{4CD732CE-17A2-4A71-B5CB-AE009A7A6B85}.Debug|x64.Build.0 = Debug|x64
		{4CD732CE-17A2-4A71-B5CB-AE009A7A6B85}.Debug|x64.Deploy.0 = Debug|x64
		{4CD732CE-17A2-4A71-B5CB-AE009A7A6B85}.Debug|x86.ActiveCfg = Debug|x86
		{4CD732CE-17A2-4A71-B5CB-AE009A7A6B85}.Debug|x86.Build.0 = Debug|x86
		{4CD732CE-17A2-4A71-B5CB-AE009A7A6B85}.Debug|x86.Deploy.0 = Debug|x86
		{4CD732CE-17A2-4A71-B5CB-AE009A7A6B85}.Release|Any CPU.ActiveCfg = Release|x86
		{4CD732CE-17A2-4A71-B5CB-AE009A7A6B85}.Release|ARM.ActiveCfg = Release|ARM
		{4CD732CE-17A2-4A71-B5CB-AE009A7A6B85}.Release|ARM.Build.0 = Release|ARM
		{4CD732CE-17A2-4A71-B5CB-AE009A7A6B85}.Release|ARM.Deploy.0 = Release|ARM
		{4CD732CE-17A2-4A71-B5CB-AE009A7A6B85}.Release|ARM64.ActiveCfg = Release|ARM64
		{4CD732CE-17A2-4A71-B5CB-AE009A7A6B85}.Release|ARM64.Build.0 = Release|ARM64
		{4CD732CE-17A2-4A71-B5CB-AE009A7A6B85}.Release|ARM64.Deploy.0 = Release|ARM64
		{4CD732CE-17A2-4A71-B5CB-AE009A7A6B85}.Release|x64.ActiveCfg = Release|x64
		{4CD732CE-17A2-4A71-B5CB-AE009A7A6B85}.Release|x64.Build.0 = Release|x64
		{4CD732CE-17A2-4A71-B5CB-AE009A7A6B85}.Release|x64.Deploy.0 = Release|x64
		{4CD732CE-17A2-4A71-B5CB-AE009A7A6B85}.Release|x86.ActiveCfg = Release|x86
		{4CD732CE-17A2-4A71-B5CB-AE009A7A6B85}.Release|x86.Build.0 = Release|x86
		{4CD732CE-17A2-4A71-B5CB-AE009A7A6B85}.Release|x86.Deploy.0 = Release|x86
		{35F975A3-1C30-4E55-8C02-DEBF815F8224}.Debug|Any CPU.ActiveCfg = Debug|x86
		{35F975A3-1C30-4E55-8C02-DEBF815F8224}.Debug|ARM.ActiveCfg = Debug|ARM
		{35F975A3-1C30-4E55-8C02-DEBF815F8224}.Debug|ARM.Build.0 = Debug|ARM
		{35F975A3-1C30-4E55-8C02-DEBF815F8224}.Debug|ARM.Deploy.0 = Debug|ARM
		{35F975A3-1C30-4E55-8C02-DEBF815F8224}.Debug|ARM64.ActiveCfg = Debug|ARM64
		{35F975A3-1C30-4E55-8C02-DEBF815F8224}.Debug|ARM64.Build.0 = Debug|ARM64
		{35F975A3-1C30-4E55-8C02-DEBF815F8224}.Debug|ARM64.Deploy.0 = Debug|ARM64
		{35F975A3-1C30-4E55-8C02-DEBF815F8224}.Debug|x64.ActiveCfg = Debug|x64
		{35F975A3-1C30-4E55-8C02-DEBF815F8224}.Debug|x64.Build.0 = Debug|x64
		{35F975A3-1C30-4E55-8C02-DEBF815F8224}.Debug|x64.Deploy.0 = Debug|x64
		{35F975A3-1C30-4E55-8C02-DEBF815F8224}.Debug|x86.ActiveCfg = Debug|x86
		{35F975A3-1C30-4E55-8C02-DEBF815F8224}.Debug|x86.Build.0 = Debug|x86
		{35F975A3-1C30-4E55-8C02-DEBF815F8224}.Debug|x86.Deploy.0 = Debug|x86
		{35F975A3-1C30-4E55-8C02-DEBF815F8224}.Release|Any CPU.ActiveCfg = Release|x86
		{35F975A3-1C30-4E55-8C02-DEBF815F8224}.Release|ARM.ActiveCfg = Release|ARM
		{35F975A3-1C30-4E55-8C02-DEBF815F8224}.Release|ARM.Build.0 = Release|ARM
		{35F975A3-1C30-4E55-8C02-DEBF815F8224}.Release|ARM.Deploy.0 = Release|ARM
		{35F975A3-1C30-4E55-8C02-DEBF815F8224}.Release|ARM64.ActiveCfg = Release|ARM64
		{35F975A3-1C30-4E55-8C02-DEBF815F8224}.Release|ARM64.Build.0 = Release|ARM64
		{35F975A3-1C30-4E55-8C02-DEBF815F8224}.Release|ARM64.Deploy.0 = Release|ARM64
		{35F975A3-1C30-4E55-8C02-DEBF815F8224}.Release|x64.ActiveCfg = Release|x64
		{35F975A3-1C30-4E55-8C02-DEBF815F8224}.Release|x64.Build.0 = Release|x64
		{35F975A3-1C30-4E55-8C02-DEBF815F8224}.Release|x64.Deploy.0 = Release|x64
		{35F975A3-1C30-4E55-8C02-DEBF815F8224}.Release|x86.ActiveCfg = Release|x86
		{35F975A3-1C30-4E55-8C02-DEBF815F8224}.Release|x86.Build.0 = Release|x86
		{35F975A3-1C30-4E55-8C02-DEBF815F8224}.Release|x86.Deploy.0 = Release|x86
		{73C0A3B5-24AB-4624-9E9C-143D863B1F17}.Debug|Any CPU.ActiveCfg = Debug|Any CPU
		{73C0A3B5-24AB-4624-9E9C-143D863B1F17}.Debug|Any CPU.Build.0 = Debug|Any CPU
		{73C0A3B5-24AB-4624-9E9C-143D863B1F17}.Debug|ARM.ActiveCfg = Debug|Any CPU
		{73C0A3B5-24AB-4624-9E9C-143D863B1F17}.Debug|ARM.Build.0 = Debug|Any CPU
		{73C0A3B5-24AB-4624-9E9C-143D863B1F17}.Debug|ARM64.ActiveCfg = Debug|Any CPU
		{73C0A3B5-24AB-4624-9E9C-143D863B1F17}.Debug|ARM64.Build.0 = Debug|Any CPU
		{73C0A3B5-24AB-4624-9E9C-143D863B1F17}.Debug|x64.ActiveCfg = Debug|Any CPU
		{73C0A3B5-24AB-4624-9E9C-143D863B1F17}.Debug|x64.Build.0 = Debug|Any CPU
		{73C0A3B5-24AB-4624-9E9C-143D863B1F17}.Debug|x86.ActiveCfg = Debug|Any CPU
		{73C0A3B5-24AB-4624-9E9C-143D863B1F17}.Debug|x86.Build.0 = Debug|Any CPU
		{73C0A3B5-24AB-4624-9E9C-143D863B1F17}.Release|Any CPU.ActiveCfg = Release|Any CPU
		{73C0A3B5-24AB-4624-9E9C-143D863B1F17}.Release|Any CPU.Build.0 = Release|Any CPU
		{73C0A3B5-24AB-4624-9E9C-143D863B1F17}.Release|ARM.ActiveCfg = Release|Any CPU
		{73C0A3B5-24AB-4624-9E9C-143D863B1F17}.Release|ARM.Build.0 = Release|Any CPU
		{73C0A3B5-24AB-4624-9E9C-143D863B1F17}.Release|ARM64.ActiveCfg = Release|Any CPU
		{73C0A3B5-24AB-4624-9E9C-143D863B1F17}.Release|ARM64.Build.0 = Release|Any CPU
		{73C0A3B5-24AB-4624-9E9C-143D863B1F17}.Release|x64.ActiveCfg = Release|Any CPU
		{73C0A3B5-24AB-4624-9E9C-143D863B1F17}.Release|x64.Build.0 = Release|Any CPU
		{73C0A3B5-24AB-4624-9E9C-143D863B1F17}.Release|x86.ActiveCfg = Release|Any CPU
		{73C0A3B5-24AB-4624-9E9C-143D863B1F17}.Release|x86.Build.0 = Release|Any CPU
		{42071646-6AC9-4891-A23B-552664304AB0}.Debug|Any CPU.ActiveCfg = Debug|x86
		{42071646-6AC9-4891-A23B-552664304AB0}.Debug|ARM.ActiveCfg = Debug|ARM
		{42071646-6AC9-4891-A23B-552664304AB0}.Debug|ARM.Build.0 = Debug|ARM
		{42071646-6AC9-4891-A23B-552664304AB0}.Debug|ARM.Deploy.0 = Debug|ARM
		{42071646-6AC9-4891-A23B-552664304AB0}.Debug|ARM64.ActiveCfg = Debug|ARM64
		{42071646-6AC9-4891-A23B-552664304AB0}.Debug|ARM64.Build.0 = Debug|ARM64
		{42071646-6AC9-4891-A23B-552664304AB0}.Debug|ARM64.Deploy.0 = Debug|ARM64
		{42071646-6AC9-4891-A23B-552664304AB0}.Debug|x64.ActiveCfg = Debug|x64
		{42071646-6AC9-4891-A23B-552664304AB0}.Debug|x64.Build.0 = Debug|x64
		{42071646-6AC9-4891-A23B-552664304AB0}.Debug|x64.Deploy.0 = Debug|x64
		{42071646-6AC9-4891-A23B-552664304AB0}.Debug|x86.ActiveCfg = Debug|x86
		{42071646-6AC9-4891-A23B-552664304AB0}.Debug|x86.Build.0 = Debug|x86
		{42071646-6AC9-4891-A23B-552664304AB0}.Debug|x86.Deploy.0 = Debug|x86
		{42071646-6AC9-4891-A23B-552664304AB0}.Release|Any CPU.ActiveCfg = Release|x86
		{42071646-6AC9-4891-A23B-552664304AB0}.Release|ARM.ActiveCfg = Release|ARM
		{42071646-6AC9-4891-A23B-552664304AB0}.Release|ARM.Build.0 = Release|ARM
		{42071646-6AC9-4891-A23B-552664304AB0}.Release|ARM.Deploy.0 = Release|ARM
		{42071646-6AC9-4891-A23B-552664304AB0}.Release|ARM64.ActiveCfg = Release|ARM64
		{42071646-6AC9-4891-A23B-552664304AB0}.Release|ARM64.Build.0 = Release|ARM64
		{42071646-6AC9-4891-A23B-552664304AB0}.Release|ARM64.Deploy.0 = Release|ARM64
		{42071646-6AC9-4891-A23B-552664304AB0}.Release|x64.ActiveCfg = Release|x64
		{42071646-6AC9-4891-A23B-552664304AB0}.Release|x64.Build.0 = Release|x64
		{42071646-6AC9-4891-A23B-552664304AB0}.Release|x64.Deploy.0 = Release|x64
		{42071646-6AC9-4891-A23B-552664304AB0}.Release|x86.ActiveCfg = Release|x86
		{42071646-6AC9-4891-A23B-552664304AB0}.Release|x86.Build.0 = Release|x86
		{42071646-6AC9-4891-A23B-552664304AB0}.Release|x86.Deploy.0 = Release|x86
		{5750C1F5-50B4-4BF9-A1F6-9A75B48199DA}.Debug|Any CPU.ActiveCfg = Debug|x86
		{5750C1F5-50B4-4BF9-A1F6-9A75B48199DA}.Debug|ARM.ActiveCfg = Debug|ARM
		{5750C1F5-50B4-4BF9-A1F6-9A75B48199DA}.Debug|ARM.Build.0 = Debug|ARM
		{5750C1F5-50B4-4BF9-A1F6-9A75B48199DA}.Debug|ARM.Deploy.0 = Debug|ARM
		{5750C1F5-50B4-4BF9-A1F6-9A75B48199DA}.Debug|ARM64.ActiveCfg = Debug|ARM64
		{5750C1F5-50B4-4BF9-A1F6-9A75B48199DA}.Debug|ARM64.Build.0 = Debug|ARM64
		{5750C1F5-50B4-4BF9-A1F6-9A75B48199DA}.Debug|ARM64.Deploy.0 = Debug|ARM64
		{5750C1F5-50B4-4BF9-A1F6-9A75B48199DA}.Debug|x64.ActiveCfg = Debug|x64
		{5750C1F5-50B4-4BF9-A1F6-9A75B48199DA}.Debug|x64.Build.0 = Debug|x64
		{5750C1F5-50B4-4BF9-A1F6-9A75B48199DA}.Debug|x64.Deploy.0 = Debug|x64
		{5750C1F5-50B4-4BF9-A1F6-9A75B48199DA}.Debug|x86.ActiveCfg = Debug|x86
		{5750C1F5-50B4-4BF9-A1F6-9A75B48199DA}.Debug|x86.Build.0 = Debug|x86
		{5750C1F5-50B4-4BF9-A1F6-9A75B48199DA}.Debug|x86.Deploy.0 = Debug|x86
		{5750C1F5-50B4-4BF9-A1F6-9A75B48199DA}.Release|Any CPU.ActiveCfg = Release|x86
		{5750C1F5-50B4-4BF9-A1F6-9A75B48199DA}.Release|ARM.ActiveCfg = Release|ARM
		{5750C1F5-50B4-4BF9-A1F6-9A75B48199DA}.Release|ARM.Build.0 = Release|ARM
		{5750C1F5-50B4-4BF9-A1F6-9A75B48199DA}.Release|ARM.Deploy.0 = Release|ARM
		{5750C1F5-50B4-4BF9-A1F6-9A75B48199DA}.Release|ARM64.ActiveCfg = Release|ARM64
		{5750C1F5-50B4-4BF9-A1F6-9A75B48199DA}.Release|ARM64.Build.0 = Release|ARM64
		{5750C1F5-50B4-4BF9-A1F6-9A75B48199DA}.Release|ARM64.Deploy.0 = Release|ARM64
		{5750C1F5-50B4-4BF9-A1F6-9A75B48199DA}.Release|x64.ActiveCfg = Release|x64
		{5750C1F5-50B4-4BF9-A1F6-9A75B48199DA}.Release|x64.Build.0 = Release|x64
		{5750C1F5-50B4-4BF9-A1F6-9A75B48199DA}.Release|x64.Deploy.0 = Release|x64
		{5750C1F5-50B4-4BF9-A1F6-9A75B48199DA}.Release|x86.ActiveCfg = Release|x86
		{5750C1F5-50B4-4BF9-A1F6-9A75B48199DA}.Release|x86.Build.0 = Release|x86
		{5750C1F5-50B4-4BF9-A1F6-9A75B48199DA}.Release|x86.Deploy.0 = Release|x86
		{5FE29FF7-16ED-48EB-AD8C-A8D71C3B464A}.Debug|Any CPU.ActiveCfg = Debug|x86
		{5FE29FF7-16ED-48EB-AD8C-A8D71C3B464A}.Debug|ARM.ActiveCfg = Debug|ARM
		{5FE29FF7-16ED-48EB-AD8C-A8D71C3B464A}.Debug|ARM.Build.0 = Debug|ARM
		{5FE29FF7-16ED-48EB-AD8C-A8D71C3B464A}.Debug|ARM.Deploy.0 = Debug|ARM
		{5FE29FF7-16ED-48EB-AD8C-A8D71C3B464A}.Debug|ARM64.ActiveCfg = Debug|ARM64
		{5FE29FF7-16ED-48EB-AD8C-A8D71C3B464A}.Debug|ARM64.Build.0 = Debug|ARM64
		{5FE29FF7-16ED-48EB-AD8C-A8D71C3B464A}.Debug|ARM64.Deploy.0 = Debug|ARM64
		{5FE29FF7-16ED-48EB-AD8C-A8D71C3B464A}.Debug|x64.ActiveCfg = Debug|x64
		{5FE29FF7-16ED-48EB-AD8C-A8D71C3B464A}.Debug|x64.Build.0 = Debug|x64
		{5FE29FF7-16ED-48EB-AD8C-A8D71C3B464A}.Debug|x64.Deploy.0 = Debug|x64
		{5FE29FF7-16ED-48EB-AD8C-A8D71C3B464A}.Debug|x86.ActiveCfg = Debug|x86
		{5FE29FF7-16ED-48EB-AD8C-A8D71C3B464A}.Debug|x86.Build.0 = Debug|x86
		{5FE29FF7-16ED-48EB-AD8C-A8D71C3B464A}.Debug|x86.Deploy.0 = Debug|x86
		{5FE29FF7-16ED-48EB-AD8C-A8D71C3B464A}.Release|Any CPU.ActiveCfg = Release|x86
		{5FE29FF7-16ED-48EB-AD8C-A8D71C3B464A}.Release|ARM.ActiveCfg = Release|ARM
		{5FE29FF7-16ED-48EB-AD8C-A8D71C3B464A}.Release|ARM.Build.0 = Release|ARM
		{5FE29FF7-16ED-48EB-AD8C-A8D71C3B464A}.Release|ARM.Deploy.0 = Release|ARM
		{5FE29FF7-16ED-48EB-AD8C-A8D71C3B464A}.Release|ARM64.ActiveCfg = Release|ARM64
		{5FE29FF7-16ED-48EB-AD8C-A8D71C3B464A}.Release|ARM64.Build.0 = Release|ARM64
		{5FE29FF7-16ED-48EB-AD8C-A8D71C3B464A}.Release|ARM64.Deploy.0 = Release|ARM64
		{5FE29FF7-16ED-48EB-AD8C-A8D71C3B464A}.Release|x64.ActiveCfg = Release|x64
		{5FE29FF7-16ED-48EB-AD8C-A8D71C3B464A}.Release|x64.Build.0 = Release|x64
		{5FE29FF7-16ED-48EB-AD8C-A8D71C3B464A}.Release|x64.Deploy.0 = Release|x64
		{5FE29FF7-16ED-48EB-AD8C-A8D71C3B464A}.Release|x86.ActiveCfg = Release|x86
		{5FE29FF7-16ED-48EB-AD8C-A8D71C3B464A}.Release|x86.Build.0 = Release|x86
		{5FE29FF7-16ED-48EB-AD8C-A8D71C3B464A}.Release|x86.Deploy.0 = Release|x86
		{675F27FD-25E0-40B2-A7E8-F7645876EE16}.Debug|Any CPU.ActiveCfg = Debug|Any CPU
		{675F27FD-25E0-40B2-A7E8-F7645876EE16}.Debug|Any CPU.Build.0 = Debug|Any CPU
		{675F27FD-25E0-40B2-A7E8-F7645876EE16}.Debug|ARM.ActiveCfg = Debug|Any CPU
		{675F27FD-25E0-40B2-A7E8-F7645876EE16}.Debug|ARM.Build.0 = Debug|Any CPU
		{675F27FD-25E0-40B2-A7E8-F7645876EE16}.Debug|ARM64.ActiveCfg = Debug|Any CPU
		{675F27FD-25E0-40B2-A7E8-F7645876EE16}.Debug|ARM64.Build.0 = Debug|Any CPU
		{675F27FD-25E0-40B2-A7E8-F7645876EE16}.Debug|x64.ActiveCfg = Debug|Any CPU
		{675F27FD-25E0-40B2-A7E8-F7645876EE16}.Debug|x64.Build.0 = Debug|Any CPU
		{675F27FD-25E0-40B2-A7E8-F7645876EE16}.Debug|x86.ActiveCfg = Debug|Any CPU
		{675F27FD-25E0-40B2-A7E8-F7645876EE16}.Debug|x86.Build.0 = Debug|Any CPU
		{675F27FD-25E0-40B2-A7E8-F7645876EE16}.Release|Any CPU.ActiveCfg = Release|Any CPU
		{675F27FD-25E0-40B2-A7E8-F7645876EE16}.Release|Any CPU.Build.0 = Release|Any CPU
		{675F27FD-25E0-40B2-A7E8-F7645876EE16}.Release|ARM.ActiveCfg = Release|Any CPU
		{675F27FD-25E0-40B2-A7E8-F7645876EE16}.Release|ARM.Build.0 = Release|Any CPU
		{675F27FD-25E0-40B2-A7E8-F7645876EE16}.Release|ARM64.ActiveCfg = Release|Any CPU
		{675F27FD-25E0-40B2-A7E8-F7645876EE16}.Release|ARM64.Build.0 = Release|Any CPU
		{675F27FD-25E0-40B2-A7E8-F7645876EE16}.Release|x64.ActiveCfg = Release|Any CPU
		{675F27FD-25E0-40B2-A7E8-F7645876EE16}.Release|x64.Build.0 = Release|Any CPU
		{675F27FD-25E0-40B2-A7E8-F7645876EE16}.Release|x86.ActiveCfg = Release|Any CPU
		{675F27FD-25E0-40B2-A7E8-F7645876EE16}.Release|x86.Build.0 = Release|Any CPU
		{138FCBAD-9B17-4E44-91D6-06F753604256}.Debug|Any CPU.ActiveCfg = Debug|Any CPU
		{138FCBAD-9B17-4E44-91D6-06F753604256}.Debug|Any CPU.Build.0 = Debug|Any CPU
		{138FCBAD-9B17-4E44-91D6-06F753604256}.Debug|ARM.ActiveCfg = Debug|Any CPU
		{138FCBAD-9B17-4E44-91D6-06F753604256}.Debug|ARM.Build.0 = Debug|Any CPU
		{138FCBAD-9B17-4E44-91D6-06F753604256}.Debug|ARM64.ActiveCfg = Debug|Any CPU
		{138FCBAD-9B17-4E44-91D6-06F753604256}.Debug|ARM64.Build.0 = Debug|Any CPU
		{138FCBAD-9B17-4E44-91D6-06F753604256}.Debug|x64.ActiveCfg = Debug|Any CPU
		{138FCBAD-9B17-4E44-91D6-06F753604256}.Debug|x64.Build.0 = Debug|Any CPU
		{138FCBAD-9B17-4E44-91D6-06F753604256}.Debug|x86.ActiveCfg = Debug|Any CPU
		{138FCBAD-9B17-4E44-91D6-06F753604256}.Debug|x86.Build.0 = Debug|Any CPU
		{138FCBAD-9B17-4E44-91D6-06F753604256}.Release|Any CPU.ActiveCfg = Release|Any CPU
		{138FCBAD-9B17-4E44-91D6-06F753604256}.Release|Any CPU.Build.0 = Release|Any CPU
		{138FCBAD-9B17-4E44-91D6-06F753604256}.Release|ARM.ActiveCfg = Release|Any CPU
		{138FCBAD-9B17-4E44-91D6-06F753604256}.Release|ARM.Build.0 = Release|Any CPU
		{138FCBAD-9B17-4E44-91D6-06F753604256}.Release|ARM64.ActiveCfg = Release|Any CPU
		{138FCBAD-9B17-4E44-91D6-06F753604256}.Release|ARM64.Build.0 = Release|Any CPU
		{138FCBAD-9B17-4E44-91D6-06F753604256}.Release|x64.ActiveCfg = Release|Any CPU
		{138FCBAD-9B17-4E44-91D6-06F753604256}.Release|x64.Build.0 = Release|Any CPU
		{138FCBAD-9B17-4E44-91D6-06F753604256}.Release|x86.ActiveCfg = Release|Any CPU
		{138FCBAD-9B17-4E44-91D6-06F753604256}.Release|x86.Build.0 = Release|Any CPU
		{B0591291-1972-45C6-A4B2-992580CD3D6A}.Debug|Any CPU.ActiveCfg = Debug|Any CPU
		{B0591291-1972-45C6-A4B2-992580CD3D6A}.Debug|Any CPU.Build.0 = Debug|Any CPU
		{B0591291-1972-45C6-A4B2-992580CD3D6A}.Debug|ARM.ActiveCfg = Debug|Any CPU
		{B0591291-1972-45C6-A4B2-992580CD3D6A}.Debug|ARM.Build.0 = Debug|Any CPU
		{B0591291-1972-45C6-A4B2-992580CD3D6A}.Debug|ARM64.ActiveCfg = Debug|Any CPU
		{B0591291-1972-45C6-A4B2-992580CD3D6A}.Debug|ARM64.Build.0 = Debug|Any CPU
		{B0591291-1972-45C6-A4B2-992580CD3D6A}.Debug|x64.ActiveCfg = Debug|Any CPU
		{B0591291-1972-45C6-A4B2-992580CD3D6A}.Debug|x64.Build.0 = Debug|Any CPU
		{B0591291-1972-45C6-A4B2-992580CD3D6A}.Debug|x86.ActiveCfg = Debug|Any CPU
		{B0591291-1972-45C6-A4B2-992580CD3D6A}.Debug|x86.Build.0 = Debug|Any CPU
		{B0591291-1972-45C6-A4B2-992580CD3D6A}.Release|Any CPU.ActiveCfg = Release|Any CPU
		{B0591291-1972-45C6-A4B2-992580CD3D6A}.Release|Any CPU.Build.0 = Release|Any CPU
		{B0591291-1972-45C6-A4B2-992580CD3D6A}.Release|ARM.ActiveCfg = Release|Any CPU
		{B0591291-1972-45C6-A4B2-992580CD3D6A}.Release|ARM.Build.0 = Release|Any CPU
		{B0591291-1972-45C6-A4B2-992580CD3D6A}.Release|ARM64.ActiveCfg = Release|Any CPU
		{B0591291-1972-45C6-A4B2-992580CD3D6A}.Release|ARM64.Build.0 = Release|Any CPU
		{B0591291-1972-45C6-A4B2-992580CD3D6A}.Release|x64.ActiveCfg = Release|Any CPU
		{B0591291-1972-45C6-A4B2-992580CD3D6A}.Release|x64.Build.0 = Release|Any CPU
		{B0591291-1972-45C6-A4B2-992580CD3D6A}.Release|x86.ActiveCfg = Release|Any CPU
		{B0591291-1972-45C6-A4B2-992580CD3D6A}.Release|x86.Build.0 = Release|Any CPU
		{C7A5EF07-E886-49FA-988D-7F9354C89F69}.Debug|Any CPU.ActiveCfg = Debug|Any CPU
		{C7A5EF07-E886-49FA-988D-7F9354C89F69}.Debug|Any CPU.Build.0 = Debug|Any CPU
		{C7A5EF07-E886-49FA-988D-7F9354C89F69}.Debug|ARM.ActiveCfg = Debug|Any CPU
		{C7A5EF07-E886-49FA-988D-7F9354C89F69}.Debug|ARM.Build.0 = Debug|Any CPU
		{C7A5EF07-E886-49FA-988D-7F9354C89F69}.Debug|ARM64.ActiveCfg = Debug|Any CPU
		{C7A5EF07-E886-49FA-988D-7F9354C89F69}.Debug|ARM64.Build.0 = Debug|Any CPU
		{C7A5EF07-E886-49FA-988D-7F9354C89F69}.Debug|x64.ActiveCfg = Debug|Any CPU
		{C7A5EF07-E886-49FA-988D-7F9354C89F69}.Debug|x64.Build.0 = Debug|Any CPU
		{C7A5EF07-E886-49FA-988D-7F9354C89F69}.Debug|x86.ActiveCfg = Debug|Any CPU
		{C7A5EF07-E886-49FA-988D-7F9354C89F69}.Debug|x86.Build.0 = Debug|Any CPU
		{C7A5EF07-E886-49FA-988D-7F9354C89F69}.Release|Any CPU.ActiveCfg = Release|Any CPU
		{C7A5EF07-E886-49FA-988D-7F9354C89F69}.Release|Any CPU.Build.0 = Release|Any CPU
		{C7A5EF07-E886-49FA-988D-7F9354C89F69}.Release|ARM.ActiveCfg = Release|Any CPU
		{C7A5EF07-E886-49FA-988D-7F9354C89F69}.Release|ARM.Build.0 = Release|Any CPU
		{C7A5EF07-E886-49FA-988D-7F9354C89F69}.Release|ARM64.ActiveCfg = Release|Any CPU
		{C7A5EF07-E886-49FA-988D-7F9354C89F69}.Release|ARM64.Build.0 = Release|Any CPU
		{C7A5EF07-E886-49FA-988D-7F9354C89F69}.Release|x64.ActiveCfg = Release|Any CPU
		{C7A5EF07-E886-49FA-988D-7F9354C89F69}.Release|x64.Build.0 = Release|Any CPU
		{C7A5EF07-E886-49FA-988D-7F9354C89F69}.Release|x86.ActiveCfg = Release|Any CPU
		{C7A5EF07-E886-49FA-988D-7F9354C89F69}.Release|x86.Build.0 = Release|Any CPU
		{82E43F03-C116-4C81-A505-41BD1935EAAF}.Debug|Any CPU.ActiveCfg = Debug|Any CPU
		{82E43F03-C116-4C81-A505-41BD1935EAAF}.Debug|Any CPU.Build.0 = Debug|Any CPU
		{82E43F03-C116-4C81-A505-41BD1935EAAF}.Debug|ARM.ActiveCfg = Debug|Any CPU
		{82E43F03-C116-4C81-A505-41BD1935EAAF}.Debug|ARM.Build.0 = Debug|Any CPU
		{82E43F03-C116-4C81-A505-41BD1935EAAF}.Debug|ARM64.ActiveCfg = Debug|Any CPU
		{82E43F03-C116-4C81-A505-41BD1935EAAF}.Debug|ARM64.Build.0 = Debug|Any CPU
		{82E43F03-C116-4C81-A505-41BD1935EAAF}.Debug|x64.ActiveCfg = Debug|Any CPU
		{82E43F03-C116-4C81-A505-41BD1935EAAF}.Debug|x64.Build.0 = Debug|Any CPU
		{82E43F03-C116-4C81-A505-41BD1935EAAF}.Debug|x86.ActiveCfg = Debug|Any CPU
		{82E43F03-C116-4C81-A505-41BD1935EAAF}.Debug|x86.Build.0 = Debug|Any CPU
		{82E43F03-C116-4C81-A505-41BD1935EAAF}.Release|Any CPU.ActiveCfg = Release|Any CPU
		{82E43F03-C116-4C81-A505-41BD1935EAAF}.Release|Any CPU.Build.0 = Release|Any CPU
		{82E43F03-C116-4C81-A505-41BD1935EAAF}.Release|ARM.ActiveCfg = Release|Any CPU
		{82E43F03-C116-4C81-A505-41BD1935EAAF}.Release|ARM.Build.0 = Release|Any CPU
		{82E43F03-C116-4C81-A505-41BD1935EAAF}.Release|ARM64.ActiveCfg = Release|Any CPU
		{82E43F03-C116-4C81-A505-41BD1935EAAF}.Release|ARM64.Build.0 = Release|Any CPU
		{82E43F03-C116-4C81-A505-41BD1935EAAF}.Release|x64.ActiveCfg = Release|Any CPU
		{82E43F03-C116-4C81-A505-41BD1935EAAF}.Release|x64.Build.0 = Release|Any CPU
		{82E43F03-C116-4C81-A505-41BD1935EAAF}.Release|x86.ActiveCfg = Release|Any CPU
		{82E43F03-C116-4C81-A505-41BD1935EAAF}.Release|x86.Build.0 = Release|Any CPU
		{9523610A-962D-4E8C-8A4D-9A610E56D67B}.Debug|Any CPU.ActiveCfg = Debug|Any CPU
		{9523610A-962D-4E8C-8A4D-9A610E56D67B}.Debug|Any CPU.Build.0 = Debug|Any CPU
		{9523610A-962D-4E8C-8A4D-9A610E56D67B}.Debug|Any CPU.Deploy.0 = Debug|Any CPU
		{9523610A-962D-4E8C-8A4D-9A610E56D67B}.Debug|ARM.ActiveCfg = Debug|Any CPU
		{9523610A-962D-4E8C-8A4D-9A610E56D67B}.Debug|ARM.Build.0 = Debug|Any CPU
		{9523610A-962D-4E8C-8A4D-9A610E56D67B}.Debug|ARM.Deploy.0 = Debug|Any CPU
		{9523610A-962D-4E8C-8A4D-9A610E56D67B}.Debug|ARM64.ActiveCfg = Debug|Any CPU
		{9523610A-962D-4E8C-8A4D-9A610E56D67B}.Debug|ARM64.Build.0 = Debug|Any CPU
		{9523610A-962D-4E8C-8A4D-9A610E56D67B}.Debug|ARM64.Deploy.0 = Debug|Any CPU
		{9523610A-962D-4E8C-8A4D-9A610E56D67B}.Debug|x64.ActiveCfg = Debug|Any CPU
		{9523610A-962D-4E8C-8A4D-9A610E56D67B}.Debug|x64.Build.0 = Debug|Any CPU
		{9523610A-962D-4E8C-8A4D-9A610E56D67B}.Debug|x64.Deploy.0 = Debug|Any CPU
		{9523610A-962D-4E8C-8A4D-9A610E56D67B}.Debug|x86.ActiveCfg = Debug|Any CPU
		{9523610A-962D-4E8C-8A4D-9A610E56D67B}.Debug|x86.Build.0 = Debug|Any CPU
		{9523610A-962D-4E8C-8A4D-9A610E56D67B}.Debug|x86.Deploy.0 = Debug|Any CPU
		{9523610A-962D-4E8C-8A4D-9A610E56D67B}.Release|Any CPU.ActiveCfg = Release|Any CPU
		{9523610A-962D-4E8C-8A4D-9A610E56D67B}.Release|Any CPU.Build.0 = Release|Any CPU
		{9523610A-962D-4E8C-8A4D-9A610E56D67B}.Release|Any CPU.Deploy.0 = Release|Any CPU
		{9523610A-962D-4E8C-8A4D-9A610E56D67B}.Release|ARM.ActiveCfg = Release|Any CPU
		{9523610A-962D-4E8C-8A4D-9A610E56D67B}.Release|ARM.Build.0 = Release|Any CPU
		{9523610A-962D-4E8C-8A4D-9A610E56D67B}.Release|ARM.Deploy.0 = Release|Any CPU
		{9523610A-962D-4E8C-8A4D-9A610E56D67B}.Release|ARM64.ActiveCfg = Release|Any CPU
		{9523610A-962D-4E8C-8A4D-9A610E56D67B}.Release|ARM64.Build.0 = Release|Any CPU
		{9523610A-962D-4E8C-8A4D-9A610E56D67B}.Release|ARM64.Deploy.0 = Release|Any CPU
		{9523610A-962D-4E8C-8A4D-9A610E56D67B}.Release|x64.ActiveCfg = Release|Any CPU
		{9523610A-962D-4E8C-8A4D-9A610E56D67B}.Release|x64.Build.0 = Release|Any CPU
		{9523610A-962D-4E8C-8A4D-9A610E56D67B}.Release|x64.Deploy.0 = Release|Any CPU
		{9523610A-962D-4E8C-8A4D-9A610E56D67B}.Release|x86.ActiveCfg = Release|Any CPU
		{9523610A-962D-4E8C-8A4D-9A610E56D67B}.Release|x86.Build.0 = Release|Any CPU
		{9523610A-962D-4E8C-8A4D-9A610E56D67B}.Release|x86.Deploy.0 = Release|Any CPU
		{F765C302-B21C-4948-8AF2-6B1F37D3431E}.Debug|Any CPU.ActiveCfg = Debug|Any CPU
		{F765C302-B21C-4948-8AF2-6B1F37D3431E}.Debug|Any CPU.Build.0 = Debug|Any CPU
		{F765C302-B21C-4948-8AF2-6B1F37D3431E}.Debug|ARM.ActiveCfg = Debug|Any CPU
		{F765C302-B21C-4948-8AF2-6B1F37D3431E}.Debug|ARM.Build.0 = Debug|Any CPU
		{F765C302-B21C-4948-8AF2-6B1F37D3431E}.Debug|ARM64.ActiveCfg = Debug|Any CPU
		{F765C302-B21C-4948-8AF2-6B1F37D3431E}.Debug|ARM64.Build.0 = Debug|Any CPU
		{F765C302-B21C-4948-8AF2-6B1F37D3431E}.Debug|x64.ActiveCfg = Debug|Any CPU
		{F765C302-B21C-4948-8AF2-6B1F37D3431E}.Debug|x64.Build.0 = Debug|Any CPU
		{F765C302-B21C-4948-8AF2-6B1F37D3431E}.Debug|x86.ActiveCfg = Debug|Any CPU
		{F765C302-B21C-4948-8AF2-6B1F37D3431E}.Debug|x86.Build.0 = Debug|Any CPU
		{F765C302-B21C-4948-8AF2-6B1F37D3431E}.Release|Any CPU.ActiveCfg = Release|Any CPU
		{F765C302-B21C-4948-8AF2-6B1F37D3431E}.Release|Any CPU.Build.0 = Release|Any CPU
		{F765C302-B21C-4948-8AF2-6B1F37D3431E}.Release|ARM.ActiveCfg = Release|Any CPU
		{F765C302-B21C-4948-8AF2-6B1F37D3431E}.Release|ARM.Build.0 = Release|Any CPU
		{F765C302-B21C-4948-8AF2-6B1F37D3431E}.Release|ARM64.ActiveCfg = Release|Any CPU
		{F765C302-B21C-4948-8AF2-6B1F37D3431E}.Release|ARM64.Build.0 = Release|Any CPU
		{F765C302-B21C-4948-8AF2-6B1F37D3431E}.Release|x64.ActiveCfg = Release|Any CPU
		{F765C302-B21C-4948-8AF2-6B1F37D3431E}.Release|x64.Build.0 = Release|Any CPU
		{F765C302-B21C-4948-8AF2-6B1F37D3431E}.Release|x86.ActiveCfg = Release|Any CPU
		{F765C302-B21C-4948-8AF2-6B1F37D3431E}.Release|x86.Build.0 = Release|Any CPU
		{550A241B-EF3C-4461-9BF4-AE0CFC891344}.Debug|Any CPU.ActiveCfg = Debug|Any CPU
		{550A241B-EF3C-4461-9BF4-AE0CFC891344}.Debug|Any CPU.Build.0 = Debug|Any CPU
		{550A241B-EF3C-4461-9BF4-AE0CFC891344}.Debug|ARM.ActiveCfg = Debug|Any CPU
		{550A241B-EF3C-4461-9BF4-AE0CFC891344}.Debug|ARM.Build.0 = Debug|Any CPU
		{550A241B-EF3C-4461-9BF4-AE0CFC891344}.Debug|ARM64.ActiveCfg = Debug|Any CPU
		{550A241B-EF3C-4461-9BF4-AE0CFC891344}.Debug|ARM64.Build.0 = Debug|Any CPU
		{550A241B-EF3C-4461-9BF4-AE0CFC891344}.Debug|x64.ActiveCfg = Debug|Any CPU
		{550A241B-EF3C-4461-9BF4-AE0CFC891344}.Debug|x64.Build.0 = Debug|Any CPU
		{550A241B-EF3C-4461-9BF4-AE0CFC891344}.Debug|x86.ActiveCfg = Debug|Any CPU
		{550A241B-EF3C-4461-9BF4-AE0CFC891344}.Debug|x86.Build.0 = Debug|Any CPU
		{550A241B-EF3C-4461-9BF4-AE0CFC891344}.Release|Any CPU.ActiveCfg = Release|Any CPU
		{550A241B-EF3C-4461-9BF4-AE0CFC891344}.Release|Any CPU.Build.0 = Release|Any CPU
		{550A241B-EF3C-4461-9BF4-AE0CFC891344}.Release|ARM.ActiveCfg = Release|Any CPU
		{550A241B-EF3C-4461-9BF4-AE0CFC891344}.Release|ARM.Build.0 = Release|Any CPU
		{550A241B-EF3C-4461-9BF4-AE0CFC891344}.Release|ARM64.ActiveCfg = Release|Any CPU
		{550A241B-EF3C-4461-9BF4-AE0CFC891344}.Release|ARM64.Build.0 = Release|Any CPU
		{550A241B-EF3C-4461-9BF4-AE0CFC891344}.Release|x64.ActiveCfg = Release|Any CPU
		{550A241B-EF3C-4461-9BF4-AE0CFC891344}.Release|x64.Build.0 = Release|Any CPU
		{550A241B-EF3C-4461-9BF4-AE0CFC891344}.Release|x86.ActiveCfg = Release|Any CPU
		{550A241B-EF3C-4461-9BF4-AE0CFC891344}.Release|x86.Build.0 = Release|Any CPU
	EndGlobalSection
	GlobalSection(SolutionProperties) = preSolution
		HideSolutionNode = FALSE
	EndGlobalSection
	GlobalSection(NestedProjects) = preSolution
		{42A0EE09-1F4E-495B-BA10-950E51DB6DEE} = {AF6FFC56-5728-4534-915F-AD01C4ABFDC0}
		{05599420-E32F-43EA-8CB3-70167026ACAC} = {0B2FCDA0-0337-4D42-961A-2C62A7DE4EE7}
		{204995E8-E36B-4FEF-9D4E-F2FB3DE28C71} = {B79CC79F-C763-4F20-BA4C-9D093F2C4542}
		{1C0F33D0-6868-4D47-A990-2B8ED91D547E} = {B79CC79F-C763-4F20-BA4C-9D093F2C4542}
		{B79CC79F-C763-4F20-BA4C-9D093F2C4542} = {B458F476-08DB-4DA8-8ECF-1CE241CD7101}
		{AF6FFC56-5728-4534-915F-AD01C4ABFDC0} = {B458F476-08DB-4DA8-8ECF-1CE241CD7101}
		{36810463-6008-4554-A731-5F9836B7F512} = {529DB57A-1514-4BAE-BA6B-F50B5A2BE7C5}
		{6E364AE9-15D0-486A-AE2E-7C50BBA3A6E8} = {36810463-6008-4554-A731-5F9836B7F512}
		{3EC3C9E3-1D21-4B35-8442-51152B99757F} = {529DB57A-1514-4BAE-BA6B-F50B5A2BE7C5}
		{716ADDD5-D1FE-455F-92DA-2069643D73A0} = {3EC3C9E3-1D21-4B35-8442-51152B99757F}
		{FF5EB756-F83E-4EE7-8292-05D1630062BE} = {3EC3C9E3-1D21-4B35-8442-51152B99757F}
		{43C6FC89-A723-468F-BA95-4EAD24118885} = {3EC3C9E3-1D21-4B35-8442-51152B99757F}
		{73AB0D29-389C-4D07-9C4E-184A346A464C} = {529DB57A-1514-4BAE-BA6B-F50B5A2BE7C5}
		{1C23DB36-4844-4314-83AA-63E5ABDF03B5} = {529DB57A-1514-4BAE-BA6B-F50B5A2BE7C5}
		{9A1D53AB-A5DD-40DB-A8CB-64801506FA1D} = {AF6FFC56-5728-4534-915F-AD01C4ABFDC0}
		{B2073F99-7A08-4FC0-9D47-5EC693407808} = {B458F476-08DB-4DA8-8ECF-1CE241CD7101}
		{A0E9DC18-6C19-4B93-B16E-7607C2837D2C} = {B458F476-08DB-4DA8-8ECF-1CE241CD7101}
		{1A2BEB9E-82CD-4963-976D-7A4B7B55131F} = {B2073F99-7A08-4FC0-9D47-5EC693407808}
		{64F48FB6-147D-46D3-B854-820384D9DFC2} = {B2073F99-7A08-4FC0-9D47-5EC693407808}
		{1DC80896-94C5-4F75-9F47-ACD81FDD09B7} = {A0E9DC18-6C19-4B93-B16E-7607C2837D2C}
		{F72C16B0-EDAD-4FAD-8D12-78F03497B6F5} = {36810463-6008-4554-A731-5F9836B7F512}
		{4CD732CE-17A2-4A71-B5CB-AE009A7A6B85} = {73AB0D29-389C-4D07-9C4E-184A346A464C}
		{35F975A3-1C30-4E55-8C02-DEBF815F8224} = {73AB0D29-389C-4D07-9C4E-184A346A464C}
		{73C0A3B5-24AB-4624-9E9C-143D863B1F17} = {1C23DB36-4844-4314-83AA-63E5ABDF03B5}
		{0B2FCDA0-0337-4D42-961A-2C62A7DE4EE7} = {B5E98AA0-DAB4-4494-9E98-E4D3ADA78068}
		{7FBA8142-02E0-47E4-A77A-3A527F6E2047} = {B5E98AA0-DAB4-4494-9E98-E4D3ADA78068}
		{5F376170-7FFB-4F6A-BEC0-AC6F0E16F9AF} = {B5E98AA0-DAB4-4494-9E98-E4D3ADA78068}
		{42071646-6AC9-4891-A23B-552664304AB0} = {7FBA8142-02E0-47E4-A77A-3A527F6E2047}
		{5750C1F5-50B4-4BF9-A1F6-9A75B48199DA} = {7FBA8142-02E0-47E4-A77A-3A527F6E2047}
		{5FE29FF7-16ED-48EB-AD8C-A8D71C3B464A} = {7FBA8142-02E0-47E4-A77A-3A527F6E2047}
		{675F27FD-25E0-40B2-A7E8-F7645876EE16} = {0B2FCDA0-0337-4D42-961A-2C62A7DE4EE7}
		{138FCBAD-9B17-4E44-91D6-06F753604256} = {0B2FCDA0-0337-4D42-961A-2C62A7DE4EE7}
		{B0591291-1972-45C6-A4B2-992580CD3D6A} = {0B2FCDA0-0337-4D42-961A-2C62A7DE4EE7}
		{C7A5EF07-E886-49FA-988D-7F9354C89F69} = {0B2FCDA0-0337-4D42-961A-2C62A7DE4EE7}
		{82E43F03-C116-4C81-A505-41BD1935EAAF} = {5F376170-7FFB-4F6A-BEC0-AC6F0E16F9AF}
		{9523610A-962D-4E8C-8A4D-9A610E56D67B} = {5F376170-7FFB-4F6A-BEC0-AC6F0E16F9AF}
		{F765C302-B21C-4948-8AF2-6B1F37D3431E} = {36810463-6008-4554-A731-5F9836B7F512}
		{550A241B-EF3C-4461-9BF4-AE0CFC891344} = {3EC3C9E3-1D21-4B35-8442-51152B99757F}
	EndGlobalSection
	GlobalSection(ExtensibilityGlobals) = postSolution
		SolutionGuid = {82669A9A-A051-4BA6-A61C-F51209E93F26}
	EndGlobalSection
EndGlobal
