
Microsoft Visual Studio Solution File, Format Version 12.00
# Visual Studio Version 16
VisualStudioVersion = 16.0.28729.10
MinimumVisualStudioVersion = 10.0.40219.1
Project("{2150E333-8FDC-42A3-9474-1A3956D46DE8}") = "Source", "Source", "{B567E56C-6803-4B94-81EB-DA5EF2F037CB}"
EndProject
Project("{2150E333-8FDC-42A3-9474-1A3956D46DE8}") = "Uwp", "Uwp", "{921F8380-3B63-459F-9E67-FE6B9FA942E6}"
EndProject
Project("{FAE04EC0-301F-11D3-BF4B-00C04F79EFBC}") = "MvvmLib.Windows", "Source\MvvmLib.Windows\MvvmLib.Windows.csproj", "{64F48FB6-147D-46D3-B854-820384D9DFC2}"
EndProject
Project("{2150E333-8FDC-42A3-9474-1A3956D46DE8}") = "Common", "Common", "{17E07135-B37A-4361-B898-B05912F21CD4}"
EndProject
Project("{9A19103F-16F7-4668-BE54-9A1E7A4F7556}") = "MvvmLib.Core", "Source\MvvmLib.Core\MvvmLib.Core.csproj", "{5462AE63-CBB9-46C2-B800-311FD7C7BE72}"
EndProject
Project("{2150E333-8FDC-42A3-9474-1A3956D46DE8}") = "Samples", "Samples", "{FC67F223-7936-49C7-9596-BB8F54DCF6C8}"
EndProject
Project("{2150E333-8FDC-42A3-9474-1A3956D46DE8}") = "Uwp", "Uwp", "{DECBEC66-B0BB-431A-A015-BAB08207E97D}"
EndProject
Project("{FAE04EC0-301F-11D3-BF4B-00C04F79EFBC}") = "NavigationSample.Windows", "Samples\NavigationSample.Windows\NavigationSample.Windows.csproj", "{5750C1F5-50B4-4BF9-A1F6-9A75B48199DA}"
EndProject
Project("{9A19103F-16F7-4668-BE54-9A1E7A4F7556}") = "MvvmLib.IoC", "Source\MvvmLib.IoC\MvvmLib.IoC.csproj", "{D01A52D0-6D6E-4A0C-BF30-199329154AF0}"
EndProject
Project("{2150E333-8FDC-42A3-9474-1A3956D46DE8}") = "Wpf", "Wpf", "{21F1522D-D159-4CDD-A822-B38C410F60D0}"
EndProject
Project("{2150E333-8FDC-42A3-9474-1A3956D46DE8}") = "Wpf", "Wpf", "{1892D2F6-B3E0-4845-A627-FC7C14CBC096}"
EndProject
Project("{FAE04EC0-301F-11D3-BF4B-00C04F79EFBC}") = "RegionSample", "Samples\RegionSample\RegionSample.csproj", "{C5FA79A2-93B3-4E59-B276-71DB0972099B}"
EndProject
Project("{FAE04EC0-301F-11D3-BF4B-00C04F79EFBC}") = "HelloWorld", "Samples\HelloWorld\HelloWorld.csproj", "{138FCBAD-9B17-4E44-91D6-06F753604256}"
EndProject
Project("{9A19103F-16F7-4668-BE54-9A1E7A4F7556}") = "MvvmLib.Adaptive.Wpf", "Source\MvvmLib.Adaptive.Wpf\MvvmLib.Adaptive.Wpf.csproj", "{2534EB16-55DA-4374-A21C-4DFD4EA2F886}"
EndProject
Project("{FAE04EC0-301F-11D3-BF4B-00C04F79EFBC}") = "AdaptiveSample", "Samples\AdaptiveSample\AdaptiveSample.csproj", "{675F27FD-25E0-40B2-A7E8-F7645876EE16}"
EndProject
Project("{FAE04EC0-301F-11D3-BF4B-00C04F79EFBC}") = "MvvmLib.Adaptive.Win", "Source\MvvmLib.Adaptive.Win\MvvmLib.Adaptive.Win.csproj", "{1A2BEB9E-82CD-4963-976D-7A4B7B55131F}"
EndProject
Project("{FAE04EC0-301F-11D3-BF4B-00C04F79EFBC}") = "AdaptiveSample.Windows", "Samples\AdaptiveSample.Windows\AdaptiveSample.Windows.csproj", "{42071646-6AC9-4891-A23B-552664304AB0}"
EndProject
Project("{2150E333-8FDC-42A3-9474-1A3956D46DE8}") = "Tests", "Tests", "{D28BB637-2067-4E3D-86A4-A7DF07F96046}"
EndProject
Project("{9A19103F-16F7-4668-BE54-9A1E7A4F7556}") = "MvvmLib.Core.Tests", "Tests\MvvmLib.Core.Tests\MvvmLib.Core.Tests.csproj", "{761E504A-D0F5-4825-B205-4DAC66A104D3}"
EndProject
Project("{9A19103F-16F7-4668-BE54-9A1E7A4F7556}") = "MvvmLib.IoC.Tests", "Tests\MvvmLib.IoC.Tests\MvvmLib.IoC.Tests.csproj", "{44595E8E-F600-43B8-B0B8-5213840B363D}"
EndProject
Project("{2150E333-8FDC-42A3-9474-1A3956D46DE8}") = "Tests", "Tests", "{8593D175-8260-4B2F-902B-15AE174EAC4F}"
EndProject
Project("{FAE04EC0-301F-11D3-BF4B-00C04F79EFBC}") = "MvvmLib.Adaptive.Wpf.Tests", "Tests\MvvmLib.Adaptive.Wpf.Tests\MvvmLib.Adaptive.Wpf.Tests.csproj", "{F72C16B0-EDAD-4FAD-8D12-78F03497B6F5}"
EndProject
Project("{FAE04EC0-301F-11D3-BF4B-00C04F79EFBC}") = "MvvmLib.Wpf.Tests", "Tests\MvvmLib.Wpf.Tests\MvvmLib.Wpf.Tests.csproj", "{40D27153-10DC-4D01-91FD-F2DA1348F5D0}"
EndProject
Project("{2150E333-8FDC-42A3-9474-1A3956D46DE8}") = "Tests", "Tests", "{D323F390-D017-40E6-95A5-434F057F13FD}"
EndProject
Project("{FAE04EC0-301F-11D3-BF4B-00C04F79EFBC}") = "MvvmLib.Adaptive.Win.Tests", "Tests\MvvmLib.Adaptive.Win.Tests\MvvmLib.Adaptive.Win.Tests.csproj", "{35F975A3-1C30-4E55-8C02-DEBF815F8224}"
EndProject
Project("{FAE04EC0-301F-11D3-BF4B-00C04F79EFBC}") = "MvvmLib.Windows.Tests", "Tests\MvvmLib.Windows.Tests\MvvmLib.Windows.Tests.csproj", "{4CD732CE-17A2-4A71-B5CB-AE009A7A6B85}"
EndProject
Project("{FAE04EC0-301F-11D3-BF4B-00C04F79EFBC}") = "ValidationSample", "Samples\ValidationSample\ValidationSample.csproj", "{B0591291-1972-45C6-A4B2-992580CD3D6A}"
EndProject
Project("{FAE04EC0-301F-11D3-BF4B-00C04F79EFBC}") = "ValidationSample.Windows", "Samples\ValidationSample.Windows\ValidationSample.Windows.csproj", "{5FE29FF7-16ED-48EB-AD8C-A8D71C3B464A}"
EndProject
Project("{2150E333-8FDC-42A3-9474-1A3956D46DE8}") = "XF", "XF", "{D7D7302C-752D-4C5F-A9AF-92110B3EC3FC}"
EndProject
Project("{9A19103F-16F7-4668-BE54-9A1E7A4F7556}") = "MvvmLib.XF", "Source\MvvmLib.XF\MvvmLib.XF.csproj", "{8E2C10CA-9777-40C7-BB50-CB79F9FAD79E}"
EndProject
Project("{2150E333-8FDC-42A3-9474-1A3956D46DE8}") = "Tests", "Tests", "{80EE37F0-635E-4B68-9258-2084F756A608}"
EndProject
Project("{9A19103F-16F7-4668-BE54-9A1E7A4F7556}") = "MvvmLib.XF.Tests", "Tests\MvvmLib.XF.Tests\MvvmLib.XF.Tests.csproj", "{34EDAEB9-ECCE-48B4-8A2F-2CEE794C2836}"
EndProject
Project("{2150E333-8FDC-42A3-9474-1A3956D46DE8}") = "XF", "XF", "{66A765A9-9A68-407B-BCEC-1BCC5F4ABA60}"
EndProject
Project("{FAE04EC0-301F-11D3-BF4B-00C04F79EFBC}") = "NavigationSample.Android", "Samples\XF\NavigationSample\NavigationSample.Android\NavigationSample.Android.csproj", "{9523610A-962D-4E8C-8A4D-9A610E56D67B}"
EndProject
Project("{9A19103F-16F7-4668-BE54-9A1E7A4F7556}") = "NavigationSample", "Samples\XF\NavigationSample\NavigationSample\NavigationSample.csproj", "{B618CBFD-463B-45F0-BDA5-F907BC6AF1D1}"
EndProject
Project("{FAE04EC0-301F-11D3-BF4B-00C04F79EFBC}") = "MvvmLib.Wpf", "Source\MvvmLib.Wpf\MvvmLib.Wpf.csproj", "{4F277439-F45B-4C70-9C4F-6B2E19557354}"
EndProject
Global
	GlobalSection(SolutionConfigurationPlatforms) = preSolution
		Debug|Any CPU = Debug|Any CPU
		Debug|ARM = Debug|ARM
		Debug|ARM64 = Debug|ARM64
		Debug|x64 = Debug|x64
		Debug|x86 = Debug|x86
		Release|Any CPU = Release|Any CPU
		Release|ARM = Release|ARM
		Release|ARM64 = Release|ARM64
		Release|x64 = Release|x64
		Release|x86 = Release|x86
	EndGlobalSection
	GlobalSection(ProjectConfigurationPlatforms) = postSolution
		{64F48FB6-147D-46D3-B854-820384D9DFC2}.Debug|Any CPU.ActiveCfg = Debug|Any CPU
		{64F48FB6-147D-46D3-B854-820384D9DFC2}.Debug|Any CPU.Build.0 = Debug|Any CPU
		{64F48FB6-147D-46D3-B854-820384D9DFC2}.Debug|ARM.ActiveCfg = Debug|ARM
		{64F48FB6-147D-46D3-B854-820384D9DFC2}.Debug|ARM.Build.0 = Debug|ARM
		{64F48FB6-147D-46D3-B854-820384D9DFC2}.Debug|ARM64.ActiveCfg = Debug|ARM64
		{64F48FB6-147D-46D3-B854-820384D9DFC2}.Debug|ARM64.Build.0 = Debug|ARM64
		{64F48FB6-147D-46D3-B854-820384D9DFC2}.Debug|x64.ActiveCfg = Debug|x64
		{64F48FB6-147D-46D3-B854-820384D9DFC2}.Debug|x64.Build.0 = Debug|x64
		{64F48FB6-147D-46D3-B854-820384D9DFC2}.Debug|x86.ActiveCfg = Debug|x86
		{64F48FB6-147D-46D3-B854-820384D9DFC2}.Debug|x86.Build.0 = Debug|x86
		{64F48FB6-147D-46D3-B854-820384D9DFC2}.Release|Any CPU.ActiveCfg = Release|Any CPU
		{64F48FB6-147D-46D3-B854-820384D9DFC2}.Release|Any CPU.Build.0 = Release|Any CPU
		{64F48FB6-147D-46D3-B854-820384D9DFC2}.Release|ARM.ActiveCfg = Release|ARM
		{64F48FB6-147D-46D3-B854-820384D9DFC2}.Release|ARM.Build.0 = Release|ARM
		{64F48FB6-147D-46D3-B854-820384D9DFC2}.Release|ARM64.ActiveCfg = Release|ARM64
		{64F48FB6-147D-46D3-B854-820384D9DFC2}.Release|ARM64.Build.0 = Release|ARM64
		{64F48FB6-147D-46D3-B854-820384D9DFC2}.Release|x64.ActiveCfg = Release|x64
		{64F48FB6-147D-46D3-B854-820384D9DFC2}.Release|x64.Build.0 = Release|x64
		{64F48FB6-147D-46D3-B854-820384D9DFC2}.Release|x86.ActiveCfg = Release|x86
		{64F48FB6-147D-46D3-B854-820384D9DFC2}.Release|x86.Build.0 = Release|x86
		{5462AE63-CBB9-46C2-B800-311FD7C7BE72}.Debug|Any CPU.ActiveCfg = Debug|Any CPU
		{5462AE63-CBB9-46C2-B800-311FD7C7BE72}.Debug|Any CPU.Build.0 = Debug|Any CPU
		{5462AE63-CBB9-46C2-B800-311FD7C7BE72}.Debug|ARM.ActiveCfg = Debug|Any CPU
		{5462AE63-CBB9-46C2-B800-311FD7C7BE72}.Debug|ARM.Build.0 = Debug|Any CPU
		{5462AE63-CBB9-46C2-B800-311FD7C7BE72}.Debug|ARM64.ActiveCfg = Debug|Any CPU
		{5462AE63-CBB9-46C2-B800-311FD7C7BE72}.Debug|ARM64.Build.0 = Debug|Any CPU
		{5462AE63-CBB9-46C2-B800-311FD7C7BE72}.Debug|x64.ActiveCfg = Debug|Any CPU
		{5462AE63-CBB9-46C2-B800-311FD7C7BE72}.Debug|x64.Build.0 = Debug|Any CPU
		{5462AE63-CBB9-46C2-B800-311FD7C7BE72}.Debug|x86.ActiveCfg = Debug|Any CPU
		{5462AE63-CBB9-46C2-B800-311FD7C7BE72}.Debug|x86.Build.0 = Debug|Any CPU
		{5462AE63-CBB9-46C2-B800-311FD7C7BE72}.Release|Any CPU.ActiveCfg = Release|Any CPU
		{5462AE63-CBB9-46C2-B800-311FD7C7BE72}.Release|Any CPU.Build.0 = Release|Any CPU
		{5462AE63-CBB9-46C2-B800-311FD7C7BE72}.Release|ARM.ActiveCfg = Release|Any CPU
		{5462AE63-CBB9-46C2-B800-311FD7C7BE72}.Release|ARM.Build.0 = Release|Any CPU
		{5462AE63-CBB9-46C2-B800-311FD7C7BE72}.Release|ARM64.ActiveCfg = Release|Any CPU
		{5462AE63-CBB9-46C2-B800-311FD7C7BE72}.Release|ARM64.Build.0 = Release|Any CPU
		{5462AE63-CBB9-46C2-B800-311FD7C7BE72}.Release|x64.ActiveCfg = Release|Any CPU
		{5462AE63-CBB9-46C2-B800-311FD7C7BE72}.Release|x64.Build.0 = Release|Any CPU
		{5462AE63-CBB9-46C2-B800-311FD7C7BE72}.Release|x86.ActiveCfg = Release|Any CPU
		{5462AE63-CBB9-46C2-B800-311FD7C7BE72}.Release|x86.Build.0 = Release|Any CPU
		{5750C1F5-50B4-4BF9-A1F6-9A75B48199DA}.Debug|Any CPU.ActiveCfg = Debug|x86
		{5750C1F5-50B4-4BF9-A1F6-9A75B48199DA}.Debug|ARM.ActiveCfg = Debug|ARM
		{5750C1F5-50B4-4BF9-A1F6-9A75B48199DA}.Debug|ARM.Build.0 = Debug|ARM
		{5750C1F5-50B4-4BF9-A1F6-9A75B48199DA}.Debug|ARM.Deploy.0 = Debug|ARM
		{5750C1F5-50B4-4BF9-A1F6-9A75B48199DA}.Debug|ARM64.ActiveCfg = Debug|ARM64
		{5750C1F5-50B4-4BF9-A1F6-9A75B48199DA}.Debug|ARM64.Build.0 = Debug|ARM64
		{5750C1F5-50B4-4BF9-A1F6-9A75B48199DA}.Debug|ARM64.Deploy.0 = Debug|ARM64
		{5750C1F5-50B4-4BF9-A1F6-9A75B48199DA}.Debug|x64.ActiveCfg = Debug|x64
		{5750C1F5-50B4-4BF9-A1F6-9A75B48199DA}.Debug|x64.Build.0 = Debug|x64
		{5750C1F5-50B4-4BF9-A1F6-9A75B48199DA}.Debug|x64.Deploy.0 = Debug|x64
		{5750C1F5-50B4-4BF9-A1F6-9A75B48199DA}.Debug|x86.ActiveCfg = Debug|x86
		{5750C1F5-50B4-4BF9-A1F6-9A75B48199DA}.Debug|x86.Build.0 = Debug|x86
		{5750C1F5-50B4-4BF9-A1F6-9A75B48199DA}.Debug|x86.Deploy.0 = Debug|x86
		{5750C1F5-50B4-4BF9-A1F6-9A75B48199DA}.Release|Any CPU.ActiveCfg = Release|x86
		{5750C1F5-50B4-4BF9-A1F6-9A75B48199DA}.Release|ARM.ActiveCfg = Release|ARM
		{5750C1F5-50B4-4BF9-A1F6-9A75B48199DA}.Release|ARM.Build.0 = Release|ARM
		{5750C1F5-50B4-4BF9-A1F6-9A75B48199DA}.Release|ARM.Deploy.0 = Release|ARM
		{5750C1F5-50B4-4BF9-A1F6-9A75B48199DA}.Release|ARM64.ActiveCfg = Release|ARM64
		{5750C1F5-50B4-4BF9-A1F6-9A75B48199DA}.Release|ARM64.Build.0 = Release|ARM64
		{5750C1F5-50B4-4BF9-A1F6-9A75B48199DA}.Release|ARM64.Deploy.0 = Release|ARM64
		{5750C1F5-50B4-4BF9-A1F6-9A75B48199DA}.Release|x64.ActiveCfg = Release|x64
		{5750C1F5-50B4-4BF9-A1F6-9A75B48199DA}.Release|x64.Build.0 = Release|x64
		{5750C1F5-50B4-4BF9-A1F6-9A75B48199DA}.Release|x64.Deploy.0 = Release|x64
		{5750C1F5-50B4-4BF9-A1F6-9A75B48199DA}.Release|x86.ActiveCfg = Release|x86
		{5750C1F5-50B4-4BF9-A1F6-9A75B48199DA}.Release|x86.Build.0 = Release|x86
		{5750C1F5-50B4-4BF9-A1F6-9A75B48199DA}.Release|x86.Deploy.0 = Release|x86
		{D01A52D0-6D6E-4A0C-BF30-199329154AF0}.Debug|Any CPU.ActiveCfg = Debug|Any CPU
		{D01A52D0-6D6E-4A0C-BF30-199329154AF0}.Debug|Any CPU.Build.0 = Debug|Any CPU
		{D01A52D0-6D6E-4A0C-BF30-199329154AF0}.Debug|ARM.ActiveCfg = Debug|Any CPU
		{D01A52D0-6D6E-4A0C-BF30-199329154AF0}.Debug|ARM.Build.0 = Debug|Any CPU
		{D01A52D0-6D6E-4A0C-BF30-199329154AF0}.Debug|ARM64.ActiveCfg = Debug|Any CPU
		{D01A52D0-6D6E-4A0C-BF30-199329154AF0}.Debug|ARM64.Build.0 = Debug|Any CPU
		{D01A52D0-6D6E-4A0C-BF30-199329154AF0}.Debug|x64.ActiveCfg = Debug|Any CPU
		{D01A52D0-6D6E-4A0C-BF30-199329154AF0}.Debug|x64.Build.0 = Debug|Any CPU
		{D01A52D0-6D6E-4A0C-BF30-199329154AF0}.Debug|x86.ActiveCfg = Debug|Any CPU
		{D01A52D0-6D6E-4A0C-BF30-199329154AF0}.Debug|x86.Build.0 = Debug|Any CPU
		{D01A52D0-6D6E-4A0C-BF30-199329154AF0}.Release|Any CPU.ActiveCfg = Release|Any CPU
		{D01A52D0-6D6E-4A0C-BF30-199329154AF0}.Release|Any CPU.Build.0 = Release|Any CPU
		{D01A52D0-6D6E-4A0C-BF30-199329154AF0}.Release|ARM.ActiveCfg = Release|Any CPU
		{D01A52D0-6D6E-4A0C-BF30-199329154AF0}.Release|ARM.Build.0 = Release|Any CPU
		{D01A52D0-6D6E-4A0C-BF30-199329154AF0}.Release|ARM64.ActiveCfg = Release|Any CPU
		{D01A52D0-6D6E-4A0C-BF30-199329154AF0}.Release|ARM64.Build.0 = Release|Any CPU
		{D01A52D0-6D6E-4A0C-BF30-199329154AF0}.Release|x64.ActiveCfg = Release|Any CPU
		{D01A52D0-6D6E-4A0C-BF30-199329154AF0}.Release|x64.Build.0 = Release|Any CPU
		{D01A52D0-6D6E-4A0C-BF30-199329154AF0}.Release|x86.ActiveCfg = Release|Any CPU
		{D01A52D0-6D6E-4A0C-BF30-199329154AF0}.Release|x86.Build.0 = Release|Any CPU
		{C5FA79A2-93B3-4E59-B276-71DB0972099B}.Debug|Any CPU.ActiveCfg = Debug|Any CPU
		{C5FA79A2-93B3-4E59-B276-71DB0972099B}.Debug|Any CPU.Build.0 = Debug|Any CPU
		{C5FA79A2-93B3-4E59-B276-71DB0972099B}.Debug|ARM.ActiveCfg = Debug|Any CPU
		{C5FA79A2-93B3-4E59-B276-71DB0972099B}.Debug|ARM.Build.0 = Debug|Any CPU
		{C5FA79A2-93B3-4E59-B276-71DB0972099B}.Debug|ARM64.ActiveCfg = Debug|Any CPU
		{C5FA79A2-93B3-4E59-B276-71DB0972099B}.Debug|ARM64.Build.0 = Debug|Any CPU
		{C5FA79A2-93B3-4E59-B276-71DB0972099B}.Debug|x64.ActiveCfg = Debug|Any CPU
		{C5FA79A2-93B3-4E59-B276-71DB0972099B}.Debug|x64.Build.0 = Debug|Any CPU
		{C5FA79A2-93B3-4E59-B276-71DB0972099B}.Debug|x86.ActiveCfg = Debug|Any CPU
		{C5FA79A2-93B3-4E59-B276-71DB0972099B}.Debug|x86.Build.0 = Debug|Any CPU
		{C5FA79A2-93B3-4E59-B276-71DB0972099B}.Release|Any CPU.ActiveCfg = Release|Any CPU
		{C5FA79A2-93B3-4E59-B276-71DB0972099B}.Release|Any CPU.Build.0 = Release|Any CPU
		{C5FA79A2-93B3-4E59-B276-71DB0972099B}.Release|ARM.ActiveCfg = Release|Any CPU
		{C5FA79A2-93B3-4E59-B276-71DB0972099B}.Release|ARM.Build.0 = Release|Any CPU
		{C5FA79A2-93B3-4E59-B276-71DB0972099B}.Release|ARM64.ActiveCfg = Release|Any CPU
		{C5FA79A2-93B3-4E59-B276-71DB0972099B}.Release|ARM64.Build.0 = Release|Any CPU
		{C5FA79A2-93B3-4E59-B276-71DB0972099B}.Release|x64.ActiveCfg = Release|Any CPU
		{C5FA79A2-93B3-4E59-B276-71DB0972099B}.Release|x64.Build.0 = Release|Any CPU
		{C5FA79A2-93B3-4E59-B276-71DB0972099B}.Release|x86.ActiveCfg = Release|Any CPU
		{C5FA79A2-93B3-4E59-B276-71DB0972099B}.Release|x86.Build.0 = Release|Any CPU
		{138FCBAD-9B17-4E44-91D6-06F753604256}.Debug|Any CPU.ActiveCfg = Debug|Any CPU
		{138FCBAD-9B17-4E44-91D6-06F753604256}.Debug|Any CPU.Build.0 = Debug|Any CPU
		{138FCBAD-9B17-4E44-91D6-06F753604256}.Debug|ARM.ActiveCfg = Debug|Any CPU
		{138FCBAD-9B17-4E44-91D6-06F753604256}.Debug|ARM.Build.0 = Debug|Any CPU
		{138FCBAD-9B17-4E44-91D6-06F753604256}.Debug|ARM64.ActiveCfg = Debug|Any CPU
		{138FCBAD-9B17-4E44-91D6-06F753604256}.Debug|ARM64.Build.0 = Debug|Any CPU
		{138FCBAD-9B17-4E44-91D6-06F753604256}.Debug|x64.ActiveCfg = Debug|Any CPU
		{138FCBAD-9B17-4E44-91D6-06F753604256}.Debug|x64.Build.0 = Debug|Any CPU
		{138FCBAD-9B17-4E44-91D6-06F753604256}.Debug|x86.ActiveCfg = Debug|Any CPU
		{138FCBAD-9B17-4E44-91D6-06F753604256}.Debug|x86.Build.0 = Debug|Any CPU
		{138FCBAD-9B17-4E44-91D6-06F753604256}.Release|Any CPU.ActiveCfg = Release|Any CPU
		{138FCBAD-9B17-4E44-91D6-06F753604256}.Release|Any CPU.Build.0 = Release|Any CPU
		{138FCBAD-9B17-4E44-91D6-06F753604256}.Release|ARM.ActiveCfg = Release|Any CPU
		{138FCBAD-9B17-4E44-91D6-06F753604256}.Release|ARM.Build.0 = Release|Any CPU
		{138FCBAD-9B17-4E44-91D6-06F753604256}.Release|ARM64.ActiveCfg = Release|Any CPU
		{138FCBAD-9B17-4E44-91D6-06F753604256}.Release|ARM64.Build.0 = Release|Any CPU
		{138FCBAD-9B17-4E44-91D6-06F753604256}.Release|x64.ActiveCfg = Release|Any CPU
		{138FCBAD-9B17-4E44-91D6-06F753604256}.Release|x64.Build.0 = Release|Any CPU
		{138FCBAD-9B17-4E44-91D6-06F753604256}.Release|x86.ActiveCfg = Release|Any CPU
		{138FCBAD-9B17-4E44-91D6-06F753604256}.Release|x86.Build.0 = Release|Any CPU
		{2534EB16-55DA-4374-A21C-4DFD4EA2F886}.Debug|Any CPU.ActiveCfg = Debug|Any CPU
		{2534EB16-55DA-4374-A21C-4DFD4EA2F886}.Debug|Any CPU.Build.0 = Debug|Any CPU
		{2534EB16-55DA-4374-A21C-4DFD4EA2F886}.Debug|ARM.ActiveCfg = Debug|Any CPU
		{2534EB16-55DA-4374-A21C-4DFD4EA2F886}.Debug|ARM.Build.0 = Debug|Any CPU
		{2534EB16-55DA-4374-A21C-4DFD4EA2F886}.Debug|ARM64.ActiveCfg = Debug|Any CPU
		{2534EB16-55DA-4374-A21C-4DFD4EA2F886}.Debug|ARM64.Build.0 = Debug|Any CPU
		{2534EB16-55DA-4374-A21C-4DFD4EA2F886}.Debug|x64.ActiveCfg = Debug|Any CPU
		{2534EB16-55DA-4374-A21C-4DFD4EA2F886}.Debug|x64.Build.0 = Debug|Any CPU
		{2534EB16-55DA-4374-A21C-4DFD4EA2F886}.Debug|x86.ActiveCfg = Debug|Any CPU
		{2534EB16-55DA-4374-A21C-4DFD4EA2F886}.Debug|x86.Build.0 = Debug|Any CPU
		{2534EB16-55DA-4374-A21C-4DFD4EA2F886}.Release|Any CPU.ActiveCfg = Release|Any CPU
		{2534EB16-55DA-4374-A21C-4DFD4EA2F886}.Release|Any CPU.Build.0 = Release|Any CPU
		{2534EB16-55DA-4374-A21C-4DFD4EA2F886}.Release|ARM.ActiveCfg = Release|Any CPU
		{2534EB16-55DA-4374-A21C-4DFD4EA2F886}.Release|ARM.Build.0 = Release|Any CPU
		{2534EB16-55DA-4374-A21C-4DFD4EA2F886}.Release|ARM64.ActiveCfg = Release|Any CPU
		{2534EB16-55DA-4374-A21C-4DFD4EA2F886}.Release|ARM64.Build.0 = Release|Any CPU
		{2534EB16-55DA-4374-A21C-4DFD4EA2F886}.Release|x64.ActiveCfg = Release|Any CPU
		{2534EB16-55DA-4374-A21C-4DFD4EA2F886}.Release|x64.Build.0 = Release|Any CPU
		{2534EB16-55DA-4374-A21C-4DFD4EA2F886}.Release|x86.ActiveCfg = Release|Any CPU
		{2534EB16-55DA-4374-A21C-4DFD4EA2F886}.Release|x86.Build.0 = Release|Any CPU
		{675F27FD-25E0-40B2-A7E8-F7645876EE16}.Debug|Any CPU.ActiveCfg = Debug|Any CPU
		{675F27FD-25E0-40B2-A7E8-F7645876EE16}.Debug|Any CPU.Build.0 = Debug|Any CPU
		{675F27FD-25E0-40B2-A7E8-F7645876EE16}.Debug|ARM.ActiveCfg = Debug|Any CPU
		{675F27FD-25E0-40B2-A7E8-F7645876EE16}.Debug|ARM.Build.0 = Debug|Any CPU
		{675F27FD-25E0-40B2-A7E8-F7645876EE16}.Debug|ARM64.ActiveCfg = Debug|Any CPU
		{675F27FD-25E0-40B2-A7E8-F7645876EE16}.Debug|ARM64.Build.0 = Debug|Any CPU
		{675F27FD-25E0-40B2-A7E8-F7645876EE16}.Debug|x64.ActiveCfg = Debug|Any CPU
		{675F27FD-25E0-40B2-A7E8-F7645876EE16}.Debug|x64.Build.0 = Debug|Any CPU
		{675F27FD-25E0-40B2-A7E8-F7645876EE16}.Debug|x86.ActiveCfg = Debug|Any CPU
		{675F27FD-25E0-40B2-A7E8-F7645876EE16}.Debug|x86.Build.0 = Debug|Any CPU
		{675F27FD-25E0-40B2-A7E8-F7645876EE16}.Release|Any CPU.ActiveCfg = Release|Any CPU
		{675F27FD-25E0-40B2-A7E8-F7645876EE16}.Release|Any CPU.Build.0 = Release|Any CPU
		{675F27FD-25E0-40B2-A7E8-F7645876EE16}.Release|ARM.ActiveCfg = Release|Any CPU
		{675F27FD-25E0-40B2-A7E8-F7645876EE16}.Release|ARM.Build.0 = Release|Any CPU
		{675F27FD-25E0-40B2-A7E8-F7645876EE16}.Release|ARM64.ActiveCfg = Release|Any CPU
		{675F27FD-25E0-40B2-A7E8-F7645876EE16}.Release|ARM64.Build.0 = Release|Any CPU
		{675F27FD-25E0-40B2-A7E8-F7645876EE16}.Release|x64.ActiveCfg = Release|Any CPU
		{675F27FD-25E0-40B2-A7E8-F7645876EE16}.Release|x64.Build.0 = Release|Any CPU
		{675F27FD-25E0-40B2-A7E8-F7645876EE16}.Release|x86.ActiveCfg = Release|Any CPU
		{675F27FD-25E0-40B2-A7E8-F7645876EE16}.Release|x86.Build.0 = Release|Any CPU
		{1A2BEB9E-82CD-4963-976D-7A4B7B55131F}.Debug|Any CPU.ActiveCfg = Debug|Any CPU
		{1A2BEB9E-82CD-4963-976D-7A4B7B55131F}.Debug|Any CPU.Build.0 = Debug|Any CPU
		{1A2BEB9E-82CD-4963-976D-7A4B7B55131F}.Debug|ARM.ActiveCfg = Debug|ARM
		{1A2BEB9E-82CD-4963-976D-7A4B7B55131F}.Debug|ARM.Build.0 = Debug|ARM
		{1A2BEB9E-82CD-4963-976D-7A4B7B55131F}.Debug|ARM64.ActiveCfg = Debug|ARM64
		{1A2BEB9E-82CD-4963-976D-7A4B7B55131F}.Debug|ARM64.Build.0 = Debug|ARM64
		{1A2BEB9E-82CD-4963-976D-7A4B7B55131F}.Debug|x64.ActiveCfg = Debug|x64
		{1A2BEB9E-82CD-4963-976D-7A4B7B55131F}.Debug|x64.Build.0 = Debug|x64
		{1A2BEB9E-82CD-4963-976D-7A4B7B55131F}.Debug|x86.ActiveCfg = Debug|x86
		{1A2BEB9E-82CD-4963-976D-7A4B7B55131F}.Debug|x86.Build.0 = Debug|x86
		{1A2BEB9E-82CD-4963-976D-7A4B7B55131F}.Release|Any CPU.ActiveCfg = Release|Any CPU
		{1A2BEB9E-82CD-4963-976D-7A4B7B55131F}.Release|Any CPU.Build.0 = Release|Any CPU
		{1A2BEB9E-82CD-4963-976D-7A4B7B55131F}.Release|ARM.ActiveCfg = Release|ARM
		{1A2BEB9E-82CD-4963-976D-7A4B7B55131F}.Release|ARM.Build.0 = Release|ARM
		{1A2BEB9E-82CD-4963-976D-7A4B7B55131F}.Release|ARM64.ActiveCfg = Release|ARM64
		{1A2BEB9E-82CD-4963-976D-7A4B7B55131F}.Release|ARM64.Build.0 = Release|ARM64
		{1A2BEB9E-82CD-4963-976D-7A4B7B55131F}.Release|x64.ActiveCfg = Release|x64
		{1A2BEB9E-82CD-4963-976D-7A4B7B55131F}.Release|x64.Build.0 = Release|x64
		{1A2BEB9E-82CD-4963-976D-7A4B7B55131F}.Release|x86.ActiveCfg = Release|x86
		{1A2BEB9E-82CD-4963-976D-7A4B7B55131F}.Release|x86.Build.0 = Release|x86
		{42071646-6AC9-4891-A23B-552664304AB0}.Debug|Any CPU.ActiveCfg = Debug|x86
		{42071646-6AC9-4891-A23B-552664304AB0}.Debug|ARM.ActiveCfg = Debug|ARM
		{42071646-6AC9-4891-A23B-552664304AB0}.Debug|ARM.Build.0 = Debug|ARM
		{42071646-6AC9-4891-A23B-552664304AB0}.Debug|ARM.Deploy.0 = Debug|ARM
		{42071646-6AC9-4891-A23B-552664304AB0}.Debug|ARM64.ActiveCfg = Debug|ARM64
		{42071646-6AC9-4891-A23B-552664304AB0}.Debug|ARM64.Build.0 = Debug|ARM64
		{42071646-6AC9-4891-A23B-552664304AB0}.Debug|ARM64.Deploy.0 = Debug|ARM64
		{42071646-6AC9-4891-A23B-552664304AB0}.Debug|x64.ActiveCfg = Debug|x64
		{42071646-6AC9-4891-A23B-552664304AB0}.Debug|x64.Build.0 = Debug|x64
		{42071646-6AC9-4891-A23B-552664304AB0}.Debug|x64.Deploy.0 = Debug|x64
		{42071646-6AC9-4891-A23B-552664304AB0}.Debug|x86.ActiveCfg = Debug|x86
		{42071646-6AC9-4891-A23B-552664304AB0}.Debug|x86.Build.0 = Debug|x86
		{42071646-6AC9-4891-A23B-552664304AB0}.Debug|x86.Deploy.0 = Debug|x86
		{42071646-6AC9-4891-A23B-552664304AB0}.Release|Any CPU.ActiveCfg = Release|x86
		{42071646-6AC9-4891-A23B-552664304AB0}.Release|ARM.ActiveCfg = Release|ARM
		{42071646-6AC9-4891-A23B-552664304AB0}.Release|ARM.Build.0 = Release|ARM
		{42071646-6AC9-4891-A23B-552664304AB0}.Release|ARM.Deploy.0 = Release|ARM
		{42071646-6AC9-4891-A23B-552664304AB0}.Release|ARM64.ActiveCfg = Release|ARM64
		{42071646-6AC9-4891-A23B-552664304AB0}.Release|ARM64.Build.0 = Release|ARM64
		{42071646-6AC9-4891-A23B-552664304AB0}.Release|ARM64.Deploy.0 = Release|ARM64
		{42071646-6AC9-4891-A23B-552664304AB0}.Release|x64.ActiveCfg = Release|x64
		{42071646-6AC9-4891-A23B-552664304AB0}.Release|x64.Build.0 = Release|x64
		{42071646-6AC9-4891-A23B-552664304AB0}.Release|x64.Deploy.0 = Release|x64
		{42071646-6AC9-4891-A23B-552664304AB0}.Release|x86.ActiveCfg = Release|x86
		{42071646-6AC9-4891-A23B-552664304AB0}.Release|x86.Build.0 = Release|x86
		{42071646-6AC9-4891-A23B-552664304AB0}.Release|x86.Deploy.0 = Release|x86
		{761E504A-D0F5-4825-B205-4DAC66A104D3}.Debug|Any CPU.ActiveCfg = Debug|Any CPU
		{761E504A-D0F5-4825-B205-4DAC66A104D3}.Debug|Any CPU.Build.0 = Debug|Any CPU
		{761E504A-D0F5-4825-B205-4DAC66A104D3}.Debug|ARM.ActiveCfg = Debug|Any CPU
		{761E504A-D0F5-4825-B205-4DAC66A104D3}.Debug|ARM.Build.0 = Debug|Any CPU
		{761E504A-D0F5-4825-B205-4DAC66A104D3}.Debug|ARM64.ActiveCfg = Debug|Any CPU
		{761E504A-D0F5-4825-B205-4DAC66A104D3}.Debug|ARM64.Build.0 = Debug|Any CPU
		{761E504A-D0F5-4825-B205-4DAC66A104D3}.Debug|x64.ActiveCfg = Debug|Any CPU
		{761E504A-D0F5-4825-B205-4DAC66A104D3}.Debug|x64.Build.0 = Debug|Any CPU
		{761E504A-D0F5-4825-B205-4DAC66A104D3}.Debug|x86.ActiveCfg = Debug|Any CPU
		{761E504A-D0F5-4825-B205-4DAC66A104D3}.Debug|x86.Build.0 = Debug|Any CPU
		{761E504A-D0F5-4825-B205-4DAC66A104D3}.Release|Any CPU.ActiveCfg = Release|Any CPU
		{761E504A-D0F5-4825-B205-4DAC66A104D3}.Release|Any CPU.Build.0 = Release|Any CPU
		{761E504A-D0F5-4825-B205-4DAC66A104D3}.Release|ARM.ActiveCfg = Release|Any CPU
		{761E504A-D0F5-4825-B205-4DAC66A104D3}.Release|ARM.Build.0 = Release|Any CPU
		{761E504A-D0F5-4825-B205-4DAC66A104D3}.Release|ARM64.ActiveCfg = Release|Any CPU
		{761E504A-D0F5-4825-B205-4DAC66A104D3}.Release|ARM64.Build.0 = Release|Any CPU
		{761E504A-D0F5-4825-B205-4DAC66A104D3}.Release|x64.ActiveCfg = Release|Any CPU
		{761E504A-D0F5-4825-B205-4DAC66A104D3}.Release|x64.Build.0 = Release|Any CPU
		{761E504A-D0F5-4825-B205-4DAC66A104D3}.Release|x86.ActiveCfg = Release|Any CPU
		{761E504A-D0F5-4825-B205-4DAC66A104D3}.Release|x86.Build.0 = Release|Any CPU
		{44595E8E-F600-43B8-B0B8-5213840B363D}.Debug|Any CPU.ActiveCfg = Debug|Any CPU
		{44595E8E-F600-43B8-B0B8-5213840B363D}.Debug|Any CPU.Build.0 = Debug|Any CPU
		{44595E8E-F600-43B8-B0B8-5213840B363D}.Debug|ARM.ActiveCfg = Debug|Any CPU
		{44595E8E-F600-43B8-B0B8-5213840B363D}.Debug|ARM.Build.0 = Debug|Any CPU
		{44595E8E-F600-43B8-B0B8-5213840B363D}.Debug|ARM64.ActiveCfg = Debug|Any CPU
		{44595E8E-F600-43B8-B0B8-5213840B363D}.Debug|ARM64.Build.0 = Debug|Any CPU
		{44595E8E-F600-43B8-B0B8-5213840B363D}.Debug|x64.ActiveCfg = Debug|Any CPU
		{44595E8E-F600-43B8-B0B8-5213840B363D}.Debug|x64.Build.0 = Debug|Any CPU
		{44595E8E-F600-43B8-B0B8-5213840B363D}.Debug|x86.ActiveCfg = Debug|Any CPU
		{44595E8E-F600-43B8-B0B8-5213840B363D}.Debug|x86.Build.0 = Debug|Any CPU
		{44595E8E-F600-43B8-B0B8-5213840B363D}.Release|Any CPU.ActiveCfg = Release|Any CPU
		{44595E8E-F600-43B8-B0B8-5213840B363D}.Release|Any CPU.Build.0 = Release|Any CPU
		{44595E8E-F600-43B8-B0B8-5213840B363D}.Release|ARM.ActiveCfg = Release|Any CPU
		{44595E8E-F600-43B8-B0B8-5213840B363D}.Release|ARM.Build.0 = Release|Any CPU
		{44595E8E-F600-43B8-B0B8-5213840B363D}.Release|ARM64.ActiveCfg = Release|Any CPU
		{44595E8E-F600-43B8-B0B8-5213840B363D}.Release|ARM64.Build.0 = Release|Any CPU
		{44595E8E-F600-43B8-B0B8-5213840B363D}.Release|x64.ActiveCfg = Release|Any CPU
		{44595E8E-F600-43B8-B0B8-5213840B363D}.Release|x64.Build.0 = Release|Any CPU
		{44595E8E-F600-43B8-B0B8-5213840B363D}.Release|x86.ActiveCfg = Release|Any CPU
		{44595E8E-F600-43B8-B0B8-5213840B363D}.Release|x86.Build.0 = Release|Any CPU
		{F72C16B0-EDAD-4FAD-8D12-78F03497B6F5}.Debug|Any CPU.ActiveCfg = Debug|Any CPU
		{F72C16B0-EDAD-4FAD-8D12-78F03497B6F5}.Debug|Any CPU.Build.0 = Debug|Any CPU
		{F72C16B0-EDAD-4FAD-8D12-78F03497B6F5}.Debug|ARM.ActiveCfg = Debug|Any CPU
		{F72C16B0-EDAD-4FAD-8D12-78F03497B6F5}.Debug|ARM.Build.0 = Debug|Any CPU
		{F72C16B0-EDAD-4FAD-8D12-78F03497B6F5}.Debug|ARM64.ActiveCfg = Debug|Any CPU
		{F72C16B0-EDAD-4FAD-8D12-78F03497B6F5}.Debug|ARM64.Build.0 = Debug|Any CPU
		{F72C16B0-EDAD-4FAD-8D12-78F03497B6F5}.Debug|x64.ActiveCfg = Debug|Any CPU
		{F72C16B0-EDAD-4FAD-8D12-78F03497B6F5}.Debug|x64.Build.0 = Debug|Any CPU
		{F72C16B0-EDAD-4FAD-8D12-78F03497B6F5}.Debug|x86.ActiveCfg = Debug|Any CPU
		{F72C16B0-EDAD-4FAD-8D12-78F03497B6F5}.Debug|x86.Build.0 = Debug|Any CPU
		{F72C16B0-EDAD-4FAD-8D12-78F03497B6F5}.Release|Any CPU.ActiveCfg = Release|Any CPU
		{F72C16B0-EDAD-4FAD-8D12-78F03497B6F5}.Release|Any CPU.Build.0 = Release|Any CPU
		{F72C16B0-EDAD-4FAD-8D12-78F03497B6F5}.Release|ARM.ActiveCfg = Release|Any CPU
		{F72C16B0-EDAD-4FAD-8D12-78F03497B6F5}.Release|ARM.Build.0 = Release|Any CPU
		{F72C16B0-EDAD-4FAD-8D12-78F03497B6F5}.Release|ARM64.ActiveCfg = Release|Any CPU
		{F72C16B0-EDAD-4FAD-8D12-78F03497B6F5}.Release|ARM64.Build.0 = Release|Any CPU
		{F72C16B0-EDAD-4FAD-8D12-78F03497B6F5}.Release|x64.ActiveCfg = Release|Any CPU
		{F72C16B0-EDAD-4FAD-8D12-78F03497B6F5}.Release|x64.Build.0 = Release|Any CPU
		{F72C16B0-EDAD-4FAD-8D12-78F03497B6F5}.Release|x86.ActiveCfg = Release|Any CPU
		{F72C16B0-EDAD-4FAD-8D12-78F03497B6F5}.Release|x86.Build.0 = Release|Any CPU
		{40D27153-10DC-4D01-91FD-F2DA1348F5D0}.Debug|Any CPU.ActiveCfg = Debug|Any CPU
		{40D27153-10DC-4D01-91FD-F2DA1348F5D0}.Debug|Any CPU.Build.0 = Debug|Any CPU
		{40D27153-10DC-4D01-91FD-F2DA1348F5D0}.Debug|ARM.ActiveCfg = Debug|Any CPU
		{40D27153-10DC-4D01-91FD-F2DA1348F5D0}.Debug|ARM.Build.0 = Debug|Any CPU
		{40D27153-10DC-4D01-91FD-F2DA1348F5D0}.Debug|ARM64.ActiveCfg = Debug|Any CPU
		{40D27153-10DC-4D01-91FD-F2DA1348F5D0}.Debug|ARM64.Build.0 = Debug|Any CPU
		{40D27153-10DC-4D01-91FD-F2DA1348F5D0}.Debug|x64.ActiveCfg = Debug|Any CPU
		{40D27153-10DC-4D01-91FD-F2DA1348F5D0}.Debug|x64.Build.0 = Debug|Any CPU
		{40D27153-10DC-4D01-91FD-F2DA1348F5D0}.Debug|x86.ActiveCfg = Debug|Any CPU
		{40D27153-10DC-4D01-91FD-F2DA1348F5D0}.Debug|x86.Build.0 = Debug|Any CPU
		{40D27153-10DC-4D01-91FD-F2DA1348F5D0}.Release|Any CPU.ActiveCfg = Release|Any CPU
		{40D27153-10DC-4D01-91FD-F2DA1348F5D0}.Release|Any CPU.Build.0 = Release|Any CPU
		{40D27153-10DC-4D01-91FD-F2DA1348F5D0}.Release|ARM.ActiveCfg = Release|Any CPU
		{40D27153-10DC-4D01-91FD-F2DA1348F5D0}.Release|ARM.Build.0 = Release|Any CPU
		{40D27153-10DC-4D01-91FD-F2DA1348F5D0}.Release|ARM64.ActiveCfg = Release|Any CPU
		{40D27153-10DC-4D01-91FD-F2DA1348F5D0}.Release|ARM64.Build.0 = Release|Any CPU
		{40D27153-10DC-4D01-91FD-F2DA1348F5D0}.Release|x64.ActiveCfg = Release|Any CPU
		{40D27153-10DC-4D01-91FD-F2DA1348F5D0}.Release|x64.Build.0 = Release|Any CPU
		{40D27153-10DC-4D01-91FD-F2DA1348F5D0}.Release|x86.ActiveCfg = Release|Any CPU
		{40D27153-10DC-4D01-91FD-F2DA1348F5D0}.Release|x86.Build.0 = Release|Any CPU
		{35F975A3-1C30-4E55-8C02-DEBF815F8224}.Debug|Any CPU.ActiveCfg = Debug|x86
		{35F975A3-1C30-4E55-8C02-DEBF815F8224}.Debug|ARM.ActiveCfg = Debug|ARM
		{35F975A3-1C30-4E55-8C02-DEBF815F8224}.Debug|ARM.Build.0 = Debug|ARM
		{35F975A3-1C30-4E55-8C02-DEBF815F8224}.Debug|ARM.Deploy.0 = Debug|ARM
		{35F975A3-1C30-4E55-8C02-DEBF815F8224}.Debug|ARM64.ActiveCfg = Debug|ARM64
		{35F975A3-1C30-4E55-8C02-DEBF815F8224}.Debug|ARM64.Build.0 = Debug|ARM64
		{35F975A3-1C30-4E55-8C02-DEBF815F8224}.Debug|ARM64.Deploy.0 = Debug|ARM64
		{35F975A3-1C30-4E55-8C02-DEBF815F8224}.Debug|x64.ActiveCfg = Debug|x64
		{35F975A3-1C30-4E55-8C02-DEBF815F8224}.Debug|x64.Build.0 = Debug|x64
		{35F975A3-1C30-4E55-8C02-DEBF815F8224}.Debug|x64.Deploy.0 = Debug|x64
		{35F975A3-1C30-4E55-8C02-DEBF815F8224}.Debug|x86.ActiveCfg = Debug|x86
		{35F975A3-1C30-4E55-8C02-DEBF815F8224}.Debug|x86.Build.0 = Debug|x86
		{35F975A3-1C30-4E55-8C02-DEBF815F8224}.Debug|x86.Deploy.0 = Debug|x86
		{35F975A3-1C30-4E55-8C02-DEBF815F8224}.Release|Any CPU.ActiveCfg = Release|x86
		{35F975A3-1C30-4E55-8C02-DEBF815F8224}.Release|ARM.ActiveCfg = Release|ARM
		{35F975A3-1C30-4E55-8C02-DEBF815F8224}.Release|ARM.Build.0 = Release|ARM
		{35F975A3-1C30-4E55-8C02-DEBF815F8224}.Release|ARM.Deploy.0 = Release|ARM
		{35F975A3-1C30-4E55-8C02-DEBF815F8224}.Release|ARM64.ActiveCfg = Release|ARM64
		{35F975A3-1C30-4E55-8C02-DEBF815F8224}.Release|ARM64.Build.0 = Release|ARM64
		{35F975A3-1C30-4E55-8C02-DEBF815F8224}.Release|ARM64.Deploy.0 = Release|ARM64
		{35F975A3-1C30-4E55-8C02-DEBF815F8224}.Release|x64.ActiveCfg = Release|x64
		{35F975A3-1C30-4E55-8C02-DEBF815F8224}.Release|x64.Build.0 = Release|x64
		{35F975A3-1C30-4E55-8C02-DEBF815F8224}.Release|x64.Deploy.0 = Release|x64
		{35F975A3-1C30-4E55-8C02-DEBF815F8224}.Release|x86.ActiveCfg = Release|x86
		{35F975A3-1C30-4E55-8C02-DEBF815F8224}.Release|x86.Build.0 = Release|x86
		{35F975A3-1C30-4E55-8C02-DEBF815F8224}.Release|x86.Deploy.0 = Release|x86
		{4CD732CE-17A2-4A71-B5CB-AE009A7A6B85}.Debug|Any CPU.ActiveCfg = Debug|x86
		{4CD732CE-17A2-4A71-B5CB-AE009A7A6B85}.Debug|ARM.ActiveCfg = Debug|ARM
		{4CD732CE-17A2-4A71-B5CB-AE009A7A6B85}.Debug|ARM.Build.0 = Debug|ARM
		{4CD732CE-17A2-4A71-B5CB-AE009A7A6B85}.Debug|ARM.Deploy.0 = Debug|ARM
		{4CD732CE-17A2-4A71-B5CB-AE009A7A6B85}.Debug|ARM64.ActiveCfg = Debug|ARM64
		{4CD732CE-17A2-4A71-B5CB-AE009A7A6B85}.Debug|ARM64.Build.0 = Debug|ARM64
		{4CD732CE-17A2-4A71-B5CB-AE009A7A6B85}.Debug|ARM64.Deploy.0 = Debug|ARM64
		{4CD732CE-17A2-4A71-B5CB-AE009A7A6B85}.Debug|x64.ActiveCfg = Debug|x64
		{4CD732CE-17A2-4A71-B5CB-AE009A7A6B85}.Debug|x64.Build.0 = Debug|x64
		{4CD732CE-17A2-4A71-B5CB-AE009A7A6B85}.Debug|x64.Deploy.0 = Debug|x64
		{4CD732CE-17A2-4A71-B5CB-AE009A7A6B85}.Debug|x86.ActiveCfg = Debug|x86
		{4CD732CE-17A2-4A71-B5CB-AE009A7A6B85}.Debug|x86.Build.0 = Debug|x86
		{4CD732CE-17A2-4A71-B5CB-AE009A7A6B85}.Debug|x86.Deploy.0 = Debug|x86
		{4CD732CE-17A2-4A71-B5CB-AE009A7A6B85}.Release|Any CPU.ActiveCfg = Release|x86
		{4CD732CE-17A2-4A71-B5CB-AE009A7A6B85}.Release|ARM.ActiveCfg = Release|ARM
		{4CD732CE-17A2-4A71-B5CB-AE009A7A6B85}.Release|ARM.Build.0 = Release|ARM
		{4CD732CE-17A2-4A71-B5CB-AE009A7A6B85}.Release|ARM.Deploy.0 = Release|ARM
		{4CD732CE-17A2-4A71-B5CB-AE009A7A6B85}.Release|ARM64.ActiveCfg = Release|ARM64
		{4CD732CE-17A2-4A71-B5CB-AE009A7A6B85}.Release|ARM64.Build.0 = Release|ARM64
		{4CD732CE-17A2-4A71-B5CB-AE009A7A6B85}.Release|ARM64.Deploy.0 = Release|ARM64
		{4CD732CE-17A2-4A71-B5CB-AE009A7A6B85}.Release|x64.ActiveCfg = Release|x64
		{4CD732CE-17A2-4A71-B5CB-AE009A7A6B85}.Release|x64.Build.0 = Release|x64
		{4CD732CE-17A2-4A71-B5CB-AE009A7A6B85}.Release|x64.Deploy.0 = Release|x64
		{4CD732CE-17A2-4A71-B5CB-AE009A7A6B85}.Release|x86.ActiveCfg = Release|x86
		{4CD732CE-17A2-4A71-B5CB-AE009A7A6B85}.Release|x86.Build.0 = Release|x86
		{4CD732CE-17A2-4A71-B5CB-AE009A7A6B85}.Release|x86.Deploy.0 = Release|x86
		{B0591291-1972-45C6-A4B2-992580CD3D6A}.Debug|Any CPU.ActiveCfg = Debug|Any CPU
		{B0591291-1972-45C6-A4B2-992580CD3D6A}.Debug|Any CPU.Build.0 = Debug|Any CPU
		{B0591291-1972-45C6-A4B2-992580CD3D6A}.Debug|ARM.ActiveCfg = Debug|Any CPU
		{B0591291-1972-45C6-A4B2-992580CD3D6A}.Debug|ARM.Build.0 = Debug|Any CPU
		{B0591291-1972-45C6-A4B2-992580CD3D6A}.Debug|ARM64.ActiveCfg = Debug|Any CPU
		{B0591291-1972-45C6-A4B2-992580CD3D6A}.Debug|ARM64.Build.0 = Debug|Any CPU
		{B0591291-1972-45C6-A4B2-992580CD3D6A}.Debug|x64.ActiveCfg = Debug|Any CPU
		{B0591291-1972-45C6-A4B2-992580CD3D6A}.Debug|x64.Build.0 = Debug|Any CPU
		{B0591291-1972-45C6-A4B2-992580CD3D6A}.Debug|x86.ActiveCfg = Debug|Any CPU
		{B0591291-1972-45C6-A4B2-992580CD3D6A}.Debug|x86.Build.0 = Debug|Any CPU
		{B0591291-1972-45C6-A4B2-992580CD3D6A}.Release|Any CPU.ActiveCfg = Release|Any CPU
		{B0591291-1972-45C6-A4B2-992580CD3D6A}.Release|Any CPU.Build.0 = Release|Any CPU
		{B0591291-1972-45C6-A4B2-992580CD3D6A}.Release|ARM.ActiveCfg = Release|Any CPU
		{B0591291-1972-45C6-A4B2-992580CD3D6A}.Release|ARM.Build.0 = Release|Any CPU
		{B0591291-1972-45C6-A4B2-992580CD3D6A}.Release|ARM64.ActiveCfg = Release|Any CPU
		{B0591291-1972-45C6-A4B2-992580CD3D6A}.Release|ARM64.Build.0 = Release|Any CPU
		{B0591291-1972-45C6-A4B2-992580CD3D6A}.Release|x64.ActiveCfg = Release|Any CPU
		{B0591291-1972-45C6-A4B2-992580CD3D6A}.Release|x64.Build.0 = Release|Any CPU
		{B0591291-1972-45C6-A4B2-992580CD3D6A}.Release|x86.ActiveCfg = Release|Any CPU
		{B0591291-1972-45C6-A4B2-992580CD3D6A}.Release|x86.Build.0 = Release|Any CPU
		{5FE29FF7-16ED-48EB-AD8C-A8D71C3B464A}.Debug|Any CPU.ActiveCfg = Debug|x86
		{5FE29FF7-16ED-48EB-AD8C-A8D71C3B464A}.Debug|ARM.ActiveCfg = Debug|ARM
		{5FE29FF7-16ED-48EB-AD8C-A8D71C3B464A}.Debug|ARM.Build.0 = Debug|ARM
		{5FE29FF7-16ED-48EB-AD8C-A8D71C3B464A}.Debug|ARM.Deploy.0 = Debug|ARM
		{5FE29FF7-16ED-48EB-AD8C-A8D71C3B464A}.Debug|ARM64.ActiveCfg = Debug|ARM64
		{5FE29FF7-16ED-48EB-AD8C-A8D71C3B464A}.Debug|ARM64.Build.0 = Debug|ARM64
		{5FE29FF7-16ED-48EB-AD8C-A8D71C3B464A}.Debug|ARM64.Deploy.0 = Debug|ARM64
		{5FE29FF7-16ED-48EB-AD8C-A8D71C3B464A}.Debug|x64.ActiveCfg = Debug|x64
		{5FE29FF7-16ED-48EB-AD8C-A8D71C3B464A}.Debug|x64.Build.0 = Debug|x64
		{5FE29FF7-16ED-48EB-AD8C-A8D71C3B464A}.Debug|x64.Deploy.0 = Debug|x64
		{5FE29FF7-16ED-48EB-AD8C-A8D71C3B464A}.Debug|x86.ActiveCfg = Debug|x86
		{5FE29FF7-16ED-48EB-AD8C-A8D71C3B464A}.Debug|x86.Build.0 = Debug|x86
		{5FE29FF7-16ED-48EB-AD8C-A8D71C3B464A}.Debug|x86.Deploy.0 = Debug|x86
		{5FE29FF7-16ED-48EB-AD8C-A8D71C3B464A}.Release|Any CPU.ActiveCfg = Release|x86
		{5FE29FF7-16ED-48EB-AD8C-A8D71C3B464A}.Release|ARM.ActiveCfg = Release|ARM
		{5FE29FF7-16ED-48EB-AD8C-A8D71C3B464A}.Release|ARM.Build.0 = Release|ARM
		{5FE29FF7-16ED-48EB-AD8C-A8D71C3B464A}.Release|ARM.Deploy.0 = Release|ARM
		{5FE29FF7-16ED-48EB-AD8C-A8D71C3B464A}.Release|ARM64.ActiveCfg = Release|ARM64
		{5FE29FF7-16ED-48EB-AD8C-A8D71C3B464A}.Release|ARM64.Build.0 = Release|ARM64
		{5FE29FF7-16ED-48EB-AD8C-A8D71C3B464A}.Release|ARM64.Deploy.0 = Release|ARM64
		{5FE29FF7-16ED-48EB-AD8C-A8D71C3B464A}.Release|x64.ActiveCfg = Release|x64
		{5FE29FF7-16ED-48EB-AD8C-A8D71C3B464A}.Release|x64.Build.0 = Release|x64
		{5FE29FF7-16ED-48EB-AD8C-A8D71C3B464A}.Release|x64.Deploy.0 = Release|x64
		{5FE29FF7-16ED-48EB-AD8C-A8D71C3B464A}.Release|x86.ActiveCfg = Release|x86
		{5FE29FF7-16ED-48EB-AD8C-A8D71C3B464A}.Release|x86.Build.0 = Release|x86
		{5FE29FF7-16ED-48EB-AD8C-A8D71C3B464A}.Release|x86.Deploy.0 = Release|x86
		{8E2C10CA-9777-40C7-BB50-CB79F9FAD79E}.Debug|Any CPU.ActiveCfg = Debug|Any CPU
		{8E2C10CA-9777-40C7-BB50-CB79F9FAD79E}.Debug|Any CPU.Build.0 = Debug|Any CPU
		{8E2C10CA-9777-40C7-BB50-CB79F9FAD79E}.Debug|ARM.ActiveCfg = Debug|Any CPU
		{8E2C10CA-9777-40C7-BB50-CB79F9FAD79E}.Debug|ARM.Build.0 = Debug|Any CPU
		{8E2C10CA-9777-40C7-BB50-CB79F9FAD79E}.Debug|ARM64.ActiveCfg = Debug|Any CPU
		{8E2C10CA-9777-40C7-BB50-CB79F9FAD79E}.Debug|ARM64.Build.0 = Debug|Any CPU
		{8E2C10CA-9777-40C7-BB50-CB79F9FAD79E}.Debug|x64.ActiveCfg = Debug|Any CPU
		{8E2C10CA-9777-40C7-BB50-CB79F9FAD79E}.Debug|x64.Build.0 = Debug|Any CPU
		{8E2C10CA-9777-40C7-BB50-CB79F9FAD79E}.Debug|x86.ActiveCfg = Debug|Any CPU
		{8E2C10CA-9777-40C7-BB50-CB79F9FAD79E}.Debug|x86.Build.0 = Debug|Any CPU
		{8E2C10CA-9777-40C7-BB50-CB79F9FAD79E}.Release|Any CPU.ActiveCfg = Release|Any CPU
		{8E2C10CA-9777-40C7-BB50-CB79F9FAD79E}.Release|Any CPU.Build.0 = Release|Any CPU
		{8E2C10CA-9777-40C7-BB50-CB79F9FAD79E}.Release|ARM.ActiveCfg = Release|Any CPU
		{8E2C10CA-9777-40C7-BB50-CB79F9FAD79E}.Release|ARM.Build.0 = Release|Any CPU
		{8E2C10CA-9777-40C7-BB50-CB79F9FAD79E}.Release|ARM64.ActiveCfg = Release|Any CPU
		{8E2C10CA-9777-40C7-BB50-CB79F9FAD79E}.Release|ARM64.Build.0 = Release|Any CPU
		{8E2C10CA-9777-40C7-BB50-CB79F9FAD79E}.Release|x64.ActiveCfg = Release|Any CPU
		{8E2C10CA-9777-40C7-BB50-CB79F9FAD79E}.Release|x64.Build.0 = Release|Any CPU
		{8E2C10CA-9777-40C7-BB50-CB79F9FAD79E}.Release|x86.ActiveCfg = Release|Any CPU
		{8E2C10CA-9777-40C7-BB50-CB79F9FAD79E}.Release|x86.Build.0 = Release|Any CPU
		{34EDAEB9-ECCE-48B4-8A2F-2CEE794C2836}.Debug|Any CPU.ActiveCfg = Debug|Any CPU
		{34EDAEB9-ECCE-48B4-8A2F-2CEE794C2836}.Debug|Any CPU.Build.0 = Debug|Any CPU
		{34EDAEB9-ECCE-48B4-8A2F-2CEE794C2836}.Debug|ARM.ActiveCfg = Debug|Any CPU
		{34EDAEB9-ECCE-48B4-8A2F-2CEE794C2836}.Debug|ARM.Build.0 = Debug|Any CPU
		{34EDAEB9-ECCE-48B4-8A2F-2CEE794C2836}.Debug|ARM64.ActiveCfg = Debug|Any CPU
		{34EDAEB9-ECCE-48B4-8A2F-2CEE794C2836}.Debug|ARM64.Build.0 = Debug|Any CPU
		{34EDAEB9-ECCE-48B4-8A2F-2CEE794C2836}.Debug|x64.ActiveCfg = Debug|Any CPU
		{34EDAEB9-ECCE-48B4-8A2F-2CEE794C2836}.Debug|x64.Build.0 = Debug|Any CPU
		{34EDAEB9-ECCE-48B4-8A2F-2CEE794C2836}.Debug|x86.ActiveCfg = Debug|Any CPU
		{34EDAEB9-ECCE-48B4-8A2F-2CEE794C2836}.Debug|x86.Build.0 = Debug|Any CPU
		{34EDAEB9-ECCE-48B4-8A2F-2CEE794C2836}.Release|Any CPU.ActiveCfg = Release|Any CPU
		{34EDAEB9-ECCE-48B4-8A2F-2CEE794C2836}.Release|Any CPU.Build.0 = Release|Any CPU
		{34EDAEB9-ECCE-48B4-8A2F-2CEE794C2836}.Release|ARM.ActiveCfg = Release|Any CPU
		{34EDAEB9-ECCE-48B4-8A2F-2CEE794C2836}.Release|ARM.Build.0 = Release|Any CPU
		{34EDAEB9-ECCE-48B4-8A2F-2CEE794C2836}.Release|ARM64.ActiveCfg = Release|Any CPU
		{34EDAEB9-ECCE-48B4-8A2F-2CEE794C2836}.Release|ARM64.Build.0 = Release|Any CPU
		{34EDAEB9-ECCE-48B4-8A2F-2CEE794C2836}.Release|x64.ActiveCfg = Release|Any CPU
		{34EDAEB9-ECCE-48B4-8A2F-2CEE794C2836}.Release|x64.Build.0 = Release|Any CPU
		{34EDAEB9-ECCE-48B4-8A2F-2CEE794C2836}.Release|x86.ActiveCfg = Release|Any CPU
		{34EDAEB9-ECCE-48B4-8A2F-2CEE794C2836}.Release|x86.Build.0 = Release|Any CPU
		{9523610A-962D-4E8C-8A4D-9A610E56D67B}.Debug|Any CPU.ActiveCfg = Debug|Any CPU
		{9523610A-962D-4E8C-8A4D-9A610E56D67B}.Debug|Any CPU.Build.0 = Debug|Any CPU
		{9523610A-962D-4E8C-8A4D-9A610E56D67B}.Debug|Any CPU.Deploy.0 = Debug|Any CPU
		{9523610A-962D-4E8C-8A4D-9A610E56D67B}.Debug|ARM.ActiveCfg = Debug|Any CPU
		{9523610A-962D-4E8C-8A4D-9A610E56D67B}.Debug|ARM.Build.0 = Debug|Any CPU
		{9523610A-962D-4E8C-8A4D-9A610E56D67B}.Debug|ARM.Deploy.0 = Debug|Any CPU
		{9523610A-962D-4E8C-8A4D-9A610E56D67B}.Debug|ARM64.ActiveCfg = Debug|Any CPU
		{9523610A-962D-4E8C-8A4D-9A610E56D67B}.Debug|ARM64.Build.0 = Debug|Any CPU
		{9523610A-962D-4E8C-8A4D-9A610E56D67B}.Debug|ARM64.Deploy.0 = Debug|Any CPU
		{9523610A-962D-4E8C-8A4D-9A610E56D67B}.Debug|x64.ActiveCfg = Debug|Any CPU
		{9523610A-962D-4E8C-8A4D-9A610E56D67B}.Debug|x64.Build.0 = Debug|Any CPU
		{9523610A-962D-4E8C-8A4D-9A610E56D67B}.Debug|x64.Deploy.0 = Debug|Any CPU
		{9523610A-962D-4E8C-8A4D-9A610E56D67B}.Debug|x86.ActiveCfg = Debug|Any CPU
		{9523610A-962D-4E8C-8A4D-9A610E56D67B}.Debug|x86.Build.0 = Debug|Any CPU
		{9523610A-962D-4E8C-8A4D-9A610E56D67B}.Debug|x86.Deploy.0 = Debug|Any CPU
		{9523610A-962D-4E8C-8A4D-9A610E56D67B}.Release|Any CPU.ActiveCfg = Release|Any CPU
		{9523610A-962D-4E8C-8A4D-9A610E56D67B}.Release|Any CPU.Build.0 = Release|Any CPU
		{9523610A-962D-4E8C-8A4D-9A610E56D67B}.Release|Any CPU.Deploy.0 = Release|Any CPU
		{9523610A-962D-4E8C-8A4D-9A610E56D67B}.Release|ARM.ActiveCfg = Release|Any CPU
		{9523610A-962D-4E8C-8A4D-9A610E56D67B}.Release|ARM.Build.0 = Release|Any CPU
		{9523610A-962D-4E8C-8A4D-9A610E56D67B}.Release|ARM.Deploy.0 = Release|Any CPU
		{9523610A-962D-4E8C-8A4D-9A610E56D67B}.Release|ARM64.ActiveCfg = Release|Any CPU
		{9523610A-962D-4E8C-8A4D-9A610E56D67B}.Release|ARM64.Build.0 = Release|Any CPU
		{9523610A-962D-4E8C-8A4D-9A610E56D67B}.Release|ARM64.Deploy.0 = Release|Any CPU
		{9523610A-962D-4E8C-8A4D-9A610E56D67B}.Release|x64.ActiveCfg = Release|Any CPU
		{9523610A-962D-4E8C-8A4D-9A610E56D67B}.Release|x64.Build.0 = Release|Any CPU
		{9523610A-962D-4E8C-8A4D-9A610E56D67B}.Release|x64.Deploy.0 = Release|Any CPU
		{9523610A-962D-4E8C-8A4D-9A610E56D67B}.Release|x86.ActiveCfg = Release|Any CPU
		{9523610A-962D-4E8C-8A4D-9A610E56D67B}.Release|x86.Build.0 = Release|Any CPU
		{9523610A-962D-4E8C-8A4D-9A610E56D67B}.Release|x86.Deploy.0 = Release|Any CPU
		{B618CBFD-463B-45F0-BDA5-F907BC6AF1D1}.Debug|Any CPU.ActiveCfg = Debug|Any CPU
		{B618CBFD-463B-45F0-BDA5-F907BC6AF1D1}.Debug|Any CPU.Build.0 = Debug|Any CPU
		{B618CBFD-463B-45F0-BDA5-F907BC6AF1D1}.Debug|ARM.ActiveCfg = Debug|Any CPU
		{B618CBFD-463B-45F0-BDA5-F907BC6AF1D1}.Debug|ARM.Build.0 = Debug|Any CPU
		{B618CBFD-463B-45F0-BDA5-F907BC6AF1D1}.Debug|ARM64.ActiveCfg = Debug|Any CPU
		{B618CBFD-463B-45F0-BDA5-F907BC6AF1D1}.Debug|ARM64.Build.0 = Debug|Any CPU
		{B618CBFD-463B-45F0-BDA5-F907BC6AF1D1}.Debug|x64.ActiveCfg = Debug|Any CPU
		{B618CBFD-463B-45F0-BDA5-F907BC6AF1D1}.Debug|x64.Build.0 = Debug|Any CPU
		{B618CBFD-463B-45F0-BDA5-F907BC6AF1D1}.Debug|x86.ActiveCfg = Debug|Any CPU
		{B618CBFD-463B-45F0-BDA5-F907BC6AF1D1}.Debug|x86.Build.0 = Debug|Any CPU
		{B618CBFD-463B-45F0-BDA5-F907BC6AF1D1}.Release|Any CPU.ActiveCfg = Release|Any CPU
		{B618CBFD-463B-45F0-BDA5-F907BC6AF1D1}.Release|Any CPU.Build.0 = Release|Any CPU
		{B618CBFD-463B-45F0-BDA5-F907BC6AF1D1}.Release|ARM.ActiveCfg = Release|Any CPU
		{B618CBFD-463B-45F0-BDA5-F907BC6AF1D1}.Release|ARM.Build.0 = Release|Any CPU
		{B618CBFD-463B-45F0-BDA5-F907BC6AF1D1}.Release|ARM64.ActiveCfg = Release|Any CPU
		{B618CBFD-463B-45F0-BDA5-F907BC6AF1D1}.Release|ARM64.Build.0 = Release|Any CPU
		{B618CBFD-463B-45F0-BDA5-F907BC6AF1D1}.Release|x64.ActiveCfg = Release|Any CPU
		{B618CBFD-463B-45F0-BDA5-F907BC6AF1D1}.Release|x64.Build.0 = Release|Any CPU
		{B618CBFD-463B-45F0-BDA5-F907BC6AF1D1}.Release|x86.ActiveCfg = Release|Any CPU
		{B618CBFD-463B-45F0-BDA5-F907BC6AF1D1}.Release|x86.Build.0 = Release|Any CPU
		{4F277439-F45B-4C70-9C4F-6B2E19557354}.Debug|Any CPU.ActiveCfg = Debug|Any CPU
		{4F277439-F45B-4C70-9C4F-6B2E19557354}.Debug|Any CPU.Build.0 = Debug|Any CPU
		{4F277439-F45B-4C70-9C4F-6B2E19557354}.Debug|ARM.ActiveCfg = Debug|Any CPU
		{4F277439-F45B-4C70-9C4F-6B2E19557354}.Debug|ARM.Build.0 = Debug|Any CPU
		{4F277439-F45B-4C70-9C4F-6B2E19557354}.Debug|ARM64.ActiveCfg = Debug|Any CPU
		{4F277439-F45B-4C70-9C4F-6B2E19557354}.Debug|ARM64.Build.0 = Debug|Any CPU
		{4F277439-F45B-4C70-9C4F-6B2E19557354}.Debug|x64.ActiveCfg = Debug|Any CPU
		{4F277439-F45B-4C70-9C4F-6B2E19557354}.Debug|x64.Build.0 = Debug|Any CPU
		{4F277439-F45B-4C70-9C4F-6B2E19557354}.Debug|x86.ActiveCfg = Debug|Any CPU
		{4F277439-F45B-4C70-9C4F-6B2E19557354}.Debug|x86.Build.0 = Debug|Any CPU
		{4F277439-F45B-4C70-9C4F-6B2E19557354}.Release|Any CPU.ActiveCfg = Release|Any CPU
		{4F277439-F45B-4C70-9C4F-6B2E19557354}.Release|Any CPU.Build.0 = Release|Any CPU
		{4F277439-F45B-4C70-9C4F-6B2E19557354}.Release|ARM.ActiveCfg = Release|Any CPU
		{4F277439-F45B-4C70-9C4F-6B2E19557354}.Release|ARM.Build.0 = Release|Any CPU
		{4F277439-F45B-4C70-9C4F-6B2E19557354}.Release|ARM64.ActiveCfg = Release|Any CPU
		{4F277439-F45B-4C70-9C4F-6B2E19557354}.Release|ARM64.Build.0 = Release|Any CPU
		{4F277439-F45B-4C70-9C4F-6B2E19557354}.Release|x64.ActiveCfg = Release|Any CPU
		{4F277439-F45B-4C70-9C4F-6B2E19557354}.Release|x64.Build.0 = Release|Any CPU
		{4F277439-F45B-4C70-9C4F-6B2E19557354}.Release|x86.ActiveCfg = Release|Any CPU
		{4F277439-F45B-4C70-9C4F-6B2E19557354}.Release|x86.Build.0 = Release|Any CPU
	EndGlobalSection
	GlobalSection(SolutionProperties) = preSolution
		HideSolutionNode = FALSE
	EndGlobalSection
	GlobalSection(NestedProjects) = preSolution
		{921F8380-3B63-459F-9E67-FE6B9FA942E6} = {B567E56C-6803-4B94-81EB-DA5EF2F037CB}
		{64F48FB6-147D-46D3-B854-820384D9DFC2} = {921F8380-3B63-459F-9E67-FE6B9FA942E6}
		{17E07135-B37A-4361-B898-B05912F21CD4} = {B567E56C-6803-4B94-81EB-DA5EF2F037CB}
		{5462AE63-CBB9-46C2-B800-311FD7C7BE72} = {17E07135-B37A-4361-B898-B05912F21CD4}
		{DECBEC66-B0BB-431A-A015-BAB08207E97D} = {FC67F223-7936-49C7-9596-BB8F54DCF6C8}
		{5750C1F5-50B4-4BF9-A1F6-9A75B48199DA} = {DECBEC66-B0BB-431A-A015-BAB08207E97D}
		{D01A52D0-6D6E-4A0C-BF30-199329154AF0} = {17E07135-B37A-4361-B898-B05912F21CD4}
		{21F1522D-D159-4CDD-A822-B38C410F60D0} = {B567E56C-6803-4B94-81EB-DA5EF2F037CB}
		{1892D2F6-B3E0-4845-A627-FC7C14CBC096} = {FC67F223-7936-49C7-9596-BB8F54DCF6C8}
		{C5FA79A2-93B3-4E59-B276-71DB0972099B} = {1892D2F6-B3E0-4845-A627-FC7C14CBC096}
		{138FCBAD-9B17-4E44-91D6-06F753604256} = {1892D2F6-B3E0-4845-A627-FC7C14CBC096}
		{2534EB16-55DA-4374-A21C-4DFD4EA2F886} = {21F1522D-D159-4CDD-A822-B38C410F60D0}
		{675F27FD-25E0-40B2-A7E8-F7645876EE16} = {1892D2F6-B3E0-4845-A627-FC7C14CBC096}
		{1A2BEB9E-82CD-4963-976D-7A4B7B55131F} = {921F8380-3B63-459F-9E67-FE6B9FA942E6}
		{42071646-6AC9-4891-A23B-552664304AB0} = {DECBEC66-B0BB-431A-A015-BAB08207E97D}
		{D28BB637-2067-4E3D-86A4-A7DF07F96046} = {17E07135-B37A-4361-B898-B05912F21CD4}
		{761E504A-D0F5-4825-B205-4DAC66A104D3} = {D28BB637-2067-4E3D-86A4-A7DF07F96046}
		{44595E8E-F600-43B8-B0B8-5213840B363D} = {D28BB637-2067-4E3D-86A4-A7DF07F96046}
		{8593D175-8260-4B2F-902B-15AE174EAC4F} = {21F1522D-D159-4CDD-A822-B38C410F60D0}
		{F72C16B0-EDAD-4FAD-8D12-78F03497B6F5} = {8593D175-8260-4B2F-902B-15AE174EAC4F}
		{40D27153-10DC-4D01-91FD-F2DA1348F5D0} = {8593D175-8260-4B2F-902B-15AE174EAC4F}
		{D323F390-D017-40E6-95A5-434F057F13FD} = {921F8380-3B63-459F-9E67-FE6B9FA942E6}
		{35F975A3-1C30-4E55-8C02-DEBF815F8224} = {D323F390-D017-40E6-95A5-434F057F13FD}
		{4CD732CE-17A2-4A71-B5CB-AE009A7A6B85} = {D323F390-D017-40E6-95A5-434F057F13FD}
		{B0591291-1972-45C6-A4B2-992580CD3D6A} = {1892D2F6-B3E0-4845-A627-FC7C14CBC096}
		{5FE29FF7-16ED-48EB-AD8C-A8D71C3B464A} = {DECBEC66-B0BB-431A-A015-BAB08207E97D}
		{D7D7302C-752D-4C5F-A9AF-92110B3EC3FC} = {B567E56C-6803-4B94-81EB-DA5EF2F037CB}
		{8E2C10CA-9777-40C7-BB50-CB79F9FAD79E} = {D7D7302C-752D-4C5F-A9AF-92110B3EC3FC}
		{80EE37F0-635E-4B68-9258-2084F756A608} = {D7D7302C-752D-4C5F-A9AF-92110B3EC3FC}
		{34EDAEB9-ECCE-48B4-8A2F-2CEE794C2836} = {80EE37F0-635E-4B68-9258-2084F756A608}
		{66A765A9-9A68-407B-BCEC-1BCC5F4ABA60} = {FC67F223-7936-49C7-9596-BB8F54DCF6C8}
		{9523610A-962D-4E8C-8A4D-9A610E56D67B} = {66A765A9-9A68-407B-BCEC-1BCC5F4ABA60}
		{B618CBFD-463B-45F0-BDA5-F907BC6AF1D1} = {66A765A9-9A68-407B-BCEC-1BCC5F4ABA60}
		{4F277439-F45B-4C70-9C4F-6B2E19557354} = {21F1522D-D159-4CDD-A822-B38C410F60D0}
	EndGlobalSection
	GlobalSection(ExtensibilityGlobals) = postSolution
		SolutionGuid = {2AF099ED-219A-4696-A4A7-BDC1B788CBF3}
	EndGlobalSection
EndGlobal
