
Microsoft Visual Studio Solution File, Format Version 12.00
# Visual Studio Version 16
VisualStudioVersion = 16.0.28729.10
MinimumVisualStudioVersion = 10.0.40219.1
Project("{2150E333-8FDC-42A3-9474-1A3956D46DE8}") = "Source", "Source", "{3D3DA77C-115D-44B0-89B9-407FD7F106B0}"
EndProject
Project("{2150E333-8FDC-42A3-9474-1A3956D46DE8}") = "Tests", "Tests", "{9B39DD81-7C43-4959-ACD1-4085EAC5201F}"
EndProject
Project("{9A19103F-16F7-4668-BE54-9A1E7A4F7556}") = "MvvmLib.XF", "Source\MvvmLib.XF\MvvmLib.XF.csproj", "{25816D67-8AE5-4BDF-AF67-8A3CA43778A7}"
EndProject
Project("{9A19103F-16F7-4668-BE54-9A1E7A4F7556}") = "MvvmLib.XF.Tests", "Tests\MvvmLib.XF.Tests\MvvmLib.XF.Tests.csproj", "{8C0A6360-3670-48D0-87A5-A1493B51B5E0}"
EndProject
Global
	GlobalSection(SolutionConfigurationPlatforms) = preSolution
		Debug|Any CPU = Debug|Any CPU
		Release|Any CPU = Release|Any CPU
	EndGlobalSection
	GlobalSection(ProjectConfigurationPlatforms) = postSolution
		{25816D67-8AE5-4BDF-AF67-8A3CA43778A7}.Debug|Any CPU.ActiveCfg = Debug|Any CPU
		{25816D67-8AE5-4BDF-AF67-8A3CA43778A7}.Debug|Any CPU.Build.0 = Debug|Any CPU
		{25816D67-8AE5-4BDF-AF67-8A3CA43778A7}.Release|Any CPU.ActiveCfg = Release|Any CPU
		{25816D67-8AE5-4BDF-AF67-8A3CA43778A7}.Release|Any CPU.Build.0 = Release|Any CPU
		{8C0A6360-3670-48D0-87A5-A1493B51B5E0}.Debug|Any CPU.ActiveCfg = Debug|Any CPU
		{8C0A6360-3670-48D0-87A5-A1493B51B5E0}.Debug|Any CPU.Build.0 = Debug|Any CPU
		{8C0A6360-3670-48D0-87A5-A1493B51B5E0}.Release|Any CPU.ActiveCfg = Release|Any CPU
		{8C0A6360-3670-48D0-87A5-A1493B51B5E0}.Release|Any CPU.Build.0 = Release|Any CPU
	EndGlobalSection
	GlobalSection(SolutionProperties) = preSolution
		HideSolutionNode = FALSE
	EndGlobalSection
	GlobalSection(NestedProjects) = preSolution
		{25816D67-8AE5-4BDF-AF67-8A3CA43778A7} = {3D3DA77C-115D-44B0-89B9-407FD7F106B0}
		{8C0A6360-3670-48D0-87A5-A1493B51B5E0} = {9B39DD81-7C43-4959-ACD1-4085EAC5201F}
	EndGlobalSection
	GlobalSection(ExtensibilityGlobals) = postSolution
		SolutionGuid = {7861E7CD-5B5F-4166-BD90-EF053E1A81B7}
	EndGlobalSection
EndGlobal
