
Microsoft Visual Studio Solution File, Format Version 12.00
# Visual Studio Version 16
VisualStudioVersion = 16.0.28729.10
MinimumVisualStudioVersion = 10.0.40219.1
Project("{2150E333-8FDC-42A3-9474-1A3956D46DE8}") = "Source", "Source", "{4EB5CDAA-37BA-425B-A644-3823EAD49EBC}"
EndProject
Project("{2150E333-8FDC-42A3-9474-1A3956D46DE8}") = "Tests", "Tests", "{BDBCECF1-87DC-4952-9B92-4FFD6B3F987F}"
EndProject
Project("{9A19103F-16F7-4668-BE54-9A1E7A4F7556}") = "MvvmLib.XF", "Source\MvvmLib.XF\MvvmLib.XF.csproj", "{BE1452B2-D96B-4310-83EA-74FBDCDA046E}"
EndProject
Project("{9A19103F-16F7-4668-BE54-9A1E7A4F7556}") = "MvvmLib.XF.Tests", "Tests\MvvmLib.XF.Tests\MvvmLib.XF.Tests.csproj", "{1D1093FB-BDE7-466F-8F1B-199952DA7021}"
EndProject
Global
	GlobalSection(SolutionConfigurationPlatforms) = preSolution
		Debug|Any CPU = Debug|Any CPU
		Release|Any CPU = Release|Any CPU
	EndGlobalSection
	GlobalSection(ProjectConfigurationPlatforms) = postSolution
		{BE1452B2-D96B-4310-83EA-74FBDCDA046E}.Debug|Any CPU.ActiveCfg = Debug|Any CPU
		{BE1452B2-D96B-4310-83EA-74FBDCDA046E}.Debug|Any CPU.Build.0 = Debug|Any CPU
		{BE1452B2-D96B-4310-83EA-74FBDCDA046E}.Release|Any CPU.ActiveCfg = Release|Any CPU
		{BE1452B2-D96B-4310-83EA-74FBDCDA046E}.Release|Any CPU.Build.0 = Release|Any CPU
		{1D1093FB-BDE7-466F-8F1B-199952DA7021}.Debug|Any CPU.ActiveCfg = Debug|Any CPU
		{1D1093FB-BDE7-466F-8F1B-199952DA7021}.Debug|Any CPU.Build.0 = Debug|Any CPU
		{1D1093FB-BDE7-466F-8F1B-199952DA7021}.Release|Any CPU.ActiveCfg = Release|Any CPU
		{1D1093FB-BDE7-466F-8F1B-199952DA7021}.Release|Any CPU.Build.0 = Release|Any CPU
	EndGlobalSection
	GlobalSection(SolutionProperties) = preSolution
		HideSolutionNode = FALSE
	EndGlobalSection
	GlobalSection(NestedProjects) = preSolution
		{BE1452B2-D96B-4310-83EA-74FBDCDA046E} = {4EB5CDAA-37BA-425B-A644-3823EAD49EBC}
		{1D1093FB-BDE7-466F-8F1B-199952DA7021} = {BDBCECF1-87DC-4952-9B92-4FFD6B3F987F}
	EndGlobalSection
	GlobalSection(ExtensibilityGlobals) = postSolution
		SolutionGuid = {51432B38-AAC3-4A6B-ADAC-D582D381FC86}
	EndGlobalSection
EndGlobal
